<?xml version="1.0" encoding="utf-8"?>
<Project ToolsVersion="4.0" xmlns="http://schemas.microsoft.com/developer/msbuild/2003">
  <ItemGroup>
    <Filter Include="Source Files">
      <UniqueIdentifier>{bac36377-f8e0-4e2b-9b33-db4c94459407}</UniqueIdentifier>
      <Extensions>cpp;c;cxx;rc;def;r;odl;idl;hpj;bat</Extensions>
    </Filter>
    <Filter Include="Header Files">
      <UniqueIdentifier>{672bb764-3dbe-434b-aaa3-531a8c253a80}</UniqueIdentifier>
      <Extensions>h;hpp;hxx;hm;inl</Extensions>
    </Filter>
  </ItemGroup>
  <ItemGroup>
    <ClCompile Include="Campaign.cpp">
      <Filter>Source Files</Filter>
    </ClCompile>
    <ClCompile Include="Cmpclass.cpp">
      <Filter>Source Files</Filter>
    </ClCompile>
    <ClCompile Include="Cmpevent.cpp">
      <Filter>Source Files</Filter>
    </ClCompile>
    <ClCompile Include="Dogfight.cpp">
      <Filter>Source Files</Filter>
    </ClCompile>
    <ClCompile Include="GameMgr.cpp">
      <Filter>Source Files</Filter>
    </ClCompile>
    <ClCompile Include="iaction.cpp">
      <Filter>Source Files</Filter>
    </ClCompile>
    <ClCompile Include="NoFly.cpp">
      <Filter>Source Files</Filter>
    </ClCompile>
    <ClCompile Include="scores.cpp">
      <Filter>Source Files</Filter>
    </ClCompile>
    <ClCompile Include="Supply.cpp">
      <Filter>Source Files</Filter>
    </ClCompile>
    <ClCompile Include="Tactics.cpp">
      <Filter>Source Files</Filter>
    </ClCompile>
    <ClCompile Include="Update.cpp">
      <Filter>Source Files</Filter>
    </ClCompile>
    <ClCompile Include="Weather.cpp">
      <Filter>Source Files</Filter>
    </ClCompile>
  </ItemGroup>
  <ItemGroup>
    <ClInclude Include="..\Include\Campaign.h">
      <Filter>Header Files</Filter>
    </ClInclude>
    <ClInclude Include="..\include\campbase.h">
      <Filter>Header Files</Filter>
    </ClInclude>
    <ClInclude Include="..\Include\Cmpclass.h">
      <Filter>Header Files</Filter>
    </ClInclude>
    <ClInclude Include="..\Include\Cmpevent.h">
      <Filter>Header Files</Filter>
    </ClInclude>
    <ClInclude Include="..\include\dogfight.h">
      <Filter>Header Files</Filter>
    </ClInclude>
    <ClInclude Include="..\Include\GameMgr.h">
      <Filter>Header Files</Filter>
    </ClInclude>
    <ClInclude Include="..\include\iaction.h">
      <Filter>Header Files</Filter>
    </ClInclude>
    <ClInclude Include="..\Include\NoFly.h">
      <Filter>Header Files</Filter>
    </ClInclude>
    <ClInclude Include="..\..\RedProfiler.h">
      <Filter>Header Files</Filter>
    </ClInclude>
    <ClInclude Include="..\Include\Supply.h">
      <Filter>Header Files</Filter>
    </ClInclude>
    <ClInclude Include="..\include\tactics.h">
      <Filter>Header Files</Filter>
    </ClInclude>
    <ClInclude Include="..\Include\Update.h">
      <Filter>Header Files</Filter>
    </ClInclude>
    <ClInclude Include="..\Include\Weather.h">
      <Filter>Header Files</Filter>
    </ClInclude>
  </ItemGroup>
</Project>
