<?xml version="1.0" encoding="utf-8"?>
<Project ToolsVersion="4.0" xmlns="http://schemas.microsoft.com/developer/msbuild/2003">
  <ItemGroup>
    <Filter Include="Source Files">
      <UniqueIdentifier>{30fdb5f4-a133-486d-a06b-6747214c8534}</UniqueIdentifier>
      <Extensions>cpp;c;cxx;rc;def;r;odl;idl;hpj;bat</Extensions>
    </Filter>
    <Filter Include="Header Files">
      <UniqueIdentifier>{3a56a13f-744d-4a5f-a439-f29b6282cb4e}</UniqueIdentifier>
      <Extensions>h;hpp;hxx;hm;inl</Extensions>
    </Filter>
  </ItemGroup>
  <ItemGroup>
    <ClCompile Include="cpcomms.cpp">
      <Filter>Source Files</Filter>
    </ClCompile>
    <ClCompile Include="cphoneb.cpp">
      <Filter>Source Files</Filter>
    </ClCompile>
    <ClCompile Include="dfcomms.cpp">
      <Filter>Source Files</Filter>
    </ClCompile>
    <ClCompile Include="info.cpp">
      <Filter>Source Files</Filter>
    </ClCompile>
    <ClCompile Include="phonebk.cpp">
      <Filter>Source Files</Filter>
    </ClCompile>
    <ClCompile Include="queue.cpp">
      <Filter>Source Files</Filter>
    </ClCompile>
    <ClCompile Include="remotelb.cpp">
      <Filter>Source Files</Filter>
    </ClCompile>
    <ClCompile Include="serverbrowser.cpp">
      <Filter>Source Files</Filter>
    </ClCompile>
    <ClCompile Include="stats.cpp">
      <Filter>Source Files</Filter>
    </ClCompile>
    <ClCompile Include="ui_comms.cpp">
      <Filter>Source Files</Filter>
    </ClCompile>
    <ClCompile Include="uicomms.cpp">
      <Filter>Source Files</Filter>
    </ClCompile>
  </ItemGroup>
  <ItemGroup>
    <ClInclude Include="..\..\Include\cphoneb.h">
      <Filter>Header Files</Filter>
    </ClInclude>
    <ClInclude Include="..\..\Include\userids.h">
      <Filter>Header Files</Filter>
    </ClInclude>
  </ItemGroup>
</Project>