<?xml version="1.0" encoding="utf-8"?>
<Project ToolsVersion="4.0" xmlns="http://schemas.microsoft.com/developer/msbuild/2003">
  <ItemGroup>
    <Filter Include="Source Files">
      <UniqueIdentifier>{409dd20a-e0bb-4d61-9680-283b3ff5e35b}</UniqueIdentifier>
      <Extensions>cpp;c;cxx;rc;def;r;odl;idl;hpj;bat</Extensions>
    </Filter>
    <Filter Include="Header Files">
      <UniqueIdentifier>{a2c6aa2e-0edc-4320-8b29-d91ef7189739}</UniqueIdentifier>
      <Extensions>h;hpp;hxx;hm;inl</Extensions>
    </Filter>
  </ItemGroup>
  <ItemGroup>
    <ClCompile Include="avimovie.cpp">
      <Filter>Source Files</Filter>
    </ClCompile>
    <ClCompile Include="riffio.cpp">
      <Filter>Source Files</Filter>
    </ClCompile>
    <ClCompile Include="SURFACE.cpp">
      <Filter>Source Files</Filter>
    </ClCompile>
  </ItemGroup>
  <ItemGroup>
    <ClInclude Include="include\avifile.h">
      <Filter>Header Files</Filter>
    </ClInclude>
    <ClInclude Include="include\avimem.h">
      <Filter>Header Files</Filter>
    </ClInclude>
    <ClInclude Include="avimovie.h">
      <Filter>Header Files</Filter>
    </ClInclude>
    <ClInclude Include="riffio.h">
      <Filter>Header Files</Filter>
    </ClInclude>
    <ClInclude Include="Surface.h">
      <Filter>Header Files</Filter>
    </ClInclude>
    <ClInclude Include="test.h">
      <Filter>Header Files</Filter>
    </ClInclude>
  </ItemGroup>
</Project>
