<?xml version="1.0" encoding="utf-8"?>
<Project ToolsVersion="4.0" xmlns="http://schemas.microsoft.com/developer/msbuild/2003">
  <ItemGroup>
    <Filter Include="Source Files">
      <UniqueIdentifier>{977b0fed-5faf-43fd-aa97-b0dd4549bb3e}</UniqueIdentifier>
      <Extensions>cpp;c;cxx;rc;def;r;odl;idl;hpj;bat</Extensions>
    </Filter>
    <Filter Include="Header Files">
      <UniqueIdentifier>{0cc10c2e-a813-49e2-8ef0-402fcf0a5a71}</UniqueIdentifier>
      <Extensions>h;hpp;hxx;hm;inl</Extensions>
    </Filter>
  </ItemGroup>
  <ItemGroup>
    <ClCompile Include="src\AcmiCam.cpp">
      <Filter>Source Files</Filter>
    </ClCompile>
    <ClCompile Include="src\acmihash.cpp">
      <Filter>Source Files</Filter>
    </ClCompile>
    <ClCompile Include="src\Acmiloop.cpp">
      <Filter>Source Files</Filter>
    </ClCompile>
    <ClCompile Include="src\Acmirec.cpp">
      <Filter>Source Files</Filter>
    </ClCompile>
    <ClCompile Include="src\AcmiTape.cpp">
      <Filter>Source Files</Filter>
    </ClCompile>
    <ClCompile Include="src\acmiUI.cpp">
      <Filter>Source Files</Filter>
    </ClCompile>
    <ClCompile Include="src\AcmiView.cpp">
      <Filter>Source Files</Filter>
    </ClCompile>
  </ItemGroup>
  <ItemGroup>
    <ClInclude Include="src\include\acmiCam.h">
      <Filter>Header Files</Filter>
    </ClInclude>
    <ClInclude Include="src\include\acmihash.h">
      <Filter>Header Files</Filter>
    </ClInclude>
    <ClInclude Include="src\include\acmirec.h">
      <Filter>Header Files</Filter>
    </ClInclude>
    <ClInclude Include="src\include\acmitape.h">
      <Filter>Header Files</Filter>
    </ClInclude>
    <ClInclude Include="src\include\AcmiUI.h">
      <Filter>Header Files</Filter>
    </ClInclude>
    <ClInclude Include="src\include\AcmiView.h">
      <Filter>Header Files</Filter>
    </ClInclude>
  </ItemGroup>
</Project>
