<?xml version="1.0" encoding="utf-8"?>
<Project ToolsVersion="4.0" xmlns="http://schemas.microsoft.com/developer/msbuild/2003">
  <ItemGroup>
    <Filter Include="Source Files">
      <UniqueIdentifier>{ac8394f1-ee6b-4f85-ad8d-5215434dd5b9}</UniqueIdentifier>
      <Extensions>cpp;c;cxx;rc;def;r;odl;idl;hpj;bat</Extensions>
    </Filter>
    <Filter Include="Header Files">
      <UniqueIdentifier>{08bca2d2-5aa2-4f85-a159-16a0dd995e6f}</UniqueIdentifier>
      <Extensions>h;hpp;hxx;hm;inl</Extensions>
    </Filter>
  </ItemGroup>
  <ItemGroup>
    <ClCompile Include="Airunit.cpp">
      <Filter>Source Files</Filter>
    </ClCompile>
    <ClCompile Include="Atm.cpp">
      <Filter>Source Files</Filter>
    </ClCompile>
    <ClCompile Include="Battalio.cpp">
      <Filter>Source Files</Filter>
    </ClCompile>
    <ClCompile Include="Brigade.cpp">
      <Filter>Source Files</Filter>
    </ClCompile>
    <ClCompile Include="Division.cpp">
      <Filter>Source Files</Filter>
    </ClCompile>
    <ClCompile Include="Flight.cpp">
      <Filter>Source Files</Filter>
    </ClCompile>
    <ClCompile Include="Gndunit.cpp">
      <Filter>Source Files</Filter>
    </ClCompile>
    <ClCompile Include="Gtm.cpp">
      <Filter>Source Files</Filter>
    </ClCompile>
    <ClCompile Include="Gtmobj.cpp">
      <Filter>Source Files</Filter>
    </ClCompile>
    <ClCompile Include="Manager.cpp">
      <Filter>Source Files</Filter>
    </ClCompile>
    <ClCompile Include="Mission.cpp">
      <Filter>Source Files</Filter>
    </ClCompile>
    <ClCompile Include="Navunit.cpp">
      <Filter>Source Files</Filter>
    </ClCompile>
    <ClCompile Include="NTM.cpp">
      <Filter>Source Files</Filter>
    </ClCompile>
    <ClCompile Include="Package.cpp">
      <Filter>Source Files</Filter>
    </ClCompile>
    <ClCompile Include="Squadron.cpp">
      <Filter>Source Files</Filter>
    </ClCompile>
  </ItemGroup>
  <ItemGroup>
    <ClInclude Include="..\include\airunit.h">
      <Filter>Header Files</Filter>
    </ClInclude>
    <ClInclude Include="..\Include\Atm.h">
      <Filter>Header Files</Filter>
    </ClInclude>
    <ClInclude Include="..\Include\Battalion.h">
      <Filter>Header Files</Filter>
    </ClInclude>
    <ClInclude Include="..\Include\Brigade.h">
      <Filter>Header Files</Filter>
    </ClInclude>
    <ClInclude Include="..\Include\Division.h">
      <Filter>Header Files</Filter>
    </ClInclude>
    <ClInclude Include="..\Include\flight.h">
      <Filter>Header Files</Filter>
    </ClInclude>
    <ClInclude Include="..\Include\Gndunit.h">
      <Filter>Header Files</Filter>
    </ClInclude>
    <ClInclude Include="..\Include\Gtm.h">
      <Filter>Header Files</Filter>
    </ClInclude>
    <ClInclude Include="..\Include\Gtmobj.h">
      <Filter>Header Files</Filter>
    </ClInclude>
    <ClInclude Include="..\Include\Manager.h">
      <Filter>Header Files</Filter>
    </ClInclude>
    <ClInclude Include="..\include\mission.h">
      <Filter>Header Files</Filter>
    </ClInclude>
    <ClInclude Include="..\Include\Navunit.h">
      <Filter>Header Files</Filter>
    </ClInclude>
    <ClInclude Include="..\Include\Ntm.h">
      <Filter>Header Files</Filter>
    </ClInclude>
    <ClInclude Include="..\include\package.h">
      <Filter>Header Files</Filter>
    </ClInclude>
    <ClInclude Include="..\include\squadron.h">
      <Filter>Header Files</Filter>
    </ClInclude>
  </ItemGroup>
</Project>
