<?xml version="1.0" encoding="utf-8"?>
<Project ToolsVersion="4.0" xmlns="http://schemas.microsoft.com/developer/msbuild/2003">
  <ItemGroup>
    <Filter Include="Source Files">
      <UniqueIdentifier>{0b3f5bf1-dbd1-4237-855d-4d6d17a955b3}</UniqueIdentifier>
      <Extensions>cpp;c;cxx;rc;def;r;odl;idl;hpj;bat</Extensions>
    </Filter>
    <Filter Include="Header Files">
      <UniqueIdentifier>{4a50f148-87f9-425a-9c5e-1e8e4ff390dc}</UniqueIdentifier>
      <Extensions>h;hpp;hxx;hm;inl</Extensions>
    </Filter>
  </ItemGroup>
  <ItemGroup>
    <ClCompile Include="campgrnd.cpp">
      <Filter>Source Files</Filter>
    </ClCompile>
    <ClCompile Include="gndai.cpp">
      <Filter>Source Files</Filter>
    </ClCompile>
    <ClCompile Include="gndapi.cpp">
      <Filter>Source Files</Filter>
    </ClCompile>
    <ClCompile Include="Grndmain.cpp">
      <Filter>Source Files</Filter>
    </ClCompile>
    <ClCompile Include="Target.cpp">
      <Filter>Source Files</Filter>
    </ClCompile>
    <ClCompile Include="Weapon.cpp">
      <Filter>Source Files</Filter>
    </ClCompile>
  </ItemGroup>
  <ItemGroup>
    <ClInclude Include="..\Include\gndai.h">
      <Filter>Header Files</Filter>
    </ClInclude>
    <ClInclude Include="..\Include\Ground.h">
      <Filter>Header Files</Filter>
    </ClInclude>
  </ItemGroup>
</Project>