<?xml version="1.0" encoding="utf-8"?>
<Project ToolsVersion="4.0" xmlns="http://schemas.microsoft.com/developer/msbuild/2003">
  <ItemGroup>
    <Filter Include="Source Files">
      <UniqueIdentifier>{002e8f51-de2b-4862-985f-c140cb14ca4c}</UniqueIdentifier>
      <Extensions>cpp;c;cxx;rc;def;r;odl;idl;hpj;bat</Extensions>
    </Filter>
    <Filter Include="Header Files">
      <UniqueIdentifier>{d32310c0-9fa7-4a77-a482-ca0c20e06565}</UniqueIdentifier>
      <Extensions>h;hpp;hxx;hm;inl</Extensions>
    </Filter>
  </ItemGroup>
  <ItemGroup>
    <ClCompile Include="ACTurbulence.cpp">
      <Filter>Source Files</Filter>
    </ClCompile>
    <ClCompile Include="Aircraft.cpp">
      <Filter>Source Files</Filter>
    </ClCompile>
    <ClCompile Include="AircraftInputs.cpp">
      <Filter>Source Files</Filter>
    </ClCompile>
    <ClCompile Include="Cautions.cpp">
      <Filter>Source Files</Filter>
    </ClCompile>
    <ClCompile Include="chafflare.cpp">
      <Filter>Source Files</Filter>
    </ClCompile>
    <ClCompile Include="Damage.cpp">
      <Filter>Source Files</Filter>
    </ClCompile>
    <ClCompile Include="Doweapon.cpp">
      <Filter>Source Files</Filter>
    </ClCompile>
    <ClCompile Include="Electrics.cpp">
      <Filter>Source Files</Filter>
    </ClCompile>
    <ClCompile Include="gloc.cpp">
      <Filter>Source Files</Filter>
    </ClCompile>
    <ClCompile Include="gndHndl.cpp">
      <Filter>Source Files</Filter>
    </ClCompile>
    <ClCompile Include="INS.cpp">
      <Filter>Source Files</Filter>
    </ClCompile>
    <ClCompile Include="surface.cpp">
      <Filter>Source Files</Filter>
    </ClCompile>
    <ClCompile Include="Virtuals.cpp">
      <Filter>Source Files</Filter>
    </ClCompile>
  </ItemGroup>
  <ItemGroup>
    <ClInclude Include="..\Include\ACTurbulence.h">
      <Filter>Header Files</Filter>
    </ClInclude>
    <ClInclude Include="..\include\aircrft.h">
      <Filter>Header Files</Filter>
    </ClInclude>
  </ItemGroup>
</Project>