<?xml version="1.0" encoding="utf-8"?>
<Project ToolsVersion="4.0" xmlns="http://schemas.microsoft.com/developer/msbuild/2003">
  <ItemGroup>
    <Filter Include="Source Files">
      <UniqueIdentifier>{6d671fe6-661e-4550-b28c-10b0ee96e23c}</UniqueIdentifier>
      <Extensions>cpp;c;cxx;rc;def;r;odl;idl;hpj;bat</Extensions>
    </Filter>
    <Filter Include="Header Files">
      <UniqueIdentifier>{25b4fed7-afb2-44ee-be89-d032c5e2000a}</UniqueIdentifier>
      <Extensions>h;hpp;hxx;hm;inl</Extensions>
    </Filter>
  </ItemGroup>
  <ItemGroup>
    <ClCompile Include="ACTurbulence.cpp">
      <Filter>Source Files</Filter>
    </ClCompile>
    <ClCompile Include="Aircraft.cpp">
      <Filter>Source Files</Filter>
    </ClCompile>
    <ClCompile Include="AircraftInputs.cpp">
      <Filter>Source Files</Filter>
    </ClCompile>
    <ClCompile Include="Cautions.cpp">
      <Filter>Source Files</Filter>
    </ClCompile>
    <ClCompile Include="chafflare.cpp">
      <Filter>Source Files</Filter>
    </ClCompile>
    <ClCompile Include="Damage.cpp">
      <Filter>Source Files</Filter>
    </ClCompile>
    <ClCompile Include="Doweapon.cpp">
      <Filter>Source Files</Filter>
    </ClCompile>
    <ClCompile Include="Electrics.cpp">
      <Filter>Source Files</Filter>
    </ClCompile>
    <ClCompile Include="gloc.cpp">
      <Filter>Source Files</Filter>
    </ClCompile>
    <ClCompile Include="gndHndl.cpp">
      <Filter>Source Files</Filter>
    </ClCompile>
    <ClCompile Include="INS.cpp">
      <Filter>Source Files</Filter>
    </ClCompile>
    <ClCompile Include="surface.cpp">
      <Filter>Source Files</Filter>
    </ClCompile>
    <ClCompile Include="Virtuals.cpp">
      <Filter>Source Files</Filter>
    </ClCompile>
  </ItemGroup>
  <ItemGroup>
    <ClInclude Include="..\Include\ACTurbulence.h">
      <Filter>Header Files</Filter>
    </ClInclude>
    <ClInclude Include="..\include\aircrft.h">
      <Filter>Header Files</Filter>
    </ClInclude>
    <ClInclude Include="..\Include\dofsnswitches.h">
      <Filter>Header Files</Filter>
    </ClInclude>
  </ItemGroup>
</Project>
