<?xml version="1.0" encoding="utf-8"?>
<Project ToolsVersion="4.0" xmlns="http://schemas.microsoft.com/developer/msbuild/2003">
  <ItemGroup>
    <Filter Include="Source Files">
      <UniqueIdentifier>{b504aa7b-950e-4be0-8809-21879c99195c}</UniqueIdentifier>
      <Extensions>cpp;c;cxx;rc;def;r;odl;idl;hpj;bat</Extensions>
    </Filter>
    <Filter Include="Header Files">
      <UniqueIdentifier>{b31871f7-ff50-4617-91b7-26b2a1d91db9}</UniqueIdentifier>
      <Extensions>h;hpp;hxx;hm;inl</Extensions>
    </Filter>
  </ItemGroup>
  <ItemGroup>
    <ClCompile Include="fartex.cpp">
      <Filter>Source Files</Filter>
    </ClCompile>
    <ClCompile Include="Palette.cpp">
      <Filter>Source Files</Filter>
    </ClCompile>
    <ClCompile Include="TerrTex.cpp">
      <Filter>Source Files</Filter>
    </ClCompile>
    <ClCompile Include="Tex.cpp">
      <Filter>Source Files</Filter>
    </ClCompile>
  </ItemGroup>
  <ItemGroup>
    <ClInclude Include="..\Include\fartex.h">
      <Filter>Header Files</Filter>
    </ClInclude>
    <ClInclude Include="..\include\palette.h">
      <Filter>Header Files</Filter>
    </ClInclude>
    <ClInclude Include="..\include\terrtex.h">
      <Filter>Header Files</Filter>
    </ClInclude>
    <ClInclude Include="..\include\tex.h">
      <Filter>Header Files</Filter>
    </ClInclude>
  </ItemGroup>
</Project>
