<?xml version="1.0" encoding="utf-8"?>
<Project ToolsVersion="4.0" xmlns="http://schemas.microsoft.com/developer/msbuild/2003">
  <ItemGroup>
    <Filter Include="Source Files">
      <UniqueIdentifier>{d6e66a0c-8286-4044-a9eb-a496998ba145}</UniqueIdentifier>
      <Extensions>cpp;c;cxx;rc;def;r;odl;idl;hpj;bat</Extensions>
    </Filter>
    <Filter Include="Header Files">
      <UniqueIdentifier>{81ed57d0-6c5b-4aff-a924-4c1a1fca2bbe}</UniqueIdentifier>
      <Extensions>h;hpp;hxx;hm;inl</Extensions>
    </Filter>
  </ItemGroup>
  <ItemGroup>
    <ClCompile Include="ascii.cpp">
      <Filter>Source Files</Filter>
    </ClCompile>
    <ClCompile Include="commands.cpp">
      <Filter>Source Files</Filter>
    </ClCompile>
    <ClCompile Include="FindFunc.cpp">
      <Filter>Source Files</Filter>
    </ClCompile>
    <ClCompile Include="mouselook.cpp">
      <Filter>Source Files</Filter>
    </ClCompile>
    <ClCompile Include="radiocmds.cpp">
      <Filter>Source Files</Filter>
    </ClCompile>
    <ClCompile Include="SetupInp.cpp">
      <Filter>Source Files</Filter>
    </ClCompile>
    <ClCompile Include="sicursor.cpp">
      <Filter>Source Files</Filter>
    </ClCompile>
    <ClCompile Include="sidevice.cpp">
      <Filter>Source Files</Filter>
    </ClCompile>
    <ClCompile Include="sierror.cpp">
      <Filter>Source Files</Filter>
    </ClCompile>
    <ClCompile Include="sijoy.cpp">
      <Filter>Source Files</Filter>
    </ClCompile>
    <ClCompile Include="sikeybd.cpp">
      <Filter>Source Files</Filter>
    </ClCompile>
    <ClCompile Include="siloop.cpp">
      <Filter>Source Files</Filter>
    </ClCompile>
    <ClCompile Include="simouse.cpp">
      <Filter>Source Files</Filter>
    </ClCompile>
    <ClCompile Include="trackir.cpp">
      <Filter>Source Files</Filter>
    </ClCompile>
    <ClCompile Include="wingcmds.cpp">
      <Filter>Source Files</Filter>
    </ClCompile>
  </ItemGroup>
  <ItemGroup>
    <ClInclude Include="..\include\commands.h">
      <Filter>Header Files</Filter>
    </ClInclude>
    <ClInclude Include="..\Include\inpFunc.h">
      <Filter>Header Files</Filter>
    </ClInclude>
    <ClInclude Include="..\Include\Inputs.h">
      <Filter>Header Files</Filter>
    </ClInclude>
    <ClInclude Include="..\INCLUDE\mouselook.h">
      <Filter>Header Files</Filter>
    </ClInclude>
    <ClInclude Include="..\Include\Simio.h">
      <Filter>Header Files</Filter>
    </ClInclude>
    <ClInclude Include="..\Include\sinput.h">
      <Filter>Header Files</Filter>
    </ClInclude>
  </ItemGroup>
</Project>
