<?xml version="1.0" encoding="utf-8"?>
<Project ToolsVersion="4.0" xmlns="http://schemas.microsoft.com/developer/msbuild/2003">
  <ItemGroup>
    <Filter Include="Source Files">
      <UniqueIdentifier>{63127414-96ce-4db9-8004-837794016cd0}</UniqueIdentifier>
      <Extensions>cpp;c;cxx;rc;def;r;odl;idl;hpj;bat</Extensions>
    </Filter>
    <Filter Include="Header Files">
      <UniqueIdentifier>{ea667481-0614-4fc6-9dff-63d6acb428bf}</UniqueIdentifier>
      <Extensions>h;hpp;hxx;hm;inl</Extensions>
    </Filter>
  </ItemGroup>
  <ItemGroup>
    <ClCompile Include="Actions.cpp">
      <Filter>Source Files</Filter>
    </ClCompile>
    <ClCompile Include="autopilot.cpp">
      <Filter>Source Files</Filter>
    </ClCompile>
    <ClCompile Include="BvrEngage.cpp">
      <Filter>Source Files</Filter>
    </ClCompile>
    <ClCompile Include="Cavoid.cpp">
      <Filter>Source Files</Filter>
    </ClCompile>
    <ClCompile Include="Digifunc.cpp">
      <Filter>Source Files</Filter>
    </ClCompile>
    <ClCompile Include="Digimain.cpp">
      <Filter>Source Files</Filter>
    </ClCompile>
    <ClCompile Include="Dlogic.cpp">
      <Filter>Source Files</Filter>
    </ClCompile>
    <ClCompile Include="facbrain.cpp">
      <Filter>Source Files</Filter>
    </ClCompile>
    <ClCompile Include="Flitlead.cpp">
      <Filter>Source Files</Filter>
    </ClCompile>
    <ClCompile Include="Formdata.cpp">
      <Filter>Source Files</Filter>
    </ClCompile>
    <ClCompile Include="Gengage.cpp">
      <Filter>Source Files</Filter>
    </ClCompile>
    <ClCompile Include="gndAttck.cpp">
      <Filter>Source Files</Filter>
    </ClCompile>
    <ClCompile Include="Ground.cpp">
      <Filter>Source Files</Filter>
    </ClCompile>
    <ClCompile Include="Gunsjink.cpp">
      <Filter>Source Files</Filter>
    </ClCompile>
    <ClCompile Include="HandleThreat.cpp">
      <Filter>Source Files</Filter>
    </ClCompile>
    <ClCompile Include="landme.cpp">
      <Filter>Source Files</Filter>
    </ClCompile>
    <ClCompile Include="Mdefeat.cpp">
      <Filter>Source Files</Filter>
    </ClCompile>
    <ClCompile Include="Mengage.cpp">
      <Filter>Source Files</Filter>
    </ClCompile>
    <ClCompile Include="Merge.cpp">
      <Filter>Source Files</Filter>
    </ClCompile>
    <ClCompile Include="Mnvers.cpp">
      <Filter>Source Files</Filter>
    </ClCompile>
    <ClCompile Include="Randp.cpp">
      <Filter>Source Files</Filter>
    </ClCompile>
    <ClCompile Include="Refuel.cpp">
      <Filter>Source Files</Filter>
    </ClCompile>
    <ClCompile Include="Separate.cpp">
      <Filter>Source Files</Filter>
    </ClCompile>
    <ClCompile Include="Sfusion.cpp">
      <Filter>Source Files</Filter>
    </ClCompile>
    <ClCompile Include="simbrain.cpp">
      <Filter>Source Files</Filter>
    </ClCompile>
    <ClCompile Include="tankbrn.cpp">
      <Filter>Source Files</Filter>
    </ClCompile>
    <ClCompile Include="targeting.cpp">
      <Filter>Source Files</Filter>
    </ClCompile>
    <ClCompile Include="waypoint.cpp">
      <Filter>Source Files</Filter>
    </ClCompile>
    <ClCompile Include="wingactions.cpp">
      <Filter>Source Files</Filter>
    </ClCompile>
    <ClCompile Include="wingai.cpp">
      <Filter>Source Files</Filter>
    </ClCompile>
    <ClCompile Include="winglogic.cpp">
      <Filter>Source Files</Filter>
    </ClCompile>
    <ClCompile Include="Wingman.cpp">
      <Filter>Source Files</Filter>
    </ClCompile>
    <ClCompile Include="wingmnvers.cpp">
      <Filter>Source Files</Filter>
    </ClCompile>
    <ClCompile Include="wingorder.cpp">
      <Filter>Source Files</Filter>
    </ClCompile>
    <ClCompile Include="wingradio.cpp">
      <Filter>Source Files</Filter>
    </ClCompile>
    <ClCompile Include="WvrEngage.cpp">
      <Filter>Source Files</Filter>
    </ClCompile>
  </ItemGroup>
  <ItemGroup>
    <ClInclude Include="..\include\digi.h">
      <Filter>Header Files</Filter>
    </ClInclude>
    <ClInclude Include="..\include\facbrain.h">
      <Filter>Header Files</Filter>
    </ClInclude>
    <ClInclude Include="..\include\simbrain.h">
      <Filter>Header Files</Filter>
    </ClInclude>
    <ClInclude Include="..\include\tankbrn.h">
      <Filter>Header Files</Filter>
    </ClInclude>
  </ItemGroup>
</Project>
