<?xml version="1.0" encoding="utf-8"?>
<Project ToolsVersion="4.0" xmlns="http://schemas.microsoft.com/developer/msbuild/2003">
  <ItemGroup>
    <Filter Include="Source Files">
      <UniqueIdentifier>{891d22b0-6a9a-412f-baf7-e1e645b6fd2e}</UniqueIdentifier>
      <Extensions>cpp;c;cxx;rc;def;r;odl;idl;hpj;bat</Extensions>
    </Filter>
    <Filter Include="Header Files">
      <UniqueIdentifier>{6b13a04a-40c9-40b8-891e-f19ec77d8efe}</UniqueIdentifier>
      <Extensions>h;hpp;hxx;hm;inl</Extensions>
    </Filter>
  </ItemGroup>
  <ItemGroup>
    <ClCompile Include="canvas3d.cpp">
      <Filter>Source Files</Filter>
    </ClCompile>
    <ClCompile Include="clip2d.cpp">
      <Filter>Source Files</Filter>
    </ClCompile>
    <ClCompile Include="clip3d.cpp">
      <Filter>Source Files</Filter>
    </ClCompile>
    <ClCompile Include="Display.cpp">
      <Filter>Source Files</Filter>
    </ClCompile>
    <ClCompile Include="gmComposit.cpp">
      <Filter>Source Files</Filter>
    </ClCompile>
    <ClCompile Include="gmradar.cpp">
      <Filter>Source Files</Filter>
    </ClCompile>
    <ClCompile Include="Mono2d.cpp">
      <Filter>Source Files</Filter>
    </ClCompile>
    <ClCompile Include="OTW.cpp">
      <Filter>Source Files</Filter>
    </ClCompile>
    <ClCompile Include="OTWcull.cpp">
      <Filter>Source Files</Filter>
    </ClCompile>
    <ClCompile Include="OTWdraw.cpp">
      <Filter>Source Files</Filter>
    </ClCompile>
    <ClCompile Include="OTWsky.cpp">
      <Filter>Source Files</Filter>
    </ClCompile>
    <ClCompile Include="Render2d.cpp">
      <Filter>Source Files</Filter>
    </ClCompile>
    <ClCompile Include="Render3d.cpp">
      <Filter>Source Files</Filter>
    </ClCompile>
    <ClCompile Include="RenderIR.cpp">
      <Filter>Source Files</Filter>
    </ClCompile>
    <ClCompile Include="RenderNVG.cpp">
      <Filter>Source Files</Filter>
    </ClCompile>
    <ClCompile Include="RenderTV.cpp">
      <Filter>Source Files</Filter>
    </ClCompile>
    <ClCompile Include="RenderWire.cpp">
      <Filter>Source Files</Filter>
    </ClCompile>
    <ClCompile Include="Rviewpnt.cpp">
      <Filter>Source Files</Filter>
    </ClCompile>
  </ItemGroup>
  <ItemGroup>
    <ClInclude Include="..\Include\canvas3d.h">
      <Filter>Header Files</Filter>
    </ClInclude>
    <ClInclude Include="..\include\display.h">
      <Filter>Header Files</Filter>
    </ClInclude>
    <ClInclude Include="..\Include\gmComposit.h">
      <Filter>Header Files</Filter>
    </ClInclude>
    <ClInclude Include="..\Include\gmradar.h">
      <Filter>Header Files</Filter>
    </ClInclude>
    <ClInclude Include="..\Include\Mono2d.h">
      <Filter>Header Files</Filter>
    </ClInclude>
    <ClInclude Include="..\include\render2d.h">
      <Filter>Header Files</Filter>
    </ClInclude>
    <ClInclude Include="..\Include\Render3d.h">
      <Filter>Header Files</Filter>
    </ClInclude>
    <ClInclude Include="..\Include\RenderIR.h">
      <Filter>Header Files</Filter>
    </ClInclude>
    <ClInclude Include="..\Include\RenderNVG.h">
      <Filter>Header Files</Filter>
    </ClInclude>
    <ClInclude Include="..\include\renderow.h">
      <Filter>Header Files</Filter>
    </ClInclude>
    <ClInclude Include="..\Include\RenderTV.h">
      <Filter>Header Files</Filter>
    </ClInclude>
    <ClInclude Include="..\Include\RenderWire.h">
      <Filter>Header Files</Filter>
    </ClInclude>
    <ClInclude Include="..\include\rviewpnt.h">
      <Filter>Header Files</Filter>
    </ClInclude>
  </ItemGroup>
</Project>
