<?xml version="1.0" encoding="utf-8"?>
<Project ToolsVersion="4.0" xmlns="http://schemas.microsoft.com/developer/msbuild/2003">
  <ItemGroup>
    <Filter Include="Source Files">
      <UniqueIdentifier>{d01c31fd-31d9-4089-81c3-05a5bd5dad25}</UniqueIdentifier>
      <Extensions>cpp;c;cxx;rc;def;r;odl;idl;hpj;bat</Extensions>
    </Filter>
    <Filter Include="Header Files">
      <UniqueIdentifier>{27861fbd-dea4-488e-ac0a-21f71a6463f4}</UniqueIdentifier>
      <Extensions>h;hpp;hxx;hm;inl</Extensions>
    </Filter>
  </ItemGroup>
  <ItemGroup>
    <ClCompile Include="Damage.cpp">
      <Filter>Source Files</Filter>
    </ClCompile>
    <ClCompile Include="Simfeature.cpp">
      <Filter>Source Files</Filter>
    </ClCompile>
  </ItemGroup>
  <ItemGroup>
    <ClInclude Include="..\Include\simfeat.h">
      <Filter>Header Files</Filter>
    </ClInclude>
  </ItemGroup>
</Project>
