<?xml version="1.0" encoding="utf-8"?>
<Project ToolsVersion="4.0" xmlns="http://schemas.microsoft.com/developer/msbuild/2003">
  <ItemGroup>
    <Filter Include="Source Files">
      <UniqueIdentifier>{a88ea563-d1ae-44ca-915d-bba0565777a4}</UniqueIdentifier>
      <Extensions>cpp;c;cxx;rc;def;r;odl;idl;hpj;bat</Extensions>
    </Filter>
    <Filter Include="Header Files">
      <UniqueIdentifier>{1eb94568-5aa4-4e72-bda4-4e0bdd20fb95}</UniqueIdentifier>
      <Extensions>h;hpp;hxx;hm;inl</Extensions>
    </Filter>
  </ItemGroup>
  <ItemGroup>
    <ClCompile Include="Detect.cpp">
      <Filter>Source Files</Filter>
    </ClCompile>
    <ClCompile Include="Irst.cpp">
      <Filter>Source Files</Filter>
    </ClCompile>
  </ItemGroup>
  <ItemGroup>
    <ClInclude Include="..\include\irst.h">
      <Filter>Header Files</Filter>
    </ClInclude>
    <ClInclude Include="..\Include\irstData.h">
      <Filter>Header Files</Filter>
    </ClInclude>
  </ItemGroup>
</Project>
