<?xml version="1.0" encoding="utf-8"?>
<Project ToolsVersion="4.0" xmlns="http://schemas.microsoft.com/developer/msbuild/2003">
  <ItemGroup>
    <Filter Include="Source Files">
      <UniqueIdentifier>{07a70d35-2779-4a58-aeef-9bd4e6fd83c9}</UniqueIdentifier>
      <Extensions>cpp;c;cxx;rc;def;r;odl;idl;hpj;bat</Extensions>
    </Filter>
    <Filter Include="Header Files">
      <UniqueIdentifier>{ffddabe2-ca13-4dc6-b0bd-ac95e4af094c}</UniqueIdentifier>
      <Extensions>h;hpp;hxx;hm;inl</Extensions>
    </Filter>
  </ItemGroup>
  <ItemGroup>
    <ClCompile Include="AllocAndFillProcessModuleList.cpp">
      <Filter>Source Files</Filter>
    </ClCompile>
    <ClCompile Include="BSUFunctions.cpp">
      <Filter>Source Files</Filter>
    </ClCompile>
    <ClCompile Include="CrashHandler.cpp">
      <Filter>Source Files</Filter>
    </ClCompile>
    <ClCompile Include="DiagAssert.cpp">
      <Filter>Source Files</Filter>
    </ClCompile>
    <ClCompile Include="GetLoadedModules.cpp">
      <Filter>Source Files</Filter>
    </ClCompile>
    <ClCompile Include="IsNT.cpp">
      <Filter>Source Files</Filter>
    </ClCompile>
    <ClCompile Include="NT4ProcessInfo.cpp">
      <Filter>Source Files</Filter>
    </ClCompile>
    <ClCompile Include="PCH.cpp">
      <Filter>Source Files</Filter>
    </ClCompile>
    <ClCompile Include="TLHELPProcessInfo.cpp">
      <Filter>Source Files</Filter>
    </ClCompile>
  </ItemGroup>
  <ItemGroup>
    <ClInclude Include="BugslayerUtil.h">
      <Filter>Header Files</Filter>
    </ClInclude>
    <ClInclude Include="CrashHandler.h">
      <Filter>Header Files</Filter>
    </ClInclude>
    <ClInclude Include="CRTDBG_Internals.h">
      <Filter>Header Files</Filter>
    </ClInclude>
    <ClInclude Include="DBGHELP_MINDUMP.h">
      <Filter>Header Files</Filter>
    </ClInclude>
    <ClInclude Include="DiagAssert.h">
      <Filter>Header Files</Filter>
    </ClInclude>
    <ClInclude Include="..\..\Program Files\Microsoft Platform SDK\Include\Guiddef.h">
      <Filter>Header Files</Filter>
    </ClInclude>
    <ClInclude Include="Internal.h">
      <Filter>Header Files</Filter>
    </ClInclude>
    <ClInclude Include="MemDumperValidator.h">
      <Filter>Header Files</Filter>
    </ClInclude>
    <ClInclude Include="MiniDump.h">
      <Filter>Header Files</Filter>
    </ClInclude>
    <ClInclude Include="MSJDBG.h">
      <Filter>Header Files</Filter>
    </ClInclude>
    <ClInclude Include="PCH.h">
      <Filter>Header Files</Filter>
    </ClInclude>
    <ClInclude Include="SymbolEngine.h">
      <Filter>Header Files</Filter>
    </ClInclude>
    <ClInclude Include="..\..\Program Files\Microsoft Platform SDK\Include\Tvout.h">
      <Filter>Header Files</Filter>
    </ClInclude>
    <ClInclude Include="WarningsOff.h">
      <Filter>Header Files</Filter>
    </ClInclude>
    <ClInclude Include="WarningsOn.h">
      <Filter>Header Files</Filter>
    </ClInclude>
  </ItemGroup>
  <ItemGroup>
    <None Include="Readme.txt" />
  </ItemGroup>
</Project>
