<?xml version="1.0" encoding="utf-8"?>
<Project ToolsVersion="4.0" xmlns="http://schemas.microsoft.com/developer/msbuild/2003">
  <ItemGroup>
    <Filter Include="Source Files">
      <UniqueIdentifier>{5a5bdd16-4c70-4989-b77a-4cebd053a0b6}</UniqueIdentifier>
      <Extensions>cpp;c;cxx;rc;def;r;odl;idl;hpj;bat</Extensions>
    </Filter>
    <Filter Include="Header Files">
      <UniqueIdentifier>{390e1764-c8ca-4488-aae3-c98a4ff1b059}</UniqueIdentifier>
      <Extensions>h;hpp;hxx;hm;inl</Extensions>
    </Filter>
  </ItemGroup>
  <ItemGroup>
    <ClCompile Include="Device.cpp">
      <Filter>Source Files</Filter>
    </ClCompile>
    <ClCompile Include="DevMgr.cpp">
      <Filter>Source Files</Filter>
    </ClCompile>
    <ClCompile Include="dxerror.cpp">
      <Filter>Source Files</Filter>
    </ClCompile>
    <ClCompile Include="Imagebuf.cpp">
      <Filter>Source Files</Filter>
    </ClCompile>
    <ClCompile Include="rotate.cpp">
      <Filter>Source Files</Filter>
    </ClCompile>
  </ItemGroup>
  <ItemGroup>
    <ClInclude Include="..\include\device.h">
      <Filter>Header Files</Filter>
    </ClInclude>
    <ClInclude Include="..\Include\DevMgr.h">
      <Filter>Header Files</Filter>
    </ClInclude>
    <ClInclude Include="..\Include\dxerror.h">
      <Filter>Header Files</Filter>
    </ClInclude>
    <ClInclude Include="..\include\imagebuf.h">
      <Filter>Header Files</Filter>
    </ClInclude>
    <ClInclude Include="..\..\Movie\Surface.h">
      <Filter>Header Files</Filter>
    </ClInclude>
  </ItemGroup>
</Project>