<?xml version="1.0" encoding="utf-8"?>
<Project ToolsVersion="4.0" xmlns="http://schemas.microsoft.com/developer/msbuild/2003">
  <ItemGroup>
    <Filter Include="Source Files">
      <UniqueIdentifier>{ae9b2af0-2fa1-4c9a-8b87-6d9f64080927}</UniqueIdentifier>
      <Extensions>cpp;c;cxx;rc;def;r;odl;idl;hpj;bat</Extensions>
    </Filter>
    <Filter Include="Header Files">
      <UniqueIdentifier>{20c36f0a-fda5-4d4d-9054-de94ffdb5a6c}</UniqueIdentifier>
      <Extensions>h;hpp;hxx;hm;inl</Extensions>
    </Filter>
  </ItemGroup>
  <ItemGroup>
    <ClCompile Include="c3dview.cpp">
      <Filter>Source Files</Filter>
    </ClCompile>
    <ClCompile Include="cbsplist.cpp">
      <Filter>Source Files</Filter>
    </ClCompile>
    <ClCompile Include="rle.cpp">
      <Filter>Source Files</Filter>
    </ClCompile>
    <ClCompile Include="targa.cpp">
      <Filter>Source Files</Filter>
    </ClCompile>
    <ClCompile Include="uihash.cpp">
      <Filter>Source Files</Filter>
    </ClCompile>
    <ClCompile Include="viewer.cpp">
      <Filter>Source Files</Filter>
    </ClCompile>
  </ItemGroup>
  <ItemGroup>
    <ClInclude Include="..\..\Include\c3dview.h">
      <Filter>Header Files</Filter>
    </ClInclude>
    <ClInclude Include="..\..\Include\cbsplist.h">
      <Filter>Header Files</Filter>
    </ClInclude>
    <ClInclude Include="..\..\Include\rle.h">
      <Filter>Header Files</Filter>
    </ClInclude>
    <ClInclude Include="..\..\Include\uihash.h">
      <Filter>Header Files</Filter>
    </ClInclude>
  </ItemGroup>
</Project>
