<?xml version="1.0" encoding="utf-8"?>
<Project ToolsVersion="4.0" xmlns="http://schemas.microsoft.com/developer/msbuild/2003">
  <ItemGroup>
    <Filter Include="Source Files">
      <UniqueIdentifier>{cba4249d-626a-4bd3-aa48-d413c4b2581b}</UniqueIdentifier>
      <Extensions>cpp;c;cxx;rc;def;r;odl;idl;hpj;bat</Extensions>
    </Filter>
    <Filter Include="Header Files">
      <UniqueIdentifier>{4b41a764-f886-41a8-8ce5-794252811a51}</UniqueIdentifier>
      <Extensions>h;hpp;hxx;hm;inl</Extensions>
    </Filter>
  </ItemGroup>
  <ItemGroup>
    <ClCompile Include="draw2d.cpp">
      <Filter>Source Files</Filter>
    </ClCompile>
    <ClCompile Include="DrawBldg.cpp">
      <Filter>Source Files</Filter>
    </ClCompile>
    <ClCompile Include="DrawBrdg.cpp">
      <Filter>Source Files</Filter>
    </ClCompile>
    <ClCompile Include="Drawbsp.cpp">
      <Filter>Source Files</Filter>
    </ClCompile>
    <ClCompile Include="drawcld.cpp">
      <Filter>Source Files</Filter>
    </ClCompile>
    <ClCompile Include="DrawGrnd.cpp">
      <Filter>Source Files</Filter>
    </ClCompile>
    <ClCompile Include="drawguys.cpp">
      <Filter>Source Files</Filter>
    </ClCompile>
    <ClCompile Include="drawovc.cpp">
      <Filter>Source Files</Filter>
    </ClCompile>
    <ClCompile Include="DrawParticleSys.cpp">
      <Filter>Source Files</Filter>
    </ClCompile>
    <ClCompile Include="DrawPlat.cpp">
      <Filter>Source Files</Filter>
    </ClCompile>
    <ClCompile Include="drawpnt.cpp">
      <Filter>Source Files</Filter>
    </ClCompile>
    <ClCompile Include="drawpole.cpp">
      <Filter>Source Files</Filter>
    </ClCompile>
    <ClCompile Include="drawpuff.cpp">
      <Filter>Source Files</Filter>
    </ClCompile>
    <ClCompile Include="DrawRdbd.cpp">
      <Filter>Source Files</Filter>
    </ClCompile>
    <ClCompile Include="Drawsgmt.cpp">
      <Filter>Source Files</Filter>
    </ClCompile>
    <ClCompile Include="drawshdw.cpp">
      <Filter>Source Files</Filter>
    </ClCompile>
    <ClCompile Include="Drawtrcr.cpp">
      <Filter>Source Files</Filter>
    </ClCompile>
    <ClCompile Include="Drawtrcr_DX.cpp">
      <Filter>Source Files</Filter>
    </ClCompile>
    <ClCompile Include="Objlist.cpp">
      <Filter>Source Files</Filter>
    </ClCompile>
  </ItemGroup>
  <ItemGroup>
    <ClInclude Include="..\Include\draw2d.h">
      <Filter>Header Files</Filter>
    </ClInclude>
    <ClInclude Include="..\include\drawbldg.h">
      <Filter>Header Files</Filter>
    </ClInclude>
    <ClInclude Include="..\include\drawbrdg.h">
      <Filter>Header Files</Filter>
    </ClInclude>
    <ClInclude Include="..\include\drawbsp.h">
      <Filter>Header Files</Filter>
    </ClInclude>
    <ClInclude Include="..\Include\drawcld.h">
      <Filter>Header Files</Filter>
    </ClInclude>
    <ClInclude Include="..\include\drawgrnd.h">
      <Filter>Header Files</Filter>
    </ClInclude>
    <ClInclude Include="..\Include\drawguys.h">
      <Filter>Header Files</Filter>
    </ClInclude>
    <ClInclude Include="..\include\drawobj.h">
      <Filter>Header Files</Filter>
    </ClInclude>
    <ClInclude Include="..\include\drawovc.h">
      <Filter>Header Files</Filter>
    </ClInclude>
    <ClInclude Include="..\Include\DrawParticleSys.h">
      <Filter>Header Files</Filter>
    </ClInclude>
    <ClInclude Include="..\Include\DrawPlat.h">
      <Filter>Header Files</Filter>
    </ClInclude>
    <ClInclude Include="..\Include\drawpnt.h">
      <Filter>Header Files</Filter>
    </ClInclude>
    <ClInclude Include="..\Include\drawpole.h">
      <Filter>Header Files</Filter>
    </ClInclude>
    <ClInclude Include="..\include\drawpuff.h">
      <Filter>Header Files</Filter>
    </ClInclude>
    <ClInclude Include="..\include\drawrdbd.h">
      <Filter>Header Files</Filter>
    </ClInclude>
    <ClInclude Include="..\include\drawsgmt.h">
      <Filter>Header Files</Filter>
    </ClInclude>
    <ClInclude Include="..\Include\drawshdw.h">
      <Filter>Header Files</Filter>
    </ClInclude>
    <ClInclude Include="..\Include\Drawtrcr.h">
      <Filter>Header Files</Filter>
    </ClInclude>
    <ClInclude Include="..\include\objlist.h">
      <Filter>Header Files</Filter>
    </ClInclude>
  </ItemGroup>
</Project>
