<?xml version="1.0" encoding="utf-8"?>
<Project ToolsVersion="4.0" xmlns="http://schemas.microsoft.com/developer/msbuild/2003">
  <ItemGroup>
    <Filter Include="Source Files">
      <UniqueIdentifier>{feae83fb-ca60-470c-8d45-1caaebfa38f0}</UniqueIdentifier>
      <Extensions>cpp;c;cxx;rc;def;r;odl;idl;hpj;bat</Extensions>
    </Filter>
    <Filter Include="Header Files">
      <UniqueIdentifier>{b2e93fe1-de1e-4920-8b16-4287f6fd810a}</UniqueIdentifier>
      <Extensions>h;hpp;hxx;hm;inl</Extensions>
    </Filter>
  </ItemGroup>
  <ItemGroup>
    <ClCompile Include="AIInput.cpp">
      <Filter>Source Files</Filter>
    </ClCompile>
    <ClCompile Include="Asearch.cpp">
      <Filter>Source Files</Filter>
    </ClCompile>
    <ClCompile Include="atcBrain.cpp">
      <Filter>Source Files</Filter>
    </ClCompile>
    <ClCompile Include="CampBase.cpp">
      <Filter>Source Files</Filter>
    </ClCompile>
    <ClCompile Include="Campcell.cpp">
      <Filter>Source Files</Filter>
    </ClCompile>
    <ClCompile Include="CampList.cpp">
      <Filter>Source Files</Filter>
    </ClCompile>
    <ClCompile Include="Campterr.cpp">
      <Filter>Source Files</Filter>
    </ClCompile>
    <ClCompile Include="Campwp.cpp">
      <Filter>Source Files</Filter>
    </ClCompile>
    <ClCompile Include="CmpRadar.cpp">
      <Filter>Source Files</Filter>
    </ClCompile>
    <ClCompile Include="Feature.cpp">
      <Filter>Source Files</Filter>
    </ClCompile>
    <ClCompile Include="Find.cpp">
      <Filter>Source Files</Filter>
    </ClCompile>
    <ClCompile Include="Listadt.cpp">
      <Filter>Source Files</Filter>
    </ClCompile>
    <ClCompile Include="Loadout.cpp">
      <Filter>Source Files</Filter>
    </ClCompile>
    <ClCompile Include="Name.cpp">
      <Filter>Source Files</Filter>
    </ClCompile>
    <ClCompile Include="Objectiv.cpp">
      <Filter>Source Files</Filter>
    </ClCompile>
    <ClCompile Include="Path.cpp">
      <Filter>Source Files</Filter>
    </ClCompile>
    <ClCompile Include="persist.cpp">
      <Filter>Source Files</Filter>
    </ClCompile>
    <ClCompile Include="PtData.cpp">
      <Filter>Source Files</Filter>
    </ClCompile>
    <ClCompile Include="Relation.cpp">
      <Filter>Source Files</Filter>
    </ClCompile>
    <ClCompile Include="Team.cpp">
      <Filter>Source Files</Filter>
    </ClCompile>
    <ClCompile Include="Unit.cpp">
      <Filter>Source Files</Filter>
    </ClCompile>
    <ClCompile Include="Vehicle.cpp">
      <Filter>Source Files</Filter>
    </ClCompile>
  </ItemGroup>
  <ItemGroup>
    <ClInclude Include="..\include\aiinput.h">
      <Filter>Header Files</Filter>
    </ClInclude>
    <ClInclude Include="..\include\airunit.h">
      <Filter>Header Files</Filter>
    </ClInclude>
    <ClInclude Include="..\include\asearch.h">
      <Filter>Header Files</Filter>
    </ClInclude>
    <ClInclude Include="..\..\sim\include\atcbrain.h">
      <Filter>Header Files</Filter>
    </ClInclude>
    <ClInclude Include="..\include\campbase.h">
      <Filter>Header Files</Filter>
    </ClInclude>
    <ClInclude Include="..\include\campcell.h">
      <Filter>Header Files</Filter>
    </ClInclude>
    <ClInclude Include="..\include\camplist.h">
      <Filter>Header Files</Filter>
    </ClInclude>
    <ClInclude Include="..\include\campterr.h">
      <Filter>Header Files</Filter>
    </ClInclude>
    <ClInclude Include="..\Include\Campweap.h">
      <Filter>Header Files</Filter>
    </ClInclude>
    <ClInclude Include="..\include\campwp.h">
      <Filter>Header Files</Filter>
    </ClInclude>
    <ClInclude Include="..\Include\CmpRadar.h">
      <Filter>Header Files</Filter>
    </ClInclude>
    <ClInclude Include="..\include\find.h">
      <Filter>Header Files</Filter>
    </ClInclude>
    <ClInclude Include="..\include\listadt.h">
      <Filter>Header Files</Filter>
    </ClInclude>
    <ClInclude Include="..\include\loadout.h">
      <Filter>Header Files</Filter>
    </ClInclude>
    <ClInclude Include="..\include\objectiv.h">
      <Filter>Header Files</Filter>
    </ClInclude>
    <ClInclude Include="..\Include\Path.h">
      <Filter>Header Files</Filter>
    </ClInclude>
    <ClInclude Include="..\include\persist.h">
      <Filter>Header Files</Filter>
    </ClInclude>
    <ClInclude Include="..\include\ptdata.h">
      <Filter>Header Files</Filter>
    </ClInclude>
    <ClInclude Include="..\include\team.h">
      <Filter>Header Files</Filter>
    </ClInclude>
    <ClInclude Include="..\include\unit.h">
      <Filter>Header Files</Filter>
    </ClInclude>
    <ClInclude Include="..\include\vehicle.h">
      <Filter>Header Files</Filter>
    </ClInclude>
  </ItemGroup>
</Project>
