<?xml version="1.0" encoding="utf-8"?>
<Project ToolsVersion="4.0" xmlns="http://schemas.microsoft.com/developer/msbuild/2003">
  <ItemGroup>
    <Filter Include="Source Files">
      <UniqueIdentifier>{c6c27ae3-88e7-4902-becb-9203d8609a89}</UniqueIdentifier>
      <Extensions>cpp;c;cxx;rc;def;r;odl;idl;hpj;bat</Extensions>
    </Filter>
    <Filter Include="Header Files">
      <UniqueIdentifier>{9f46e3c5-5f24-4503-b9f0-80906c6c3225}</UniqueIdentifier>
      <Extensions>h;hpp;hxx;hm;inl</Extensions>
    </Filter>
  </ItemGroup>
  <ItemGroup>
    <ClCompile Include="BSPnodes.cpp">
      <Filter>Source Files</Filter>
    </ClCompile>
    <ClCompile Include="ColorBank.cpp">
      <Filter>Source Files</Filter>
    </ClCompile>
    <ClCompile Include="ObjectInstance.cpp">
      <Filter>Source Files</Filter>
    </ClCompile>
    <ClCompile Include="ObjectLOD.cpp">
      <Filter>Source Files</Filter>
    </ClCompile>
    <ClCompile Include="ObjectParent.cpp">
      <Filter>Source Files</Filter>
    </ClCompile>
    <ClCompile Include="PalBank.cpp">
      <Filter>Source Files</Filter>
    </ClCompile>
    <ClCompile Include="PolyLib.cpp">
      <Filter>Source Files</Filter>
    </ClCompile>
    <ClCompile Include="PolyLibClip.cpp">
      <Filter>Source Files</Filter>
    </ClCompile>
    <ClCompile Include="PolyLibDraw.cpp">
      <Filter>Source Files</Filter>
    </ClCompile>
    <ClCompile Include="PolyLibRestore.cpp">
      <Filter>Source Files</Filter>
    </ClCompile>
    <ClCompile Include="Scripts.cpp">
      <Filter>Source Files</Filter>
    </ClCompile>
    <ClCompile Include="StateStack.cpp">
      <Filter>Source Files</Filter>
    </ClCompile>
    <ClCompile Include="TexBank.cpp">
      <Filter>Source Files</Filter>
    </ClCompile>
  </ItemGroup>
  <ItemGroup>
    <ClInclude Include="..\Include\BSPnodes.h">
      <Filter>Header Files</Filter>
    </ClInclude>
    <ClInclude Include="..\Include\ClipFlags.h">
      <Filter>Header Files</Filter>
    </ClInclude>
    <ClInclude Include="CobraOptions.h">
      <Filter>Header Files</Filter>
    </ClInclude>
    <ClInclude Include="..\Include\ColorBank.h">
      <Filter>Header Files</Filter>
    </ClInclude>
    <ClInclude Include="..\Include\ObjectInstance.h">
      <Filter>Header Files</Filter>
    </ClInclude>
    <ClInclude Include="..\Include\ObjectLOD.h">
      <Filter>Header Files</Filter>
    </ClInclude>
    <ClInclude Include="..\Include\ObjectParent.h">
      <Filter>Header Files</Filter>
    </ClInclude>
    <ClInclude Include="..\Include\PalBank.h">
      <Filter>Header Files</Filter>
    </ClInclude>
    <ClInclude Include="..\Include\PolyLib.h">
      <Filter>Header Files</Filter>
    </ClInclude>
    <ClInclude Include="..\Include\Scripts.h">
      <Filter>Header Files</Filter>
    </ClInclude>
    <ClInclude Include="..\Include\StateStack.h">
      <Filter>Header Files</Filter>
    </ClInclude>
    <ClInclude Include="..\Include\TexBank.h">
      <Filter>Header Files</Filter>
    </ClInclude>
  </ItemGroup>
</Project>
