<?xml version="1.0" encoding="utf-8"?>
<Project ToolsVersion="4.0" xmlns="http://schemas.microsoft.com/developer/msbuild/2003">
  <ItemGroup>
    <Filter Include="Source Files">
      <UniqueIdentifier>{c9852531-6353-40a3-b504-2ce7574d9b0f}</UniqueIdentifier>
      <Extensions>cpp;c;cxx;rc;def;r;odl;idl;hpj;bat</Extensions>
    </Filter>
    <Filter Include="Header Files">
      <UniqueIdentifier>{55a87c34-7689-43b0-a8ef-557742a092d8}</UniqueIdentifier>
      <Extensions>h;hpp;hxx;hm;inl</Extensions>
    </Filter>
  </ItemGroup>
  <ItemGroup>
    <ClCompile Include="BlankMfd.cpp">
      <Filter>Source Files</Filter>
    </ClCompile>
    <ClCompile Include="Bombsms.cpp">
      <Filter>Source Files</Filter>
    </ClCompile>
    <ClCompile Include="DataInput.cpp">
      <Filter>Source Files</Filter>
    </ClCompile>
    <ClCompile Include="Drawable.cpp">
      <Filter>Source Files</Filter>
    </ClCompile>
    <ClCompile Include="DteMfd.cpp">
      <Filter>Source Files</Filter>
    </ClCompile>
    <ClCompile Include="FlcsMfd.cpp">
      <Filter>Source Files</Filter>
    </ClCompile>
    <ClCompile Include="FlirMfd.cpp">
      <Filter>Source Files</Filter>
    </ClCompile>
    <ClCompile Include="Gndhud.cpp">
      <Filter>Source Files</Filter>
    </ClCompile>
    <ClCompile Include="Gunhud.cpp">
      <Filter>Source Files</Filter>
    </ClCompile>
    <ClCompile Include="Gunsms.cpp">
      <Filter>Source Files</Filter>
    </ClCompile>
    <ClCompile Include="HadMfd.cpp">
      <Filter>Source Files</Filter>
    </ClCompile>
    <ClCompile Include="helpers.cpp">
      <Filter>Source Files</Filter>
    </ClCompile>
    <ClCompile Include="Hud.cpp">
      <Filter>Source Files</Filter>
    </ClCompile>
    <ClCompile Include="InvSms.cpp">
      <Filter>Source Files</Filter>
    </ClCompile>
    <ClCompile Include="Lantirn.cpp">
      <Filter>Source Files</Filter>
    </ClCompile>
    <ClCompile Include="LantMfd.cpp">
      <Filter>Source Files</Filter>
    </ClCompile>
    <ClCompile Include="MenuMfd.cpp">
      <Filter>Source Files</Filter>
    </ClCompile>
    <ClCompile Include="Mfd.cpp">
      <Filter>Source Files</Filter>
    </ClCompile>
    <ClCompile Include="Mislhud.cpp">
      <Filter>Source Files</Filter>
    </ClCompile>
    <ClCompile Include="Mslsms.cpp">
      <Filter>Source Files</Filter>
    </ClCompile>
    <ClCompile Include="navhud.cpp">
      <Filter>Source Files</Filter>
    </ClCompile>
    <ClCompile Include="Sms.cpp">
      <Filter>Source Files</Filter>
    </ClCompile>
    <ClCompile Include="smsdraw.cpp">
      <Filter>Source Files</Filter>
    </ClCompile>
    <ClCompile Include="TestMfd.cpp">
      <Filter>Source Files</Filter>
    </ClCompile>
    <ClCompile Include="TgpMfd.cpp">
      <Filter>Source Files</Filter>
    </ClCompile>
    <ClCompile Include="WpnMfd.cpp">
      <Filter>Source Files</Filter>
    </ClCompile>
  </ItemGroup>
  <ItemGroup>
    <ClInclude Include="..\include\drawable.h">
      <Filter>Header Files</Filter>
    </ClInclude>
    <ClInclude Include="..\INCLUDE\Hardpnt.h">
      <Filter>Header Files</Filter>
    </ClInclude>
    <ClInclude Include="..\include\hud.h">
      <Filter>Header Files</Filter>
    </ClInclude>
    <ClInclude Include="..\Include\lantirn.h">
      <Filter>Header Files</Filter>
    </ClInclude>
    <ClInclude Include="..\include\mfd.h">
      <Filter>Header Files</Filter>
    </ClInclude>
    <ClInclude Include="..\include\sms.h">
      <Filter>Header Files</Filter>
    </ClInclude>
    <ClInclude Include="..\include\smsdraw.h">
      <Filter>Header Files</Filter>
    </ClInclude>
  </ItemGroup>
</Project>
