<?xml version="1.0" encoding="utf-8"?>
<Project ToolsVersion="4.0" xmlns="http://schemas.microsoft.com/developer/msbuild/2003">
  <ItemGroup>
    <Filter Include="Source Files">
      <UniqueIdentifier>{e8c130c3-73a9-4d9a-ac3b-e540a8bfc1c1}</UniqueIdentifier>
      <Extensions>cpp;c;cxx;rc;def;r;odl;idl;hpj;bat</Extensions>
    </Filter>
    <Filter Include="Header Files">
      <UniqueIdentifier>{dc80845f-c699-495a-b2ca-6cd94a37d137}</UniqueIdentifier>
      <Extensions>h;hpp;hxx;hm;inl</Extensions>
    </Filter>
  </ItemGroup>
  <ItemGroup>
    <ClCompile Include="Guns.cpp">
      <Filter>Source Files</Filter>
    </ClCompile>
    <ClCompile Include="gunsfunc.cpp">
      <Filter>Source Files</Filter>
    </ClCompile>
    <ClCompile Include="shells.cpp">
      <Filter>Source Files</Filter>
    </ClCompile>
    <ClCompile Include="tracers.cpp">
      <Filter>Source Files</Filter>
    </ClCompile>
  </ItemGroup>
  <ItemGroup>
    <ClInclude Include="..\include\guns.h">
      <Filter>Header Files</Filter>
    </ClInclude>
  </ItemGroup>
</Project>