<?xml version="1.0" encoding="utf-8"?>
<Project ToolsVersion="4.0" xmlns="http://schemas.microsoft.com/developer/msbuild/2003">
  <ItemGroup>
    <Filter Include="Source Files">
      <UniqueIdentifier>{c701da64-fdfe-4a14-bc20-f83735e0854e}</UniqueIdentifier>
      <Extensions>cpp;c;cxx;rc;def;r;odl;idl;hpj;bat</Extensions>
    </Filter>
    <Filter Include="Header Files">
      <UniqueIdentifier>{c804133b-84a5-45c4-9faf-fe9d2c8bdb84}</UniqueIdentifier>
      <Extensions>h;hpp;hxx;hm;inl</Extensions>
    </Filter>
  </ItemGroup>
  <ItemGroup>
    <ClCompile Include="Beam.cpp">
      <Filter>Source Files</Filter>
    </ClCompile>
    <ClCompile Include="BeamRider.cpp">
      <Filter>Source Files</Filter>
    </ClCompile>
    <ClCompile Include="Bscope.cpp">
      <Filter>Source Files</Filter>
    </ClCompile>
    <ClCompile Include="Detect.cpp">
      <Filter>Source Files</Filter>
    </ClCompile>
    <ClCompile Include="GMScope.cpp">
      <Filter>Source Files</Filter>
    </ClCompile>
    <ClCompile Include="Modes.cpp">
      <Filter>Source Files</Filter>
    </ClCompile>
    <ClCompile Include="Radar.cpp">
      <Filter>Source Files</Filter>
    </ClCompile>
    <ClCompile Include="Radar360.cpp">
      <Filter>Source Files</Filter>
    </ClCompile>
    <ClCompile Include="RadarAGOnly.cpp">
      <Filter>Source Files</Filter>
    </ClCompile>
    <ClCompile Include="RadarDigi.cpp">
      <Filter>Source Files</Filter>
    </ClCompile>
    <ClCompile Include="RadarDoppler.cpp">
      <Filter>Source Files</Filter>
    </ClCompile>
    <ClCompile Include="RadarMissile.cpp">
      <Filter>Source Files</Filter>
    </ClCompile>
    <ClCompile Include="RadarSuper.cpp">
      <Filter>Source Files</Filter>
    </ClCompile>
    <ClCompile Include="State.cpp">
      <Filter>Source Files</Filter>
    </ClCompile>
  </ItemGroup>
  <ItemGroup>
    <ClInclude Include="..\Include\BeamRider.h">
      <Filter>Header Files</Filter>
    </ClInclude>
    <ClInclude Include="..\include\radar.h">
      <Filter>Header Files</Filter>
    </ClInclude>
    <ClInclude Include="..\include\radar360.h">
      <Filter>Header Files</Filter>
    </ClInclude>
    <ClInclude Include="..\include\radaragonly.h">
      <Filter>Header Files</Filter>
    </ClInclude>
    <ClInclude Include="..\include\radardata.h">
      <Filter>Header Files</Filter>
    </ClInclude>
    <ClInclude Include="..\include\radardigi.h">
      <Filter>Header Files</Filter>
    </ClInclude>
    <ClInclude Include="..\include\radardoppler.h">
      <Filter>Header Files</Filter>
    </ClInclude>
    <ClInclude Include="..\Include\RadarMissile.h">
      <Filter>Header Files</Filter>
    </ClInclude>
    <ClInclude Include="..\include\radarsuper.h">
      <Filter>Header Files</Filter>
    </ClInclude>
  </ItemGroup>
</Project>