<?xml version="1.0" encoding="utf-8"?>
<Project ToolsVersion="4.0" xmlns="http://schemas.microsoft.com/developer/msbuild/2003">
  <ItemGroup>
    <Filter Include="Source Files">
      <UniqueIdentifier>{2346635d-91a5-4cdf-9d93-1826ff7beed5}</UniqueIdentifier>
      <Extensions>cpp;c;cxx;rc;def;r;odl;idl;hpj;bat</Extensions>
    </Filter>
    <Filter Include="Header Files">
      <UniqueIdentifier>{a3a48dc3-4302-49d3-b365-76d38ab48e89}</UniqueIdentifier>
      <Extensions>h;hpp;hxx;hm;inl</Extensions>
    </Filter>
  </ItemGroup>
  <ItemGroup>
    <ClCompile Include="access.cpp">
      <Filter>Source Files</Filter>
    </ClCompile>
    <ClCompile Include="addobj.cpp">
      <Filter>Source Files</Filter>
    </ClCompile>
    <ClCompile Include="cockpit.cpp">
      <Filter>Source Files</Filter>
    </ClCompile>
    <ClCompile Include="DrawObjs.cpp">
      <Filter>Source Files</Filter>
    </ClCompile>
    <ClCompile Include="External.cpp">
      <Filter>Source Files</Filter>
    </ClCompile>
    <ClCompile Include="eyeFly.cpp">
      <Filter>Source Files</Filter>
    </ClCompile>
    <ClCompile Include="Menus.cpp">
      <Filter>Source Files</Filter>
    </ClCompile>
    <ClCompile Include="Otwdrive.cpp">
      <Filter>Source Files</Filter>
    </ClCompile>
    <ClCompile Include="Otwlist.cpp">
      <Filter>Source Files</Filter>
    </ClCompile>
    <ClCompile Include="otwloop.cpp">
      <Filter>Source Files</Filter>
    </ClCompile>
    <ClCompile Include="padefov.cpp">
      <Filter>Source Files</Filter>
    </ClCompile>
    <ClCompile Include="padf3.cpp">
      <Filter>Source Files</Filter>
    </ClCompile>
    <ClCompile Include="Padlock.cpp">
      <Filter>Source Files</Filter>
    </ClCompile>
    <ClCompile Include="RadioSubTitle.cpp">
      <Filter>Source Files</Filter>
    </ClCompile>
    <ClCompile Include="Sfx.cpp">
      <Filter>Source Files</Filter>
    </ClCompile>
    <ClCompile Include="splash.cpp">
      <Filter>Source Files</Filter>
    </ClCompile>
    <ClCompile Include="usrinput.cpp">
      <Filter>Source Files</Filter>
    </ClCompile>
    <ClCompile Include="vcock.cpp">
      <Filter>Source Files</Filter>
    </ClCompile>
    <ClCompile Include="vdials.cpp">
      <Filter>Source Files</Filter>
    </ClCompile>
    <ClCompile Include="xfrm.cpp">
      <Filter>Source Files</Filter>
    </ClCompile>
  </ItemGroup>
  <ItemGroup>
    <ClInclude Include="..\INCLUDE\IVibeData.h">
      <Filter>Header Files</Filter>
    </ClInclude>
    <ClInclude Include="..\Include\Otwdrive.h">
      <Filter>Header Files</Filter>
    </ClInclude>
    <ClInclude Include="..\..\FALCLIB\INCLUDE\RadioSubTitle.h">
      <Filter>Header Files</Filter>
    </ClInclude>
    <ClInclude Include="..\Include\Sfx.h">
      <Filter>Header Files</Filter>
    </ClInclude>
    <ClInclude Include="..\Include\vdial.h">
      <Filter>Header Files</Filter>
    </ClInclude>
  </ItemGroup>
</Project>
