<?xml version="1.0" encoding="utf-8"?>
<Project ToolsVersion="4.0" xmlns="http://schemas.microsoft.com/developer/msbuild/2003">
  <ItemGroup>
    <Filter Include="Source Files">
      <UniqueIdentifier>{fc49fd42-e41f-4009-a588-667c839a047b}</UniqueIdentifier>
      <Extensions>cpp;c;cxx;rc;def;r;odl;idl;hpj;bat</Extensions>
    </Filter>
    <Filter Include="Header Files">
      <UniqueIdentifier>{bc3cc427-ceae-4b56-8650-416999f3b938}</UniqueIdentifier>
      <Extensions>h;hpp;hxx;hm;inl</Extensions>
    </Filter>
  </ItemGroup>
  <ItemGroup>
    <ClCompile Include="Icp.cpp">
      <Filter>Source Files</Filter>
    </ClCompile>
    <ClCompile Include="IcpALOW.cpp">
      <Filter>Source Files</Filter>
    </ClCompile>
    <ClCompile Include="IcpBackup.cpp">
      <Filter>Source Files</Filter>
    </ClCompile>
    <ClCompile Include="IcpCNI.cpp">
      <Filter>Source Files</Filter>
    </ClCompile>
    <ClCompile Include="IcpCNISwitch.cpp">
      <Filter>Source Files</Filter>
    </ClCompile>
    <ClCompile Include="IcpCOMM.cpp">
      <Filter>Source Files</Filter>
    </ClCompile>
    <ClCompile Include="IcpCRUS.cpp">
      <Filter>Source Files</Filter>
    </ClCompile>
    <ClCompile Include="IcpDLINK.cpp">
      <Filter>Source Files</Filter>
    </ClCompile>
    <ClCompile Include="IcpEnter.cpp">
      <Filter>Source Files</Filter>
    </ClCompile>
    <ClCompile Include="IcpFACK.cpp">
      <Filter>Source Files</Filter>
    </ClCompile>
    <ClCompile Include="IcpIFF.cpp">
      <Filter>Source Files</Filter>
    </ClCompile>
    <ClCompile Include="IcpILS.cpp">
      <Filter>Source Files</Filter>
    </ClCompile>
    <ClCompile Include="IcpLIST.cpp">
      <Filter>Source Files</Filter>
    </ClCompile>
    <ClCompile Include="IcpMARK.cpp">
      <Filter>Source Files</Filter>
    </ClCompile>
    <ClCompile Include="IcpMisc.cpp">
      <Filter>Source Files</Filter>
    </ClCompile>
    <ClCompile Include="IcpMiscFuncs.cpp">
      <Filter>Source Files</Filter>
    </ClCompile>
    <ClCompile Include="IcpNumbers.cpp">
      <Filter>Source Files</Filter>
    </ClCompile>
    <ClCompile Include="IcpSTPT.cpp">
      <Filter>Source Files</Filter>
    </ClCompile>
    <ClCompile Include="magvar.c">
      <Filter>Source Files</Filter>
    </ClCompile>
    <ClCompile Include="ScratchPad.cpp">
      <Filter>Source Files</Filter>
    </ClCompile>
  </ItemGroup>
  <ItemGroup>
    <ClInclude Include="..\include\icp.h">
      <Filter>Header Files</Filter>
    </ClInclude>
  </ItemGroup>
</Project>
