<?xml version="1.0" encoding="utf-8"?>
<Project ToolsVersion="4.0" xmlns="http://schemas.microsoft.com/developer/msbuild/2003">
  <ItemGroup>
    <Filter Include="Source Files">
      <UniqueIdentifier>{22ee6540-d47d-4dd1-addc-6995ecb3e74c}</UniqueIdentifier>
      <Extensions>cpp;c;cxx;rc;def;r;odl;idl;hpj;bat</Extensions>
    </Filter>
    <Filter Include="Header Files">
      <UniqueIdentifier>{870aca65-da58-4894-bd24-e00b22c0f181}</UniqueIdentifier>
      <Extensions>h;hpp;hxx;hm;inl</Extensions>
    </Filter>
  </ItemGroup>
  <ItemGroup>
    <ClCompile Include="Aero.cpp">
      <Filter>Source Files</Filter>
    </ClCompile>
    <ClCompile Include="afsimple.cpp">
      <Filter>Source Files</Filter>
    </ClCompile>
    <ClCompile Include="Airframe.cpp">
      <Filter>Source Files</Filter>
    </ClCompile>
    <ClCompile Include="Atmos.cpp">
      <Filter>Source Files</Filter>
    </ClCompile>
    <ClCompile Include="Axial.cpp">
      <Filter>Source Files</Filter>
    </ClCompile>
    <ClCompile Include="Cruise.cpp">
      <Filter>Source Files</Filter>
    </ClCompile>
    <ClCompile Include="Engine.cpp">
      <Filter>Source Files</Filter>
    </ClCompile>
    <ClCompile Include="Eom.cpp">
      <Filter>Source Files</Filter>
    </ClCompile>
    <ClCompile Include="Fcs.cpp">
      <Filter>Source Files</Filter>
    </ClCompile>
    <ClCompile Include="Gain.cpp">
      <Filter>Source Files</Filter>
    </ClCompile>
    <ClCompile Include="Gear.cpp">
      <Filter>Source Files</Filter>
    </ClCompile>
    <ClCompile Include="Init.cpp">
      <Filter>Source Files</Filter>
    </ClCompile>
    <ClCompile Include="limiters.cpp">
      <Filter>Source Files</Filter>
    </ClCompile>
    <ClCompile Include="Meters.cpp">
      <Filter>Source Files</Filter>
    </ClCompile>
    <ClCompile Include="Pitch.cpp">
      <Filter>Source Files</Filter>
    </ClCompile>
    <ClCompile Include="Readin.cpp">
      <Filter>Source Files</Filter>
    </ClCompile>
    <ClCompile Include="Roll.cpp">
      <Filter>Source Files</Filter>
    </ClCompile>
    <ClCompile Include="SuperSimple.cpp">
      <Filter>Source Files</Filter>
    </ClCompile>
    <ClCompile Include="Trig.cpp">
      <Filter>Source Files</Filter>
    </ClCompile>
    <ClCompile Include="Trim.cpp">
      <Filter>Source Files</Filter>
    </ClCompile>
    <ClCompile Include="Turbulence.cpp">
      <Filter>Source Files</Filter>
    </ClCompile>
    <ClCompile Include="Yaw.cpp">
      <Filter>Source Files</Filter>
    </ClCompile>
  </ItemGroup>
  <ItemGroup>
    <ClInclude Include="..\include\airframe.h">
      <Filter>Header Files</Filter>
    </ClInclude>
    <ClInclude Include="..\Include\Arfrmdat.h">
      <Filter>Header Files</Filter>
    </ClInclude>
    <ClInclude Include="..\INCLUDE\Limiters.h">
      <Filter>Header Files</Filter>
    </ClInclude>
  </ItemGroup>
</Project>
