<?xml version="1.0" encoding="utf-8"?>
<Project ToolsVersion="4.0" xmlns="http://schemas.microsoft.com/developer/msbuild/2003">
  <ItemGroup>
    <Filter Include="Source Files">
      <UniqueIdentifier>{cf4804f5-296a-46d2-8ae6-beb8d0cfe86d}</UniqueIdentifier>
      <Extensions>cpp;c;cxx;rc;def;r;odl;idl;hpj;bat</Extensions>
    </Filter>
    <Filter Include="Header Files">
      <UniqueIdentifier>{9945b882-d141-4e6b-b12b-aeb0b0797d4d}</UniqueIdentifier>
      <Extensions>h;hpp;hxx;hm;inl</Extensions>
    </Filter>
    <Filter Include="Resource Files">
      <UniqueIdentifier>{3a793b86-f354-418f-9622-ab474a0ad8f9}</UniqueIdentifier>
      <Extensions>ico;cur;bmp;dlg;rc2;rct;bin;rgs;gif;jpg;jpeg;jpe</Extensions>
    </Filter>
  </ItemGroup>
  <ItemGroup>
    <ClCompile Include="..\FALCLIB\AList.cpp">
      <Filter>Source Files</Filter>
    </ClCompile>
    <ClCompile Include="..\CAMPAIGN\CAMPUI\CampStr.cpp">
      <Filter>Source Files</Filter>
    </ClCompile>
    <ClCompile Include="..\TOOLS\MONO\Debuggr.cpp">
      <Filter>Source Files</Filter>
    </ClCompile>
    <ClCompile Include="..\FALCLIB\dispcfg.cpp">
      <Filter>Source Files</Filter>
    </ClCompile>
    <ClCompile Include="..\FALCLIB\dispopts.cpp">
      <Filter>Source Files</Filter>
    </ClCompile>
    <ClCompile Include="F4Compress.cpp">
      <Filter>Source Files</Filter>
    </ClCompile>
    <ClCompile Include="..\UI\SRC\F4Config.cpp">
      <Filter>Source Files</Filter>
    </ClCompile>
    <ClCompile Include="..\FALCLIB\F4find.cpp">
      <Filter>Source Files</Filter>
    </ClCompile>
    <ClCompile Include="..\SIM\SIMLIB\File.cpp">
      <Filter>Source Files</Filter>
    </ClCompile>
    <ClCompile Include="..\FALCLIB\FileMemMap.cpp">
      <Filter>Source Files</Filter>
    </ClCompile>
    <ClCompile Include="..\codelib\resources\reslib\src\inflate.c">
      <Filter>Source Files</Filter>
    </ClCompile>
    <ClCompile Include="..\codelib\tools\lists\lists.c">
      <Filter>Source Files</Filter>
    </ClCompile>
    <ClCompile Include="..\utils\lzss.cpp">
      <Filter>Source Files</Filter>
    </ClCompile>
    <ClCompile Include="..\FALCLIB\openfile.cpp">
      <Filter>Source Files</Filter>
    </ClCompile>
    <ClCompile Include="PlayerOp.cpp">
      <Filter>Source Files</Filter>
    </ClCompile>
    <ClCompile Include="..\codelib\resources\reslib\src\resmgr.c">
      <Filter>Source Files</Filter>
    </ClCompile>
    <ClCompile Include="TheaterDef.cpp">
      <Filter>Source Files</Filter>
    </ClCompile>
    <ClCompile Include="..\FALCLIB\Token.cpp">
      <Filter>Source Files</Filter>
    </ClCompile>
    <ClCompile Include="..\codelib\resources\reslib\src\unzip.c">
      <Filter>Source Files</Filter>
    </ClCompile>
  </ItemGroup>
  <ItemGroup>
    <ClInclude Include="..\Graphics\Include\F4Compress.h">
      <Filter>Header Files</Filter>
    </ClInclude>
  </ItemGroup>
  <ItemGroup>
    <ResourceCompile Include="F4Compress.rc">
      <Filter>Resource Files</Filter>
    </ResourceCompile>
  </ItemGroup>
  <ItemGroup>
    <None Include="icon1.ico">
      <Filter>Resource Files</Filter>
    </None>
  </ItemGroup>
</Project>