<?xml version="1.0" encoding="utf-8"?>
<Project ToolsVersion="4.0" xmlns="http://schemas.microsoft.com/developer/msbuild/2003">
  <ItemGroup>
    <Filter Include="Source Files">
      <UniqueIdentifier>{0f984250-4fe8-48a4-baf8-66a4d3344529}</UniqueIdentifier>
      <Extensions>cpp;c;cxx;rc;def;r;odl;idl;hpj;bat</Extensions>
    </Filter>
    <Filter Include="Header Files">
      <UniqueIdentifier>{28b935da-3ea6-4f10-b200-3f85155ff3a3}</UniqueIdentifier>
      <Extensions>h;hpp;hxx;hm;inl</Extensions>
    </Filter>
  </ItemGroup>
  <ItemGroup>
    <ClCompile Include="h_Damage.cpp">
      <Filter>Source Files</Filter>
    </ClCompile>
    <ClCompile Include="h_Doweapon.cpp">
      <Filter>Source Files</Filter>
    </ClCompile>
    <ClCompile Include="h_Inputs.cpp">
      <Filter>Source Files</Filter>
    </ClCompile>
    <ClCompile Include="HeliMain.cpp">
      <Filter>Source Files</Filter>
    </ClCompile>
    <ClCompile Include="Helimm.cpp">
      <Filter>Source Files</Filter>
    </ClCompile>
  </ItemGroup>
  <ItemGroup>
    <ClInclude Include="..\Include\Helimm.h">
      <Filter>Header Files</Filter>
    </ClInclude>
    <ClInclude Include="..\Include\Helo.h">
      <Filter>Header Files</Filter>
    </ClInclude>
  </ItemGroup>
</Project>
