<?xml version="1.0" encoding="utf-8"?>
<Project ToolsVersion="4.0" xmlns="http://schemas.microsoft.com/developer/msbuild/2003">
  <ItemGroup>
    <Filter Include="Source Files">
      <UniqueIdentifier>{44414315-c6eb-47cd-bab0-b07686d7320f}</UniqueIdentifier>
      <Extensions>cpp;c;cxx;rc;def;r;odl;idl;hpj;bat</Extensions>
    </Filter>
    <Filter Include="Header Files">
      <UniqueIdentifier>{2ea4fece-4949-4aa6-a182-a7b6fcda0530}</UniqueIdentifier>
      <Extensions>h;hpp;hxx;hm;inl</Extensions>
    </Filter>
  </ItemGroup>
  <ItemGroup>
    <ClCompile Include="AdvancedHTS.cpp">
      <Filter>Source Files</Filter>
    </ClCompile>
    <ClCompile Include="ALR56.cpp">
      <Filter>Source Files</Filter>
    </ClCompile>
    <ClCompile Include="Detect.cpp">
      <Filter>Source Files</Filter>
    </ClCompile>
    <ClCompile Include="EasyHTS.cpp">
      <Filter>Source Files</Filter>
    </ClCompile>
    <ClCompile Include="HarmPod.cpp">
      <Filter>Source Files</Filter>
    </ClCompile>
    <ClCompile Include="HarmSeeker.cpp">
      <Filter>Source Files</Filter>
    </ClCompile>
    <ClCompile Include="PlayerRWR.cpp">
      <Filter>Source Files</Filter>
    </ClCompile>
    <ClCompile Include="Rwr.cpp">
      <Filter>Source Files</Filter>
    </ClCompile>
    <ClCompile Include="tracklst.cpp">
      <Filter>Source Files</Filter>
    </ClCompile>
    <ClCompile Include="VehRwr.cpp">
      <Filter>Source Files</Filter>
    </ClCompile>
  </ItemGroup>
  <ItemGroup>
    <ClInclude Include="..\include\advancedhts.h">
      <Filter>Header Files</Filter>
    </ClInclude>
    <ClInclude Include="..\include\alr56.h">
      <Filter>Header Files</Filter>
    </ClInclude>
    <ClInclude Include="..\include\easyhts.h">
      <Filter>Header Files</Filter>
    </ClInclude>
    <ClInclude Include="..\include\harmpod.h">
      <Filter>Header Files</Filter>
    </ClInclude>
    <ClInclude Include="..\Include\HarmSeeker.h">
      <Filter>Header Files</Filter>
    </ClInclude>
    <ClInclude Include="..\include\playerrwr.h">
      <Filter>Header Files</Filter>
    </ClInclude>
    <ClInclude Include="..\include\rwr.h">
      <Filter>Header Files</Filter>
    </ClInclude>
    <ClInclude Include="..\include\rwrdata.h">
      <Filter>Header Files</Filter>
    </ClInclude>
    <ClInclude Include="..\include\vehrwr.h">
      <Filter>Header Files</Filter>
    </ClInclude>
  </ItemGroup>
</Project>