<?xml version="1.0" encoding="utf-8"?>
<Project ToolsVersion="4.0" xmlns="http://schemas.microsoft.com/developer/msbuild/2003">
  <ItemGroup>
    <Filter Include="Source Files">
      <UniqueIdentifier>{845fdc24-0e54-41bf-a9cb-3be7bfc72157}</UniqueIdentifier>
      <Extensions>cpp;c;cxx;rc;def;r;odl;idl;hpj;bat</Extensions>
    </Filter>
    <Filter Include="Header Files">
      <UniqueIdentifier>{c6926d07-9693-482b-80e9-510dbeb6a6a4}</UniqueIdentifier>
      <Extensions>h;hpp;hxx;hm;inl</Extensions>
    </Filter>
  </ItemGroup>
  <ItemGroup>
    <ClCompile Include="eyeball.cpp">
      <Filter>Source Files</Filter>
    </ClCompile>
    <ClCompile Include="laserpod.cpp">
      <Filter>Source Files</Filter>
    </ClCompile>
    <ClCompile Include="Visual.cpp">
      <Filter>Source Files</Filter>
    </ClCompile>
  </ItemGroup>
  <ItemGroup>
    <ClInclude Include="..\include\eyeball.h">
      <Filter>Header Files</Filter>
    </ClInclude>
    <ClInclude Include="..\include\laserpod.h">
      <Filter>Header Files</Filter>
    </ClInclude>
    <ClInclude Include="..\include\visual.h">
      <Filter>Header Files</Filter>
    </ClInclude>
  </ItemGroup>
</Project>