<?xml version="1.0" encoding="utf-8"?>
<Project ToolsVersion="4.0" xmlns="http://schemas.microsoft.com/developer/msbuild/2003">
  <ItemGroup>
    <Filter Include="Source Files">
      <UniqueIdentifier>{b185b4ba-4b81-4e36-abf3-1088e88337fb}</UniqueIdentifier>
      <Extensions>cpp;c;cxx;rc;def;r;odl;idl;hpj;bat</Extensions>
    </Filter>
    <Filter Include="Header Files">
      <UniqueIdentifier>{7ddd3601-6286-45a0-828e-f47e60af4602}</UniqueIdentifier>
      <Extensions>h;hpp;hxx;hm;inl</Extensions>
    </Filter>
  </ItemGroup>
  <ItemGroup>
    <ClCompile Include="MsgSrc\AddSFXMessage.cpp">
      <Filter>Source Files</Filter>
    </ClCompile>
    <ClCompile Include="MsgSrc\AirAIModeChange.cpp">
      <Filter>Source Files</Filter>
    </ClCompile>
    <ClCompile Include="MsgSrc\AirTaskingMsg.cpp">
      <Filter>Source Files</Filter>
    </ClCompile>
    <ClCompile Include="AList.cpp">
      <Filter>Source Files</Filter>
    </ClCompile>
    <ClCompile Include="MsgSrc\ATCCmdMsg.cpp">
      <Filter>Source Files</Filter>
    </ClCompile>
    <ClCompile Include="MsgSrc\ATCMsg.cpp">
      <Filter>Source Files</Filter>
    </ClCompile>
    <ClCompile Include="MsgSrc\AWACSMsg.cpp">
      <Filter>Source Files</Filter>
    </ClCompile>
    <ClCompile Include="..\utils\bitio.cpp">
      <Filter>Source Files</Filter>
    </ClCompile>
    <ClCompile Include="MsgSrc\CampDataMsg.cpp">
      <Filter>Source Files</Filter>
    </ClCompile>
    <ClCompile Include="MsgSrc\CampDirtyDataMsg.cpp">
      <Filter>Source Files</Filter>
    </ClCompile>
    <ClCompile Include="MsgSrc\CampEventDataMsg.cpp">
      <Filter>Source Files</Filter>
    </ClCompile>
    <ClCompile Include="MsgSrc\CampEventMsg.cpp">
      <Filter>Source Files</Filter>
    </ClCompile>
    <ClCompile Include="MsgSrc\CampMsg.cpp">
      <Filter>Source Files</Filter>
    </ClCompile>
    <ClCompile Include="MsgSrc\CampTaskingMsg.cpp">
      <Filter>Source Files</Filter>
    </ClCompile>
    <ClCompile Include="MsgSrc\CampWeaponFireMsg.cpp">
      <Filter>Source Files</Filter>
    </ClCompile>
    <ClCompile Include="classtbl.cpp">
      <Filter>Source Files</Filter>
    </ClCompile>
    <ClCompile Include="MsgSrc\ControlSurfaceMsg.cpp">
      <Filter>Source Files</Filter>
    </ClCompile>
    <ClCompile Include="MsgSrc\DamageMsg.cpp">
      <Filter>Source Files</Filter>
    </ClCompile>
    <ClCompile Include="MsgSrc\DeathMessage.cpp">
      <Filter>Source Files</Filter>
    </ClCompile>
    <ClCompile Include="dispcfg.cpp">
      <Filter>Source Files</Filter>
    </ClCompile>
    <ClCompile Include="dispopts.cpp">
      <Filter>Source Files</Filter>
    </ClCompile>
    <ClCompile Include="MsgSrc\DivertMsg.cpp">
      <Filter>Source Files</Filter>
    </ClCompile>
    <ClCompile Include="MsgSrc\DLinkMsg.cpp">
      <Filter>Source Files</Filter>
    </ClCompile>
    <ClCompile Include="..\voicecomunication\dxutil.cpp">
      <Filter>Source Files</Filter>
    </ClCompile>
    <ClCompile Include="ehandler.cpp">
      <Filter>Source Files</Filter>
    </ClCompile>
    <ClCompile Include="MsgSrc\EjectMsg.cpp">
      <Filter>Source Files</Filter>
    </ClCompile>
    <ClCompile Include="Entity.cpp">
      <Filter>Source Files</Filter>
    </ClCompile>
    <ClCompile Include="F4Comms.cpp">
      <Filter>Source Files</Filter>
    </ClCompile>
    <ClCompile Include="F4find.cpp">
      <Filter>Source Files</Filter>
    </ClCompile>
    <ClCompile Include="F4VU.cpp">
      <Filter>Source Files</Filter>
    </ClCompile>
    <ClCompile Include="MsgSrc\FACMsg.cpp">
      <Filter>Source Files</Filter>
    </ClCompile>
    <ClCompile Include="falcent.cpp">
      <Filter>Source Files</Filter>
    </ClCompile>
    <ClCompile Include="FalcGame.cpp">
      <Filter>Source Files</Filter>
    </ClCompile>
    <ClCompile Include="FalcList.cpp">
      <Filter>Source Files</Filter>
    </ClCompile>
    <ClCompile Include="falcmem.cpp">
      <Filter>Source Files</Filter>
    </ClCompile>
    <ClCompile Include="Falcmesg.cpp">
      <Filter>Source Files</Filter>
    </ClCompile>
    <ClCompile Include="MsgSrc\FalconFlightPlanMsg.cpp">
      <Filter>Source Files</Filter>
    </ClCompile>
    <ClCompile Include="FalcSess.cpp">
      <Filter>Source Files</Filter>
    </ClCompile>
    <ClCompile Include="FileMap.cpp">
      <Filter>Source Files</Filter>
    </ClCompile>
    <ClCompile Include="FileMemMap.cpp">
      <Filter>Source Files</Filter>
    </ClCompile>
    <ClCompile Include="GetSimObjectData.cpp">
      <Filter>Source Files</Filter>
    </ClCompile>
    <ClCompile Include="MsgSrc\GndTaskingMsg.cpp">
      <Filter>Source Files</Filter>
    </ClCompile>
    <ClCompile Include="MsgSrc\GraphicsTextDisplayMsg.cpp">
      <Filter>Source Files</Filter>
    </ClCompile>
    <ClCompile Include="MsgSrc\LandingMessage.cpp">
      <Filter>Source Files</Filter>
    </ClCompile>
    <ClCompile Include="MsgSrc\LaserDesignateMsg.cpp">
      <Filter>Source Files</Filter>
    </ClCompile>
    <ClCompile Include="LookupTable.cpp">
      <Filter>Source Files</Filter>
    </ClCompile>
    <ClCompile Include="..\utils\lzss.cpp">
      <Filter>Source Files</Filter>
    </ClCompile>
    <ClCompile Include="mddriver.cpp">
      <Filter>Source Files</Filter>
    </ClCompile>
    <ClCompile Include="mesg.cpp">
      <Filter>Source Files</Filter>
    </ClCompile>
    <ClCompile Include="mesgstr.cpp">
      <Filter>Source Files</Filter>
    </ClCompile>
    <ClCompile Include="messages.cpp">
      <Filter>Source Files</Filter>
    </ClCompile>
    <ClCompile Include="MsgSrc\MissileEndMsg.cpp">
      <Filter>Source Files</Filter>
    </ClCompile>
    <ClCompile Include="MsgSrc\MissionRequestMsg.cpp">
      <Filter>Source Files</Filter>
    </ClCompile>
    <ClCompile Include="MsgSrc\NavalTaskingMsg.cpp">
      <Filter>Source Files</Filter>
    </ClCompile>
    <ClCompile Include="MsgSrc\ObjectiveMsg.cpp">
      <Filter>Source Files</Filter>
    </ClCompile>
    <ClCompile Include="PlayerOp.cpp">
      <Filter>Source Files</Filter>
    </ClCompile>
    <ClCompile Include="MsgSrc\PlayerStatusMsg.cpp">
      <Filter>Source Files</Filter>
    </ClCompile>
    <ClCompile Include="prof_gather.c">
      <Filter>Source Files</Filter>
    </ClCompile>
    <ClCompile Include="prof_process.c">
      <Filter>Source Files</Filter>
    </ClCompile>
    <ClCompile Include="prof_win32.c">
      <Filter>Source Files</Filter>
    </ClCompile>
    <ClCompile Include="MsgSrc\RadioChatterMsg.cpp">
      <Filter>Source Files</Filter>
    </ClCompile>
    <ClCompile Include="MsgSrc\RegenerationMsg.cpp">
      <Filter>Source Files</Filter>
    </ClCompile>
    <ClCompile Include="MsgSrc\RequestAircraftSlot.cpp">
      <Filter>Source Files</Filter>
    </ClCompile>
    <ClCompile Include="MsgSrc\RequestCampaignData.cpp">
      <Filter>Source Files</Filter>
    </ClCompile>
    <ClCompile Include="MsgSrc\RequestDogfightInfo.cpp">
      <Filter>Source Files</Filter>
    </ClCompile>
    <ClCompile Include="MsgSrc\RequestDogfightSlot.cpp">
      <Filter>Source Files</Filter>
    </ClCompile>
    <ClCompile Include="MsgSrc\RequestLogbook.cpp">
      <Filter>Source Files</Filter>
    </ClCompile>
    <ClCompile Include="MsgSrc\RequestObject.cpp">
      <Filter>Source Files</Filter>
    </ClCompile>
    <ClCompile Include="MsgSrc\RequestSimMoverPosition.cpp">
      <Filter>Source Files</Filter>
    </ClCompile>
    <ClCompile Include="MsgSrc\RequestStatusMsg.cpp">
      <Filter>Source Files</Filter>
    </ClCompile>
    <ClCompile Include="rules.cpp">
      <Filter>Source Files</Filter>
    </ClCompile>
    <ClCompile Include="MsgSrc\SendAircraftSlot.cpp">
      <Filter>Source Files</Filter>
    </ClCompile>
    <ClCompile Include="MsgSrc\SendCampaignMsg.cpp">
      <Filter>Source Files</Filter>
    </ClCompile>
    <ClCompile Include="MsgSrc\SendChatMessage.cpp">
      <Filter>Source Files</Filter>
    </ClCompile>
    <ClCompile Include="MsgSrc\SendDogfightInfo.cpp">
      <Filter>Source Files</Filter>
    </ClCompile>
    <ClCompile Include="MsgSrc\SendDogfightSlot.cpp">
      <Filter>Source Files</Filter>
    </ClCompile>
    <ClCompile Include="MsgSrc\SendEvalMsg.cpp">
      <Filter>Source Files</Filter>
    </ClCompile>
    <ClCompile Include="MsgSrc\SendImage.cpp">
      <Filter>Source Files</Filter>
    </ClCompile>
    <ClCompile Include="MsgSrc\SendLogbook.cpp">
      <Filter>Source Files</Filter>
    </ClCompile>
    <ClCompile Include="MsgSrc\SendObjData.cpp">
      <Filter>Source Files</Filter>
    </ClCompile>
    <ClCompile Include="MsgSrc\SendPersistantList.cpp">
      <Filter>Source Files</Filter>
    </ClCompile>
    <ClCompile Include="MsgSrc\SendSimMoverPosition.cpp">
      <Filter>Source Files</Filter>
    </ClCompile>
    <ClCompile Include="MsgSrc\senduimsg.cpp">
      <Filter>Source Files</Filter>
    </ClCompile>
    <ClCompile Include="MsgSrc\SendUnitData.cpp">
      <Filter>Source Files</Filter>
    </ClCompile>
    <ClCompile Include="MsgSrc\SendVCMsg.cpp">
      <Filter>Source Files</Filter>
    </ClCompile>
    <ClCompile Include="MsgSrc\SimCampMsg.cpp">
      <Filter>Source Files</Filter>
    </ClCompile>
    <ClCompile Include="MsgSrc\SimDataToggle.cpp">
      <Filter>Source Files</Filter>
    </ClCompile>
    <ClCompile Include="MsgSrc\SimDirtyDataMsg.cpp">
      <Filter>Source Files</Filter>
    </ClCompile>
    <ClCompile Include="MsgSrc\SimTimingMsg.cpp">
      <Filter>Source Files</Filter>
    </ClCompile>
    <ClCompile Include="MsgSrc\TankerMsg.cpp">
      <Filter>Source Files</Filter>
    </ClCompile>
    <ClCompile Include="MsgSrc\TeamMsg.cpp">
      <Filter>Source Files</Filter>
    </ClCompile>
    <ClCompile Include="TheaterDef.cpp">
      <Filter>Source Files</Filter>
    </ClCompile>
    <ClCompile Include="ThreadMgr.cpp">
      <Filter>Source Files</Filter>
    </ClCompile>
    <ClCompile Include="Threads.cpp">
      <Filter>Source Files</Filter>
    </ClCompile>
    <ClCompile Include="TimerThread.cpp">
      <Filter>Source Files</Filter>
    </ClCompile>
    <ClCompile Include="MsgSrc\TimingMsg.cpp">
      <Filter>Source Files</Filter>
    </ClCompile>
    <ClCompile Include="Token.cpp">
      <Filter>Source Files</Filter>
    </ClCompile>
    <ClCompile Include="MsgSrc\TrackMsg.cpp">
      <Filter>Source Files</Filter>
    </ClCompile>
    <ClCompile Include="Twoddraw.cpp">
      <Filter>Source Files</Filter>
    </ClCompile>
    <ClCompile Include="MsgSrc\UnitAssignmentMsg.cpp">
      <Filter>Source Files</Filter>
    </ClCompile>
    <ClCompile Include="MsgSrc\UnitMsg.cpp">
      <Filter>Source Files</Filter>
    </ClCompile>
    <ClCompile Include="MsgSrc\UpdateMapPosition.cpp">
      <Filter>Source Files</Filter>
    </ClCompile>
    <ClCompile Include="MsgSrc\UpdateSettings.cpp">
      <Filter>Source Files</Filter>
    </ClCompile>
    <ClCompile Include="..\voicecomunication\Voice.cpp">
      <Filter>Source Files</Filter>
    </ClCompile>
    <ClCompile Include="MsgSrc\VoiceDataMsg.cpp">
      <Filter>Source Files</Filter>
    </ClCompile>
    <ClCompile Include="vuxcreat.cpp">
      <Filter>Source Files</Filter>
    </ClCompile>
    <ClCompile Include="Weapon.cpp">
      <Filter>Source Files</Filter>
    </ClCompile>
    <ClCompile Include="MsgSrc\WeaponFireMsg.cpp">
      <Filter>Source Files</Filter>
    </ClCompile>
    <ClCompile Include="MsgSrc\WeaponUsageMsg.cpp">
      <Filter>Source Files</Filter>
    </ClCompile>
    <ClCompile Include="MsgSrc\WeatherMsg.cpp">
      <Filter>Source Files</Filter>
    </ClCompile>
    <ClCompile Include="MsgSrc\WingmanMsg.cpp">
      <Filter>Source Files</Filter>
    </ClCompile>
  </ItemGroup>
  <ItemGroup>
    <ClInclude Include="Include\MsgInc\AddSFXMessage.h">
      <Filter>Header Files</Filter>
    </ClInclude>
    <ClInclude Include="Include\MsgInc\AirAIModeChange.h">
      <Filter>Header Files</Filter>
    </ClInclude>
    <ClInclude Include="Include\MsgInc\AirTaskingMsg.h">
      <Filter>Header Files</Filter>
    </ClInclude>
    <ClInclude Include="INCLUDE\AList.h">
      <Filter>Header Files</Filter>
    </ClInclude>
    <ClInclude Include="Include\MsgInc\ATCCmdMsg.h">
      <Filter>Header Files</Filter>
    </ClInclude>
    <ClInclude Include="Include\MsgInc\ATCMsg.h">
      <Filter>Header Files</Filter>
    </ClInclude>
    <ClInclude Include="Include\MsgInc\AWACSMsg.h">
      <Filter>Header Files</Filter>
    </ClInclude>
    <ClInclude Include="include\camp2sim.h">
      <Filter>Header Files</Filter>
    </ClInclude>
    <ClInclude Include="Include\MsgInc\CampDataMsg.h">
      <Filter>Header Files</Filter>
    </ClInclude>
    <ClInclude Include="Include\MsgInc\CampDirtyDataMsg.h">
      <Filter>Header Files</Filter>
    </ClInclude>
    <ClInclude Include="Include\MsgInc\CampEventDataMsg.h">
      <Filter>Header Files</Filter>
    </ClInclude>
    <ClInclude Include="Include\MsgInc\CampEventMsg.h">
      <Filter>Header Files</Filter>
    </ClInclude>
    <ClInclude Include="Include\MsgInc\CampMsg.h">
      <Filter>Header Files</Filter>
    </ClInclude>
    <ClInclude Include="Include\MsgInc\CampTaskingMsg.h">
      <Filter>Header Files</Filter>
    </ClInclude>
    <ClInclude Include="Include\MsgInc\CampWeaponFireMsg.h">
      <Filter>Header Files</Filter>
    </ClInclude>
    <ClInclude Include="include\classtbl.h">
      <Filter>Header Files</Filter>
    </ClInclude>
    <ClInclude Include="Include\ComData.h">
      <Filter>Header Files</Filter>
    </ClInclude>
    <ClInclude Include="Include\MsgInc\ControlSurfaceMsg.h">
      <Filter>Header Files</Filter>
    </ClInclude>
    <ClInclude Include="Include\MsgInc\DamageMsg.h">
      <Filter>Header Files</Filter>
    </ClInclude>
    <ClInclude Include="Include\MsgInc\DeathMessage.h">
      <Filter>Header Files</Filter>
    </ClInclude>
    <ClInclude Include="Include\dispopts.h">
      <Filter>Header Files</Filter>
    </ClInclude>
    <ClInclude Include="Include\MsgInc\DivertMsg.h">
      <Filter>Header Files</Filter>
    </ClInclude>
    <ClInclude Include="Include\MsgInc\DLinkMsg.h">
      <Filter>Header Files</Filter>
    </ClInclude>
    <ClInclude Include="Include\ehandler.h">
      <Filter>Header Files</Filter>
    </ClInclude>
    <ClInclude Include="Include\MsgInc\EjectMsg.h">
      <Filter>Header Files</Filter>
    </ClInclude>
    <ClInclude Include="include\entity.h">
      <Filter>Header Files</Filter>
    </ClInclude>
    <ClInclude Include="Include\F4Comms.h">
      <Filter>Header Files</Filter>
    </ClInclude>
    <ClInclude Include="include\f4error.h">
      <Filter>Header Files</Filter>
    </ClInclude>
    <ClInclude Include="include\f4thread.h">
      <Filter>Header Files</Filter>
    </ClInclude>
    <ClInclude Include="Include\f4VerNum.h">
      <Filter>Header Files</Filter>
    </ClInclude>
    <ClInclude Include="Include\f4version.h">
      <Filter>Header Files</Filter>
    </ClInclude>
    <ClInclude Include="include\f4vu.h">
      <Filter>Header Files</Filter>
    </ClInclude>
    <ClInclude Include="Include\MsgInc\FACMsg.h">
      <Filter>Header Files</Filter>
    </ClInclude>
    <ClInclude Include="include\fakerand.h">
      <Filter>Header Files</Filter>
    </ClInclude>
    <ClInclude Include="INCLUDE\FalcEnt.h">
      <Filter>Header Files</Filter>
    </ClInclude>
    <ClInclude Include="Include\Falclib.h">
      <Filter>Header Files</Filter>
    </ClInclude>
    <ClInclude Include="Include\FalcList.h">
      <Filter>Header Files</Filter>
    </ClInclude>
    <ClInclude Include="Include\Falcmesg.h">
      <Filter>Header Files</Filter>
    </ClInclude>
    <ClInclude Include="Include\MsgInc\FalconFlightPlanMsg.h">
      <Filter>Header Files</Filter>
    </ClInclude>
    <ClInclude Include="include\falcsess.h">
      <Filter>Header Files</Filter>
    </ClInclude>
    <ClInclude Include="INCLUDE\FileMemMap.h">
      <Filter>Header Files</Filter>
    </ClInclude>
    <ClInclude Include="INCLUDE\GetSimObjectData.h">
      <Filter>Header Files</Filter>
    </ClInclude>
    <ClInclude Include="Include\MsgInc\GndTaskingMsg.h">
      <Filter>Header Files</Filter>
    </ClInclude>
    <ClInclude Include="Include\MsgInc\GraphicsTextDisplayMsg.h">
      <Filter>Header Files</Filter>
    </ClInclude>
    <ClInclude Include="Include\InvalidBufferException.h">
      <Filter>Header Files</Filter>
    </ClInclude>
    <ClInclude Include="Include\MsgInc\LandingMessage.h">
      <Filter>Header Files</Filter>
    </ClInclude>
    <ClInclude Include="Include\MsgInc\LaserDesignateMsg.h">
      <Filter>Header Files</Filter>
    </ClInclude>
    <ClInclude Include="INCLUDE\LookupTable.h">
      <Filter>Header Files</Filter>
    </ClInclude>
    <ClInclude Include="Include\MsgInc\MissileEndMsg.h">
      <Filter>Header Files</Filter>
    </ClInclude>
    <ClInclude Include="Include\MsgInc\MissionRequestMsg.h">
      <Filter>Header Files</Filter>
    </ClInclude>
    <ClInclude Include="Include\mlTrig.h">
      <Filter>Header Files</Filter>
    </ClInclude>
    <ClInclude Include="Include\MsgInc\NavalTaskingMsg.h">
      <Filter>Header Files</Filter>
    </ClInclude>
    <ClInclude Include="Include\MsgInc\ObjectiveMsg.h">
      <Filter>Header Files</Filter>
    </ClInclude>
    <ClInclude Include="Include\omni.h">
      <Filter>Header Files</Filter>
    </ClInclude>
    <ClInclude Include="INCLUDE\PlayerOp.h">
      <Filter>Header Files</Filter>
    </ClInclude>
    <ClInclude Include="INCLUDE\PlayerOpDef.h">
      <Filter>Header Files</Filter>
    </ClInclude>
    <ClInclude Include="Include\MsgInc\PlayerStatusMsg.h">
      <Filter>Header Files</Filter>
    </ClInclude>
    <ClInclude Include="INCLUDE\prof_gather.h">
      <Filter>Header Files</Filter>
    </ClInclude>
    <ClInclude Include="INCLUDE\prof_internal.h">
      <Filter>Header Files</Filter>
    </ClInclude>
    <ClInclude Include="INCLUDE\prof_win32.h">
      <Filter>Header Files</Filter>
    </ClInclude>
    <ClInclude Include="INCLUDE\profiler.h">
      <Filter>Header Files</Filter>
    </ClInclude>
    <ClInclude Include="Include\pthread.h">
      <Filter>Header Files</Filter>
    </ClInclude>
    <ClInclude Include="Include\MsgInc\RadioChatterMsg.h">
      <Filter>Header Files</Filter>
    </ClInclude>
    <ClInclude Include="INCLUDE\rdrackdata.h">
      <Filter>Header Files</Filter>
    </ClInclude>
    <ClInclude Include="Include\MsgInc\RegenerationMsg.h">
      <Filter>Header Files</Filter>
    </ClInclude>
    <ClInclude Include="Include\MsgInc\RequestAircraftSlot.h">
      <Filter>Header Files</Filter>
    </ClInclude>
    <ClInclude Include="Include\MsgInc\RequestCampaignData.h">
      <Filter>Header Files</Filter>
    </ClInclude>
    <ClInclude Include="Include\MsgInc\RequestDogfightInfo.h">
      <Filter>Header Files</Filter>
    </ClInclude>
    <ClInclude Include="Include\MsgInc\RequestLogbook.h">
      <Filter>Header Files</Filter>
    </ClInclude>
    <ClInclude Include="Include\MsgInc\RequestObject.h">
      <Filter>Header Files</Filter>
    </ClInclude>
    <ClInclude Include="Include\MsgInc\RequestSimMoverPosition.h">
      <Filter>Header Files</Filter>
    </ClInclude>
    <ClInclude Include="Include\sched.h">
      <Filter>Header Files</Filter>
    </ClInclude>
    <ClInclude Include="Include\semaphore.h">
      <Filter>Header Files</Filter>
    </ClInclude>
    <ClInclude Include="Include\MsgInc\SendAircraftSlot.h">
      <Filter>Header Files</Filter>
    </ClInclude>
    <ClInclude Include="Include\MsgInc\SendCampaignMsg.h">
      <Filter>Header Files</Filter>
    </ClInclude>
    <ClInclude Include="Include\MsgInc\SendChatMessage.h">
      <Filter>Header Files</Filter>
    </ClInclude>
    <ClInclude Include="Include\MsgInc\SendDogfightInfo.h">
      <Filter>Header Files</Filter>
    </ClInclude>
    <ClInclude Include="Include\MsgInc\SendEvalMsg.h">
      <Filter>Header Files</Filter>
    </ClInclude>
    <ClInclude Include="Include\MsgInc\SendImage.h">
      <Filter>Header Files</Filter>
    </ClInclude>
    <ClInclude Include="Include\MsgInc\SendLogbook.h">
      <Filter>Header Files</Filter>
    </ClInclude>
    <ClInclude Include="Include\MsgInc\SendObjData.h">
      <Filter>Header Files</Filter>
    </ClInclude>
    <ClInclude Include="Include\MsgInc\SendPersistantList.h">
      <Filter>Header Files</Filter>
    </ClInclude>
    <ClInclude Include="Include\MsgInc\SendSimMoverPosition.h">
      <Filter>Header Files</Filter>
    </ClInclude>
    <ClInclude Include="Include\MsgInc\senduimsg.h">
      <Filter>Header Files</Filter>
    </ClInclude>
    <ClInclude Include="Include\MsgInc\SendUnitData.h">
      <Filter>Header Files</Filter>
    </ClInclude>
    <ClInclude Include="Include\MsgInc\SendVCMsg.h">
      <Filter>Header Files</Filter>
    </ClInclude>
    <ClInclude Include="Include\MsgInc\SimCampMsg.h">
      <Filter>Header Files</Filter>
    </ClInclude>
    <ClInclude Include="Include\MsgInc\SimDataToggle.h">
      <Filter>Header Files</Filter>
    </ClInclude>
    <ClInclude Include="Include\MsgInc\SimDirtyDataMsg.h">
      <Filter>Header Files</Filter>
    </ClInclude>
    <ClInclude Include="Include\MsgInc\TankerMsg.h">
      <Filter>Header Files</Filter>
    </ClInclude>
    <ClInclude Include="INCLUDE\TheaterDef.h">
      <Filter>Header Files</Filter>
    </ClInclude>
    <ClInclude Include="Include\threadmgr.h">
      <Filter>Header Files</Filter>
    </ClInclude>
    <ClInclude Include="Include\MsgInc\TimingMsg.h">
      <Filter>Header Files</Filter>
    </ClInclude>
    <ClInclude Include="INCLUDE\Token.h">
      <Filter>Header Files</Filter>
    </ClInclude>
    <ClInclude Include="Include\MsgInc\TrackMsg.h">
      <Filter>Header Files</Filter>
    </ClInclude>
    <ClInclude Include="Include\MsgInc\UnitAssignmentMsg.h">
      <Filter>Header Files</Filter>
    </ClInclude>
    <ClInclude Include="Include\MsgInc\UnitMsg.h">
      <Filter>Header Files</Filter>
    </ClInclude>
    <ClInclude Include="Include\MsgInc\VoiceDataMsg.h">
      <Filter>Header Files</Filter>
    </ClInclude>
    <ClInclude Include="Include\vu2.h">
      <Filter>Header Files</Filter>
    </ClInclude>
    <ClInclude Include="Include\vutypes.h">
      <Filter>Header Files</Filter>
    </ClInclude>
    <ClInclude Include="Include\MsgInc\WeaponFireMsg.h">
      <Filter>Header Files</Filter>
    </ClInclude>
    <ClInclude Include="Include\MsgInc\WeatherMsg.h">
      <Filter>Header Files</Filter>
    </ClInclude>
    <ClInclude Include="Include\MsgInc\WindChangeMsg.h">
      <Filter>Header Files</Filter>
    </ClInclude>
    <ClInclude Include="Include\MsgInc\WingmanMsg.h">
      <Filter>Header Files</Filter>
    </ClInclude>
  </ItemGroup>
</Project>