<?xml version="1.0" encoding="utf-8"?>
<Project ToolsVersion="4.0" xmlns="http://schemas.microsoft.com/developer/msbuild/2003">
  <ItemGroup>
    <Filter Include="Source Files">
      <UniqueIdentifier>{9df11338-a1f7-40c9-a55e-bb3c30392d6c}</UniqueIdentifier>
      <Extensions>cpp;c;cxx;rc;def;r;odl;idl;hpj;bat</Extensions>
    </Filter>
    <Filter Include="Header Files">
      <UniqueIdentifier>{c3a5b11c-7c15-43ea-9e90-b28cf856a1b5}</UniqueIdentifier>
      <Extensions>h;hpp;hxx;hm;inl</Extensions>
    </Filter>
  </ItemGroup>
  <ItemGroup>
    <ClCompile Include="Bombfunc.cpp">
      <Filter>Source Files</Filter>
    </ClCompile>
    <ClCompile Include="Bombmain.cpp">
      <Filter>Source Files</Filter>
    </ClCompile>
    <ClCompile Include="ChaffMain.cpp">
      <Filter>Source Files</Filter>
    </ClCompile>
    <ClCompile Include="DebrisMain.cpp">
      <Filter>Source Files</Filter>
    </ClCompile>
    <ClCompile Include="FlareMain.cpp">
      <Filter>Source Files</Filter>
    </ClCompile>
    <ClCompile Include="LAU.cpp">
      <Filter>Source Files</Filter>
    </ClCompile>
    <ClCompile Include="Readin.cpp">
      <Filter>Source Files</Filter>
    </ClCompile>
  </ItemGroup>
  <ItemGroup>
    <ClInclude Include="..\include\bomb.h">
      <Filter>Header Files</Filter>
    </ClInclude>
    <ClInclude Include="..\INCLUDE\bombdata.h">
      <Filter>Header Files</Filter>
    </ClInclude>
    <ClInclude Include="..\include\bombfunc.h">
      <Filter>Header Files</Filter>
    </ClInclude>
    <ClInclude Include="..\include\chaff.h">
      <Filter>Header Files</Filter>
    </ClInclude>
    <ClInclude Include="..\include\debris.h">
      <Filter>Header Files</Filter>
    </ClInclude>
    <ClInclude Include="..\include\flare.h">
      <Filter>Header Files</Filter>
    </ClInclude>
  </ItemGroup>
</Project>
