<?xml version="1.0" encoding="utf-8"?>
<Project ToolsVersion="4.0" xmlns="http://schemas.microsoft.com/developer/msbuild/2003">
  <ItemGroup>
    <Filter Include="Source Files">
      <UniqueIdentifier>{292d9150-6c18-46cf-800f-45965c47bc27}</UniqueIdentifier>
      <Extensions>cpp;c;cxx;rc;def;r;odl;idl;hpj;bat</Extensions>
    </Filter>
    <Filter Include="Header Files">
      <UniqueIdentifier>{6e842a9f-5393-45ef-b8c2-9e5065fc4cf6}</UniqueIdentifier>
      <Extensions>h;hpp;hxx;hm;inl</Extensions>
    </Filter>
  </ItemGroup>
  <ItemGroup>
    <ClCompile Include="src\inflate.c">
      <Filter>Source Files</Filter>
    </ClCompile>
    <ClCompile Include="src\resmgr.c">
      <Filter>Source Files</Filter>
    </ClCompile>
    <ClCompile Include="src\unzip.c">
      <Filter>Source Files</Filter>
    </ClCompile>
  </ItemGroup>
</Project>
