<?xml version="1.0" encoding="utf-8"?>
<Project ToolsVersion="4.0" xmlns="http://schemas.microsoft.com/developer/msbuild/2003">
  <ItemGroup>
    <Filter Include="Source Files">
      <UniqueIdentifier>{17aa3f08-f6ed-459a-8d95-9684522e9d77}</UniqueIdentifier>
      <Extensions>cpp;c;cxx;rc;def;r;odl;idl;hpj;bat</Extensions>
    </Filter>
    <Filter Include="Header Files">
      <UniqueIdentifier>{137833ba-402b-41b1-acc1-be869e3846dd}</UniqueIdentifier>
      <Extensions>h;hpp;hxx;hm;inl</Extensions>
    </Filter>
  </ItemGroup>
  <ItemGroup>
    <ClCompile Include="ALLOC.C">
      <Filter>Source Files</Filter>
    </ClCompile>
    <ClCompile Include="context.cpp">
      <Filter>Source Files</Filter>
    </ClCompile>
    <ClCompile Include="d3dxcompat.cpp">
      <Filter>Source Files</Filter>
    </ClCompile>
    <ClCompile Include="fileio.cpp">
      <Filter>Source Files</Filter>
    </ClCompile>
    <ClCompile Include="filemem.cpp">
      <Filter>Source Files</Filter>
    </ClCompile>
    <ClCompile Include="image.cpp">
      <Filter>Source Files</Filter>
    </ClCompile>
    <ClCompile Include="math.cpp">
      <Filter>Source Files</Filter>
    </ClCompile>
    <ClCompile Include="RADIX.C">
      <Filter>Source Files</Filter>
    </ClCompile>
  </ItemGroup>
  <ItemGroup>
    <ClInclude Include="..\Include\ALLOC.H">
      <Filter>Header Files</Filter>
    </ClInclude>
    <ClInclude Include="..\include\context.h">
      <Filter>Header Files</Filter>
    </ClInclude>
    <ClInclude Include="costable.h">
      <Filter>Header Files</Filter>
    </ClInclude>
    <ClInclude Include="..\Include\fileio.h">
      <Filter>Header Files</Filter>
    </ClInclude>
    <ClInclude Include="..\Include\filemem.h">
      <Filter>Header Files</Filter>
    </ClInclude>
    <ClInclude Include="..\Include\grinline.h">
      <Filter>Header Files</Filter>
    </ClInclude>
    <ClInclude Include="..\Include\grmath.h">
      <Filter>Header Files</Filter>
    </ClInclude>
    <ClInclude Include="..\Include\image.h">
      <Filter>Header Files</Filter>
    </ClInclude>
    <ClInclude Include="..\Include\RADIX.H">
      <Filter>Header Files</Filter>
    </ClInclude>
  </ItemGroup>
  <ItemGroup>
    <None Include="packages.config" />
  </ItemGroup>
</Project>