<?xml version="1.0" encoding="utf-8"?>
<Project ToolsVersion="4.0" xmlns="http://schemas.microsoft.com/developer/msbuild/2003">
  <ItemGroup>
    <Filter Include="Header Files">
      <UniqueIdentifier>{93995380-89BD-4b04-88EB-625FBE52EBFB}</UniqueIdentifier>
      <Extensions>h;hpp;hxx;hm;inl;inc;xsd</Extensions>
    </Filter>
    <Filter Include="Source Files">
      <UniqueIdentifier>{4FC737F1-C7A5-4376-A066-2A32D752A2FF}</UniqueIdentifier>
      <Extensions>cpp;c;cc;cxx;def;odl;idl;hpj;bat;asm;asmx</Extensions>
    </Filter>
    <Filter Include="Resource Files">
      <UniqueIdentifier>{67DA6AB6-F800-4c08-8B7A-83BB121AAD01}</UniqueIdentifier>
      <Extensions>rc;ico;cur;bmp;dlg;rc2;rct;bin;rgs;gif;jpg;jpeg;jpe;resx;tiff;tif;png;wav;mfcribbon-ms</Extensions>
    </Filter>
  </ItemGroup>
  <ItemGroup>
    <ClInclude Include="include\comsup.h">
      <Filter>Header Files</Filter>
    </ClInclude>
    <ClInclude Include="SubRange.h">
      <Filter>Header Files</Filter>
    </ClInclude>
  </ItemGroup>
  <ItemGroup>
    <ClCompile Include="ui\src\winmain.cpp">
      <Filter>Source Files</Filter>
    </ClCompile>
    <ClCompile Include="ui\src\f4config.cpp">
      <Filter>Source Files</Filter>
    </ClCompile>
  </ItemGroup>
  <ItemGroup>
    <ResourceCompile Include="falclib\include\falcon4.rc">
      <Filter>Resource Files</Filter>
    </ResourceCompile>
  </ItemGroup>
  <ItemGroup>
    <None Include="falclib\include\stpt_dra.cur">
      <Filter>Resource Files</Filter>
    </None>
    <None Include="falclib\include\target.cur">
      <Filter>Resource Files</Filter>
    </None>
    <None Include="falclib\include\text.cur">
      <Filter>Resource Files</Filter>
    </None>
    <None Include="falclib\include\ui_add_b.cur">
      <Filter>Resource Files</Filter>
    </None>
    <None Include="falclib\include\ui_add_f.cur">
      <Filter>Resource Files</Filter>
    </None>
    <None Include="falclib\include\ui_add_p.cur">
      <Filter>Resource Files</Filter>
    </None>
    <None Include="falclib\include\ui_add_s.cur">
      <Filter>Resource Files</Filter>
    </None>
    <None Include="falclib\include\ui_add_t.cur">
      <Filter>Resource Files</Filter>
    </None>
    <None Include="falclib\include\ui_drag_.cur">
      <Filter>Resource Files</Filter>
    </None>
    <None Include="falclib\include\ui_erase.cur">
      <Filter>Resource Files</Filter>
    </None>
    <None Include="falclib\include\ui_paint.cur">
      <Filter>Resource Files</Filter>
    </None>
    <None Include="falclib\include\vdrag.cur">
      <Filter>Resource Files</Filter>
    </None>
    <None Include="falclib\include\vdrag_rm.cur">
      <Filter>Resource Files</Filter>
    </None>
    <None Include="falclib\include\vdragon.cur">
      <Filter>Resource Files</Filter>
    </None>
    <None Include="falclib\include\f16.cur">
      <Filter>Resource Files</Filter>
    </None>
    <None Include="falclib\include\cur00001.cur">
      <Filter>Resource Files</Filter>
    </None>
    <None Include="falclib\include\cursor.cur">
      <Filter>Resource Files</Filter>
    </None>
    <None Include="falclib\include\cursor0.cur">
      <Filter>Resource Files</Filter>
    </None>
    <None Include="falclib\include\cursor1.cur">
      <Filter>Resource Files</Filter>
    </None>
    <None Include="falclib\include\cursor2.cur">
      <Filter>Resource Files</Filter>
    </None>
    <None Include="falclib\include\cursor3.cur">
      <Filter>Resource Files</Filter>
    </None>
    <None Include="falclib\include\cursor4.cur">
      <Filter>Resource Files</Filter>
    </None>
    <None Include="falclib\include\cursor5.cur">
      <Filter>Resource Files</Filter>
    </None>
    <None Include="falclib\include\cursor6.cur">
      <Filter>Resource Files</Filter>
    </None>
    <None Include="falclib\include\drag_rm.cur">
      <Filter>Resource Files</Filter>
    </None>
    <None Include="falclib\include\f16_on.cur">
      <Filter>Resource Files</Filter>
    </None>
    <None Include="falclib\include\f16_on_r.cur">
      <Filter>Resource Files</Filter>
    </None>
    <None Include="falclib\include\f16_rm.cur">
      <Filter>Resource Files</Filter>
    </None>
    <None Include="falclib\include\hdrag_of.cur">
      <Filter>Resource Files</Filter>
    </None>
    <None Include="falclib\include\hdragon.cur">
      <Filter>Resource Files</Filter>
    </None>
    <None Include="falclib\include\hdragrm.cur">
      <Filter>Resource Files</Filter>
    </None>
    <None Include="falclib\include\listf16.cur">
      <Filter>Resource Files</Filter>
    </None>
    <None Include="falclib\include\loading.cur">
      <Filter>Resource Files</Filter>
    </None>
    <None Include="falclib\include\mapzoom.cur">
      <Filter>Resource Files</Filter>
    </None>
    <None Include="falclib\include\not.cur">
      <Filter>Resource Files</Filter>
    </None>
    <None Include="falclib\include\stpt.cur">
      <Filter>Resource Files</Filter>
    </None>
    <None Include="falclib\include\midfnt.bmp">
      <Filter>Resource Files</Filter>
    </None>
    <None Include="falclib\include\midfnton.bmp">
      <Filter>Resource Files</Filter>
    </None>
    <None Include="falclib\include\bigbmap.bmp">
      <Filter>Resource Files</Filter>
    </None>
    <None Include="falclib\include\bitmap1.bmp">
      <Filter>Resource Files</Filter>
    </None>
    <None Include="falclib\include\font1.bmp">
      <Filter>Resource Files</Filter>
    </None>
    <None Include="falclib\include\mainfnt.bmp">
      <Filter>Resource Files</Filter>
    </None>
    <None Include="falclib\include\mainfnto.bmp">
      <Filter>Resource Files</Filter>
    </None>
    <None Include="falclib\include\mainfnt.fnt">
      <Filter>Resource Files</Filter>
    </None>
    <None Include="falclib\include\midfnt.fnt">
      <Filter>Resource Files</Filter>
    </None>
    <None Include="falclib\include\4.ico">
      <Filter>Resource Files</Filter>
    </None>
    <None Include="falclib\include\icon.ico">
      <Filter>Resource Files</Filter>
    </None>
  </ItemGroup>
</Project>