Microsoft Visual Studio Solution File, Format Version 11.00
# Visual Studio 2010
Project("{8BC9CEB8-8B4A-11D0-8D11-00A0C91BC942}") = "BSPLib", "graphics\bsplib\BSPLib.vcxproj", "{A9AF41A2-348D-40FC-A7AD-601A944E1D2F}"
EndProject
Project("{8BC9CEB8-8B4A-11D0-8D11-00A0C91BC942}") = "Bomb", "sim\bomb\Bomb.vcxproj", "{916C9938-FB28-4452-92B7-FF27DF0F858F}"
EndProject
Project("{8BC9CEB8-8B4A-11D0-8D11-00A0C91BC942}") = "CampLib", "campaign\camplib\CampLib.vcxproj", "{137E2465-7871-46AB-990A-8B53B26E6067}"
EndProject
Project("{8BC9CEB8-8B4A-11D0-8D11-00A0C91BC942}") = "CampTask", "campaign\camptask\CampTask.vcxproj", "{9F3DC08D-F3AB-45BA-BDEC-D6E416C5C09A}"
EndProject
Project("{8BC9CEB8-8B4A-11D0-8D11-00A0C91BC942}") = "CampTool", "campaign\camptool\CampTool.vcxproj", "{D7932B34-4576-43BA-9287-757C91C1F09B}"
EndProject
Project("{8BC9CEB8-8B4A-11D0-8D11-00A0C91BC942}") = "CampUI", "campaign\campui\CampUI.vcxproj", "{AB408B12-A8E9-4BA2-A312-92DF930559EF}"
EndProject
Project("{8BC9CEB8-8B4A-11D0-8D11-00A0C91BC942}") = "CampUpd", "campaign\campupd\CampUpd.vcxproj", "{1B95EBF6-D3A4-49F1-8DB7-CB3058A5FFCF}"
EndProject
Project("{8BC9CEB8-8B4A-11D0-8D11-00A0C91BC942}") = "Cockpit", "sim\cockpit\Cockpit.vcxproj", "{C008F3F5-C2A9-49C0-8798-30D3B83A6CC2}"
EndProject
Project("{8BC9CEB8-8B4A-11D0-8D11-00A0C91BC942}") = "Comms", "comms\Comms.vcxproj", "{32EAB4B3-5B0D-4205-8DCE-99FF97B7EEA5}"
EndProject
Project("{8BC9CEB8-8B4A-11D0-8D11-00A0C91BC942}") = "DDStuff", "graphics\ddstuff\DDStuff.vcxproj", "{8ED5D803-EFF2-4B5B-86AF-831FF6A5A7F7}"
EndProject
Project("{8BC9CEB8-8B4A-11D0-8D11-00A0C91BC942}") = "Digi", "sim\digi\Digi.vcxproj", "{36A59546-6E25-4436-B4F5-C113DECCCF3C}"
EndProject
Project("{8BC9CEB8-8B4A-11D0-8D11-00A0C91BC942}") = "Displays", "sim\displays\Displays.vcxproj", "{30F114E1-84F8-4C54-B897-97BAEE1CF481}"
EndProject
Project("{8BC9CEB8-8B4A-11D0-8D11-00A0C91BC942}") = "Eject", "sim\eject\Eject.vcxproj", "{D8956702-2871-46F0-82D5-62034C5F7285}"
EndProject
Project("{8BC9CEB8-8B4A-11D0-8D11-00A0C91BC942}") = "FCC", "sim\fcc\FCC.vcxproj", "{8F024CCA-883D-4A35-AAE1-99169C50B94E}"
EndProject
Project("{8BC9CEB8-8B4A-11D0-8D11-00A0C91BC942}") = "FalcLib", "falclib\FalcLib.vcxproj", "{279B8DEB-3C4A-4B2C-9055-AA50F7405219}"
EndProject
Project("{8BC9CEB8-8B4A-11D0-8D11-00A0C91BC942}") = "FalcSnd", "falcsnd\FalcSnd.vcxproj", "{F08AB66A-0C6F-4382-97D7-C46C375D3C24}"
EndProject
Project("{8BC9CEB8-8B4A-11D0-8D11-00A0C91BC942}") = "FFViper", "FFViper.vcxproj", "{AB8D7652-9229-4626-9D63-87F8D546C79D}"
	ProjectSection(ProjectDependencies) = postProject
		{D8956702-2871-46F0-82D5-62034C5F7285} = {D8956702-2871-46F0-82D5-62034C5F7285}
		{8ED5D803-EFF2-4B5B-86AF-831FF6A5A7F7} = {8ED5D803-EFF2-4B5B-86AF-831FF6A5A7F7}
		{3042720A-4B53-4B35-A354-031A0D79C226} = {3042720A-4B53-4B35-A354-031A0D79C226}
		{6275F50C-0337-4201-9CDB-F58FD5A66D65} = {6275F50C-0337-4201-9CDB-F58FD5A66D65}
		{D180A90E-67BF-46E5-939E-744FD76B5BD1} = {D180A90E-67BF-46E5-939E-744FD76B5BD1}
		{EC52C00E-CD89-44E8-B356-F8A173F8ED40} = {EC52C00E-CD89-44E8-B356-F8A173F8ED40}
		{7937590F-BA3E-4537-87E3-98863770AC81} = {7937590F-BA3E-4537-87E3-98863770AC81}
		{3C79FE0F-78F0-4451-99A9-E2EE9CEFE39A} = {3C79FE0F-78F0-4451-99A9-E2EE9CEFE39A}
		{AB408B12-A8E9-4BA2-A312-92DF930559EF} = {AB408B12-A8E9-4BA2-A312-92DF930559EF}
		{D3B8701D-46C8-425A-BF3E-2D856ED8F732} = {D3B8701D-46C8-425A-BF3E-2D856ED8F732}
		{19AC892E-EB8C-46BE-A73D-D69AD23C41F3} = {19AC892E-EB8C-46BE-A73D-D69AD23C41F3}
		{5D9EEB30-2BC8-42CD-B76F-06FB46492B08} = {5D9EEB30-2BC8-42CD-B76F-06FB46492B08}
		{D7932B34-4576-43BA-9287-757C91C1F09B} = {D7932B34-4576-43BA-9287-757C91C1F09B}
		{0A406638-92B3-4109-97A4-8CE1391550E0} = {0A406638-92B3-4109-97A4-8CE1391550E0}
		{916C9938-FB28-4452-92B7-FF27DF0F858F} = {916C9938-FB28-4452-92B7-FF27DF0F858F}
		{CD82E73C-C4C2-49E7-865B-DA2A463E181F} = {CD82E73C-C4C2-49E7-865B-DA2A463E181F}
		{5AFB5B41-122D-4929-9EC6-279F88934DD9} = {5AFB5B41-122D-4929-9EC6-279F88934DD9}
		{36A59546-6E25-4436-B4F5-C113DECCCF3C} = {36A59546-6E25-4436-B4F5-C113DECCCF3C}
		{4B65F64A-C572-44DA-834F-47CDDE6381FE} = {4B65F64A-C572-44DA-834F-47CDDE6381FE}
		{F02BF74B-FDB5-4E64-B232-554ADE43DF1A} = {F02BF74B-FDB5-4E64-B232-554ADE43DF1A}
		{24640B5C-06A2-46FC-8B9F-49779489AE6D} = {24640B5C-06A2-46FC-8B9F-49779489AE6D}
		{D350E25E-8996-47C9-B3EF-D27986D93920} = {D350E25E-8996-47C9-B3EF-D27986D93920}
		{BA2CB060-F7CC-4258-B356-C743BE43937E} = {BA2CB060-F7CC-4258-B356-C743BE43937E}
		{DB08A361-37B1-4D37-AE4C-52C3F654DAB4} = {DB08A361-37B1-4D37-AE4C-52C3F654DAB4}
		{F0F3C561-1BEF-48C0-9708-9C588F326DB4} = {F0F3C561-1BEF-48C0-9708-9C588F326DB4}
		{137E2465-7871-46AB-990A-8B53B26E6067} = {137E2465-7871-46AB-990A-8B53B26E6067}
		{F08AB66A-0C6F-4382-97D7-C46C375D3C24} = {F08AB66A-0C6F-4382-97D7-C46C375D3C24}
		{12A1697C-7EB4-4BA0-9764-7386B91C4FEB} = {12A1697C-7EB4-4BA0-9764-7386B91C4FEB}
		{FCEA447D-B717-4C0E-ABDB-25355EFFD63B} = {FCEA447D-B717-4C0E-ABDB-25355EFFD63B}
		{30816680-DB76-4485-AA3D-3FC966390C0E} = {30816680-DB76-4485-AA3D-3FC966390C0E}
		{A66FFC82-B2F9-48FF-B169-EC911B9E7512} = {A66FFC82-B2F9-48FF-B169-EC911B9E7512}
		{BA98EF88-F5FA-4BFD-A6C8-1EA4445026C9} = {BA98EF88-F5FA-4BFD-A6C8-1EA4445026C9}
		{9F3DC08D-F3AB-45BA-BDEC-D6E416C5C09A} = {9F3DC08D-F3AB-45BA-BDEC-D6E416C5C09A}
		{D2F5AB8E-A793-4817-A476-3FB9F9ACB384} = {D2F5AB8E-A793-4817-A476-3FB9F9ACB384}
		{59BECA8E-1370-4D6E-BCA7-C6948601471A} = {59BECA8E-1370-4D6E-BCA7-C6948601471A}
		{25056C8F-66B0-4E5F-9F93-2E0BA7A22C4C} = {25056C8F-66B0-4E5F-9F93-2E0BA7A22C4C}
		{08082B97-E1DA-491A-ACDA-E555342C9F82} = {08082B97-E1DA-491A-ACDA-E555342C9F82}
		{5050729B-EFD8-4ED4-800D-41575F41B225} = {5050729B-EFD8-4ED4-800D-41575F41B225}
		{8A0E07A2-5623-4742-AD92-ADC5310C425A} = {8A0E07A2-5623-4742-AD92-ADC5310C425A}
		{A9AF41A2-348D-40FC-A7AD-601A944E1D2F} = {A9AF41A2-348D-40FC-A7AD-601A944E1D2F}
		{1D825AA7-EAB1-47D0-AC9A-C44DB4F0DDFC} = {1D825AA7-EAB1-47D0-AC9A-C44DB4F0DDFC}
		{3BE385A8-D11D-4E54-BCEE-443CE3C81DBC} = {3BE385A8-D11D-4E54-BCEE-443CE3C81DBC}
		{DE5206A9-EF00-4233-A3E1-08DF65E1AB65} = {DE5206A9-EF00-4233-A3E1-08DF65E1AB65}
		{A0377AAE-3C21-4841-BA46-333B7835490C} = {A0377AAE-3C21-4841-BA46-333B7835490C}
		{335948B2-69EB-4949-A264-A5A14ABE5BDA} = {335948B2-69EB-4949-A264-A5A14ABE5BDA}
		{13256DB2-A84D-4755-9EFC-BEECDA61713C} = {13256DB2-A84D-4755-9EFC-BEECDA61713C}
		{32EAB4B3-5B0D-4205-8DCE-99FF97B7EEA5} = {32EAB4B3-5B0D-4205-8DCE-99FF97B7EEA5}
		{06FEDAB4-0B59-4B15-8B9B-CC74F4D96C07} = {06FEDAB4-0B59-4B15-8B9B-CC74F4D96C07}
		{637040B7-E832-4567-AB76-56A0521AFA9E} = {637040B7-E832-4567-AB76-56A0521AFA9E}
		{B1251ABE-8BBE-4D89-B9C4-F253C4760855} = {B1251ABE-8BBE-4D89-B9C4-F253C4760855}
		{5D2D31C8-287E-4970-9425-B45745B3874C} = {5D2D31C8-287E-4970-9425-B45745B3874C}
		{8F024CCA-883D-4A35-AAE1-99169C50B94E} = {8F024CCA-883D-4A35-AAE1-99169C50B94E}
		{264AB5CD-FB0C-497A-A30F-3EAC9624DC7B} = {264AB5CD-FB0C-497A-A30F-3EAC9624DC7B}
		{9AB683D2-C834-4543-BF4B-F4C50AD5D16E} = {9AB683D2-C834-4543-BF4B-F4C50AD5D16E}
		{3052A8D3-71F3-4502-BD4D-37C0CC1B1176} = {3052A8D3-71F3-4502-BD4D-37C0CC1B1176}
		{501002DB-C2C6-4963-968F-991A56811A75} = {501002DB-C2C6-4963-968F-991A56811A75}
		{30F114E1-84F8-4C54-B897-97BAEE1CF481} = {30F114E1-84F8-4C54-B897-97BAEE1CF481}
		{0052E7E5-99E4-45A5-AF65-89C997DA37A1} = {0052E7E5-99E4-45A5-AF65-89C997DA37A1}
		{279B8DEB-3C4A-4B2C-9055-AA50F7405219} = {279B8DEB-3C4A-4B2C-9055-AA50F7405219}
		{608E8FEB-FB0D-43E1-8615-91FAFA182B89} = {608E8FEB-FB0D-43E1-8615-91FAFA182B89}
		{4A1ABFED-DEB8-4E1F-9B8B-7DD0EC45F433} = {4A1ABFED-DEB8-4E1F-9B8B-7DD0EC45F433}
		{C008F3F5-C2A9-49C0-8798-30D3B83A6CC2} = {C008F3F5-C2A9-49C0-8798-30D3B83A6CC2}
		{1B95EBF6-D3A4-49F1-8DB7-CB3058A5FFCF} = {1B95EBF6-D3A4-49F1-8DB7-CB3058A5FFCF}
		{C89E7CFD-2B9C-4AEA-8F9E-B29747933F9B} = {C89E7CFD-2B9C-4AEA-8F9E-B29747933F9B}
		{30BA2DFE-D99E-4576-986A-834B868BEFD9} = {30BA2DFE-D99E-4576-986A-834B868BEFD9}
	EndProjectSection
EndProject
Project("{8BC9CEB8-8B4A-11D0-8D11-00A0C91BC942}") = "Faults", "sim\faults\Faults.vcxproj", "{B1251ABE-8BBE-4D89-B9C4-F253C4760855}"
EndProject
Project("{8BC9CEB8-8B4A-11D0-8D11-00A0C91BC942}") = "Feature", "sim\feature\Feature.vcxproj", "{9AB683D2-C834-4543-BF4B-F4C50AD5D16E}"
EndProject
Project("{8BC9CEB8-8B4A-11D0-8D11-00A0C91BC942}") = "Ground", "sim\ground\Ground.vcxproj", "{335948B2-69EB-4949-A264-A5A14ABE5BDA}"
EndProject
Project("{8BC9CEB8-8B4A-11D0-8D11-00A0C91BC942}") = "Guns", "sim\guns\Guns.vcxproj", "{3C79FE0F-78F0-4451-99A9-E2EE9CEFE39A}"
EndProject
Project("{8BC9CEB8-8B4A-11D0-8D11-00A0C91BC942}") = "HDigi", "sim\hdigi\HDigi.vcxproj", "{30BA2DFE-D99E-4576-986A-834B868BEFD9}"
EndProject
Project("{8BC9CEB8-8B4A-11D0-8D11-00A0C91BC942}") = "Helo", "sim\helo\Helo.vcxproj", "{BA98EF88-F5FA-4BFD-A6C8-1EA4445026C9}"
EndProject
Project("{8BC9CEB8-8B4A-11D0-8D11-00A0C91BC942}") = "ICP", "sim\icp\ICP.vcxproj", "{F0F3C561-1BEF-48C0-9708-9C588F326DB4}"
EndProject
Project("{8BC9CEB8-8B4A-11D0-8D11-00A0C91BC942}") = "Irst", "sim\irst\Irst.vcxproj", "{F02BF74B-FDB5-4E64-B232-554ADE43DF1A}"
EndProject
Project("{8BC9CEB8-8B4A-11D0-8D11-00A0C91BC942}") = "Lists", "codelib\tools\lists\Lists.vcxproj", "{0052E7E5-99E4-45A5-AF65-89C997DA37A1}"
EndProject
Project("{8BC9CEB8-8B4A-11D0-8D11-00A0C91BC942}") = "Missile", "sim\missile\Missile.vcxproj", "{D3B8701D-46C8-425A-BF3E-2D856ED8F732}"
EndProject
Project("{8BC9CEB8-8B4A-11D0-8D11-00A0C91BC942}") = "Movie", "movie\Movie.vcxproj", "{D2F5AB8E-A793-4817-A476-3FB9F9ACB384}"
EndProject
Project("{8BC9CEB8-8B4A-11D0-8D11-00A0C91BC942}") = "Navaids", "sim\navaids\Navaids.vcxproj", "{25056C8F-66B0-4E5F-9F93-2E0BA7A22C4C}"
EndProject
Project("{8BC9CEB8-8B4A-11D0-8D11-00A0C91BC942}") = "OTWDrive", "sim\otwdrive\OTWDrive.vcxproj", "{501002DB-C2C6-4963-968F-991A56811A75}"
EndProject
Project("{8BC9CEB8-8B4A-11D0-8D11-00A0C91BC942}") = "Objects", "graphics\objects\Objects.vcxproj", "{4A1ABFED-DEB8-4E1F-9B8B-7DD0EC45F433}"
EndProject
Project("{8BC9CEB8-8B4A-11D0-8D11-00A0C91BC942}") = "Radar", "sim\radar\Radar.vcxproj", "{0A406638-92B3-4109-97A4-8CE1391550E0}"
EndProject
Project("{8BC9CEB8-8B4A-11D0-8D11-00A0C91BC942}") = "Renderer", "graphics\renderer\Renderer.vcxproj", "{6275F50C-0337-4201-9CDB-F58FD5A66D65}"
EndProject
Project("{8BC9CEB8-8B4A-11D0-8D11-00A0C91BC942}") = "ResMgr", "codelib\resources\reslib\ResMgr.vcxproj", "{637040B7-E832-4567-AB76-56A0521AFA9E}"
EndProject
Project("{8BC9CEB8-8B4A-11D0-8D11-00A0C91BC942}") = "Rwr", "sim\rwr\Rwr.vcxproj", "{5AFB5B41-122D-4929-9EC6-279F88934DD9}"
EndProject
Project("{8BC9CEB8-8B4A-11D0-8D11-00A0C91BC942}") = "SimDrive", "sim\simdrive\SimDrive.vcxproj", "{D180A90E-67BF-46E5-939E-744FD76B5BD1}"
EndProject
Project("{8BC9CEB8-8B4A-11D0-8D11-00A0C91BC942}") = "SimInput", "sim\siminput\SimInput.vcxproj", "{1D825AA7-EAB1-47D0-AC9A-C44DB4F0DDFC}"
EndProject
Project("{8BC9CEB8-8B4A-11D0-8D11-00A0C91BC942}") = "SimLib", "sim\simlib\SimLib.vcxproj", "{19AC892E-EB8C-46BE-A73D-D69AD23C41F3}"
EndProject
Project("{8BC9CEB8-8B4A-11D0-8D11-00A0C91BC942}") = "SimLoop", "sim\simloop\SimLoop.vcxproj", "{5D9EEB30-2BC8-42CD-B76F-06FB46492B08}"
EndProject
Project("{8BC9CEB8-8B4A-11D0-8D11-00A0C91BC942}") = "Terrain", "graphics\terrain\Terrain.vcxproj", "{FCEA447D-B717-4C0E-ABDB-25355EFFD63B}"
EndProject
Project("{8BC9CEB8-8B4A-11D0-8D11-00A0C91BC942}") = "Texture", "graphics\texture\Texture.vcxproj", "{8A0E07A2-5623-4742-AD92-ADC5310C425A}"
EndProject
Project("{8BC9CEB8-8B4A-11D0-8D11-00A0C91BC942}") = "Tools", "tools\Tools.vcxproj", "{DB08A361-37B1-4D37-AE4C-52C3F654DAB4}"
EndProject
Project("{8BC9CEB8-8B4A-11D0-8D11-00A0C91BC942}") = "UI", "ui\UI.vcxproj", "{EC52C00E-CD89-44E8-B356-F8A173F8ED40}"
EndProject
Project("{8BC9CEB8-8B4A-11D0-8D11-00A0C91BC942}") = "UI95_ext", "ui95_ext\UI95_ext.vcxproj", "{264AB5CD-FB0C-497A-A30F-3EAC9624DC7B}"
EndProject
Project("{8BC9CEB8-8B4A-11D0-8D11-00A0C91BC942}") = "uicampaign", "ui\src\campaign\Campaign.vcxproj", "{3052A8D3-71F3-4502-BD4D-37C0CC1B1176}"
EndProject
Project("{8BC9CEB8-8B4A-11D0-8D11-00A0C91BC942}") = "uicommon", "ui\src\common\Common.vcxproj", "{5050729B-EFD8-4ED4-800D-41575F41B225}"
EndProject
Project("{8BC9CEB8-8B4A-11D0-8D11-00A0C91BC942}") = "UIDogfight", "ui\src\dogfight\UIDogfight.vcxproj", "{BA2CB060-F7CC-4258-B356-C743BE43937E}"
EndProject
Project("{8BC9CEB8-8B4A-11D0-8D11-00A0C91BC942}") = "UIGeneral", "ui\src\general\UIGeneral.vcxproj", "{C89E7CFD-2B9C-4AEA-8F9E-B29747933F9B}"
EndProject
Project("{8BC9CEB8-8B4A-11D0-8D11-00A0C91BC942}") = "UIInstant", "ui\src\instant\UIInstant.vcxproj", "{30816680-DB76-4485-AA3D-3FC966390C0E}"
EndProject
Project("{8BC9CEB8-8B4A-11D0-8D11-00A0C91BC942}") = "UILogbook", "ui\src\logbook\UILogbook.vcxproj", "{A66FFC82-B2F9-48FF-B169-EC911B9E7512}"
EndProject
Project("{8BC9CEB8-8B4A-11D0-8D11-00A0C91BC942}") = "UISetup", "ui\src\setup\UISetup.vcxproj", "{DE5206A9-EF00-4233-A3E1-08DF65E1AB65}"
EndProject
Project("{8BC9CEB8-8B4A-11D0-8D11-00A0C91BC942}") = "UITaceng", "ui\src\taceng\UITaceng.vcxproj", "{12A1697C-7EB4-4BA0-9764-7386B91C4FEB}"
EndProject
Project("{8BC9CEB8-8B4A-11D0-8D11-00A0C91BC942}") = "UITacref", "ui\src\tacref\UITacref.vcxproj", "{08082B97-E1DA-491A-ACDA-E555342C9F82}"
EndProject
Project("{8BC9CEB8-8B4A-11D0-8D11-00A0C91BC942}") = "Utils", "graphics\utils\Utils.vcxproj", "{A0377AAE-3C21-4841-BA46-333B7835490C}"
EndProject
Project("{8BC9CEB8-8B4A-11D0-8D11-00A0C91BC942}") = "Visual", "sim\visual\Visual.vcxproj", "{608E8FEB-FB0D-43E1-8615-91FAFA182B89}"
EndProject
Project("{8BC9CEB8-8B4A-11D0-8D11-00A0C91BC942}") = "VU", "vu2\Vu2.vcxproj", "{24640B5C-06A2-46FC-8B9F-49779489AE6D}"
EndProject
Project("{8BC9CEB8-8B4A-11D0-8D11-00A0C91BC942}") = "Weather", "graphics\weather\Weather.vcxproj", "{CD82E73C-C4C2-49E7-865B-DA2A463E181F}"
EndProject
Project("{8BC9CEB8-8B4A-11D0-8D11-00A0C91BC942}") = "crashhandler", "crashhandler\crashhandler.vcxproj", "{06FEDAB4-0B59-4B15-8B9B-CC74F4D96C07}"
EndProject
Project("{8BC9CEB8-8B4A-11D0-8D11-00A0C91BC942}") = "ui95", "ui95\ui95.vcxproj", "{3BE385A8-D11D-4E54-BCEE-443CE3C81DBC}"
EndProject
Project("{8BC9CEB8-8B4A-11D0-8D11-00A0C91BC942}") = "UIComms", "ui\src\comms\UIComms.vcxproj", "{5D2D31C8-287E-4970-9425-B45745B3874C}"
EndProject
Project("{8BC9CEB8-8B4A-11D0-8D11-00A0C91BC942}") = "nvdxt", "graphics\nvdxt\nvdxt.vcxproj", "{D350E25E-8996-47C9-B3EF-D27986D93920}"
EndProject
Project("{8BC9CEB8-8B4A-11D0-8D11-00A0C91BC942}") = "3dlib", "graphics\3dlib\3DLib.vcxproj", "{13256DB2-A84D-4755-9EFC-BEECDA61713C}"
EndProject
Project("{8BC9CEB8-8B4A-11D0-8D11-00A0C91BC942}") = "Acmi", "acmi\Acmi.vcxproj", "{4B65F64A-C572-44DA-834F-47CDDE6381FE}"
EndProject
Project("{8BC9CEB8-8B4A-11D0-8D11-00A0C91BC942}") = "Aircraft", "sim\aircraft\Aircraft.vcxproj", "{7937590F-BA3E-4537-87E3-98863770AC81}"
EndProject
Project("{8BC9CEB8-8B4A-11D0-8D11-00A0C91BC942}") = "Airframe", "sim\airframe\Airframe.vcxproj", "{3042720A-4B53-4B35-A354-031A0D79C226}"
EndProject
Project("{8BC9CEB8-8B4A-11D0-8D11-00A0C91BC942}") = "DXEngine", "graphics\dxengine\DXEngine.vcxproj", "{59BECA8E-1370-4D6E-BCA7-C6948601471A}"
EndProject
Project("{930C7802-8A8C-48F9-8165-68863BCCD9DD}") = "Installer", "installer\Installer.wixproj", "{89B4A6BA-5E99-48A8-8D73-7FF1669834A9}"
	ProjectSection(ProjectDependencies) = postProject
		{AB8D7652-9229-4626-9D63-87F8D546C79D} = {AB8D7652-9229-4626-9D63-87F8D546C79D}
	EndProjectSection
EndProject
Global
	GlobalSection(SolutionConfigurationPlatforms) = preSolution
		Debug|Mixed Platforms = Debug|Mixed Platforms
		Debug|Win32 = Debug|Win32
		Debug|x86 = Debug|x86
		Release|Mixed Platforms = Release|Mixed Platforms
		Release|Win32 = Release|Win32
		Release|x86 = Release|x86
	EndGlobalSection
	GlobalSection(ProjectConfigurationPlatforms) = postSolution
		{A9AF41A2-348D-40FC-A7AD-601A944E1D2F}.Debug|Mixed Platforms.ActiveCfg = Debug|Win32
		{A9AF41A2-348D-40FC-A7AD-601A944E1D2F}.Debug|Mixed Platforms.Build.0 = Debug|Win32
		{A9AF41A2-348D-40FC-A7AD-601A944E1D2F}.Debug|Win32.ActiveCfg = Debug|Win32
		{A9AF41A2-348D-40FC-A7AD-601A944E1D2F}.Debug|Win32.Build.0 = Debug|Win32
		{A9AF41A2-348D-40FC-A7AD-601A944E1D2F}.Debug|x86.ActiveCfg = Debug|Win32
		{A9AF41A2-348D-40FC-A7AD-601A944E1D2F}.Release|Mixed Platforms.ActiveCfg = Release|Win32
		{A9AF41A2-348D-40FC-A7AD-601A944E1D2F}.Release|Mixed Platforms.Build.0 = Release|Win32
		{A9AF41A2-348D-40FC-A7AD-601A944E1D2F}.Release|Win32.ActiveCfg = Release|Win32
		{A9AF41A2-348D-40FC-A7AD-601A944E1D2F}.Release|Win32.Build.0 = Release|Win32
		{A9AF41A2-348D-40FC-A7AD-601A944E1D2F}.Release|x86.ActiveCfg = Release|Win32
		{916C9938-FB28-4452-92B7-FF27DF0F858F}.Debug|Mixed Platforms.ActiveCfg = Debug|Win32
		{916C9938-FB28-4452-92B7-FF27DF0F858F}.Debug|Mixed Platforms.Build.0 = Debug|Win32
		{916C9938-FB28-4452-92B7-FF27DF0F858F}.Debug|Win32.ActiveCfg = Debug|Win32
		{916C9938-FB28-4452-92B7-FF27DF0F858F}.Debug|Win32.Build.0 = Debug|Win32
		{916C9938-FB28-4452-92B7-FF27DF0F858F}.Debug|x86.ActiveCfg = Debug|Win32
		{916C9938-FB28-4452-92B7-FF27DF0F858F}.Release|Mixed Platforms.ActiveCfg = Release|Win32
		{916C9938-FB28-4452-92B7-FF27DF0F858F}.Release|Mixed Platforms.Build.0 = Release|Win32
		{916C9938-FB28-4452-92B7-FF27DF0F858F}.Release|Win32.ActiveCfg = Release|Win32
		{916C9938-FB28-4452-92B7-FF27DF0F858F}.Release|Win32.Build.0 = Release|Win32
		{916C9938-FB28-4452-92B7-FF27DF0F858F}.Release|x86.ActiveCfg = Release|Win32
		{137E2465-7871-46AB-990A-8B53B26E6067}.Debug|Mixed Platforms.ActiveCfg = Debug|Win32
		{137E2465-7871-46AB-990A-8B53B26E6067}.Debug|Mixed Platforms.Build.0 = Debug|Win32
		{137E2465-7871-46AB-990A-8B53B26E6067}.Debug|Win32.ActiveCfg = Debug|Win32
		{137E2465-7871-46AB-990A-8B53B26E6067}.Debug|Win32.Build.0 = Debug|Win32
		{137E2465-7871-46AB-990A-8B53B26E6067}.Debug|x86.ActiveCfg = Debug|Win32
		{137E2465-7871-46AB-990A-8B53B26E6067}.Release|Mixed Platforms.ActiveCfg = Release|Win32
		{137E2465-7871-46AB-990A-8B53B26E6067}.Release|Mixed Platforms.Build.0 = Release|Win32
		{137E2465-7871-46AB-990A-8B53B26E6067}.Release|Win32.ActiveCfg = Release|Win32
		{137E2465-7871-46AB-990A-8B53B26E6067}.Release|Win32.Build.0 = Release|Win32
		{137E2465-7871-46AB-990A-8B53B26E6067}.Release|x86.ActiveCfg = Release|Win32
		{9F3DC08D-F3AB-45BA-BDEC-D6E416C5C09A}.Debug|Mixed Platforms.ActiveCfg = Debug|Win32
		{9F3DC08D-F3AB-45BA-BDEC-D6E416C5C09A}.Debug|Mixed Platforms.Build.0 = Debug|Win32
		{9F3DC08D-F3AB-45BA-BDEC-D6E416C5C09A}.Debug|Win32.ActiveCfg = Debug|Win32
		{9F3DC08D-F3AB-45BA-BDEC-D6E416C5C09A}.Debug|Win32.Build.0 = Debug|Win32
		{9F3DC08D-F3AB-45BA-BDEC-D6E416C5C09A}.Debug|x86.ActiveCfg = Debug|Win32
		{9F3DC08D-F3AB-45BA-BDEC-D6E416C5C09A}.Release|Mixed Platforms.ActiveCfg = Release|Win32
		{9F3DC08D-F3AB-45BA-BDEC-D6E416C5C09A}.Release|Mixed Platforms.Build.0 = Release|Win32
		{9F3DC08D-F3AB-45BA-BDEC-D6E416C5C09A}.Release|Win32.ActiveCfg = Release|Win32
		{9F3DC08D-F3AB-45BA-BDEC-D6E416C5C09A}.Release|Win32.Build.0 = Release|Win32
		{9F3DC08D-F3AB-45BA-BDEC-D6E416C5C09A}.Release|x86.ActiveCfg = Release|Win32
		{D7932B34-4576-43BA-9287-757C91C1F09B}.Debug|Mixed Platforms.ActiveCfg = Debug|Win32
		{D7932B34-4576-43BA-9287-757C91C1F09B}.Debug|Mixed Platforms.Build.0 = Debug|Win32
		{D7932B34-4576-43BA-9287-757C91C1F09B}.Debug|Win32.ActiveCfg = Debug|Win32
		{D7932B34-4576-43BA-9287-757C91C1F09B}.Debug|Win32.Build.0 = Debug|Win32
		{D7932B34-4576-43BA-9287-757C91C1F09B}.Debug|x86.ActiveCfg = Debug|Win32
		{D7932B34-4576-43BA-9287-757C91C1F09B}.Release|Mixed Platforms.ActiveCfg = Release|Win32
		{D7932B34-4576-43BA-9287-757C91C1F09B}.Release|Mixed Platforms.Build.0 = Release|Win32
		{D7932B34-4576-43BA-9287-757C91C1F09B}.Release|Win32.ActiveCfg = Release|Win32
		{D7932B34-4576-43BA-9287-757C91C1F09B}.Release|Win32.Build.0 = Release|Win32
		{D7932B34-4576-43BA-9287-757C91C1F09B}.Release|x86.ActiveCfg = Release|Win32
		{AB408B12-A8E9-4BA2-A312-92DF930559EF}.Debug|Mixed Platforms.ActiveCfg = Debug|Win32
		{AB408B12-A8E9-4BA2-A312-92DF930559EF}.Debug|Mixed Platforms.Build.0 = Debug|Win32
		{AB408B12-A8E9-4BA2-A312-92DF930559EF}.Debug|Win32.ActiveCfg = Debug|Win32
		{AB408B12-A8E9-4BA2-A312-92DF930559EF}.Debug|Win32.Build.0 = Debug|Win32
		{AB408B12-A8E9-4BA2-A312-92DF930559EF}.Debug|x86.ActiveCfg = Debug|Win32
		{AB408B12-A8E9-4BA2-A312-92DF930559EF}.Release|Mixed Platforms.ActiveCfg = Release|Win32
		{AB408B12-A8E9-4BA2-A312-92DF930559EF}.Release|Mixed Platforms.Build.0 = Release|Win32
		{AB408B12-A8E9-4BA2-A312-92DF930559EF}.Release|Win32.ActiveCfg = Release|Win32
		{AB408B12-A8E9-4BA2-A312-92DF930559EF}.Release|Win32.Build.0 = Release|Win32
		{AB408B12-A8E9-4BA2-A312-92DF930559EF}.Release|x86.ActiveCfg = Release|Win32
		{1B95EBF6-D3A4-49F1-8DB7-CB3058A5FFCF}.Debug|Mixed Platforms.ActiveCfg = Debug|Win32
		{1B95EBF6-D3A4-49F1-8DB7-CB3058A5FFCF}.Debug|Mixed Platforms.Build.0 = Debug|Win32
		{1B95EBF6-D3A4-49F1-8DB7-CB3058A5FFCF}.Debug|Win32.ActiveCfg = Debug|Win32
		{1B95EBF6-D3A4-49F1-8DB7-CB3058A5FFCF}.Debug|Win32.Build.0 = Debug|Win32
		{1B95EBF6-D3A4-49F1-8DB7-CB3058A5FFCF}.Debug|x86.ActiveCfg = Debug|Win32
		{1B95EBF6-D3A4-49F1-8DB7-CB3058A5FFCF}.Release|Mixed Platforms.ActiveCfg = Release|Win32
		{1B95EBF6-D3A4-49F1-8DB7-CB3058A5FFCF}.Release|Mixed Platforms.Build.0 = Release|Win32
		{1B95EBF6-D3A4-49F1-8DB7-CB3058A5FFCF}.Release|Win32.ActiveCfg = Release|Win32
		{1B95EBF6-D3A4-49F1-8DB7-CB3058A5FFCF}.Release|Win32.Build.0 = Release|Win32
		{1B95EBF6-D3A4-49F1-8DB7-CB3058A5FFCF}.Release|x86.ActiveCfg = Release|Win32
		{C008F3F5-C2A9-49C0-8798-30D3B83A6CC2}.Debug|Mixed Platforms.ActiveCfg = Debug|Win32
		{C008F3F5-C2A9-49C0-8798-30D3B83A6CC2}.Debug|Mixed Platforms.Build.0 = Debug|Win32
		{C008F3F5-C2A9-49C0-8798-30D3B83A6CC2}.Debug|Win32.ActiveCfg = Debug|Win32
		{C008F3F5-C2A9-49C0-8798-30D3B83A6CC2}.Debug|Win32.Build.0 = Debug|Win32
		{C008F3F5-C2A9-49C0-8798-30D3B83A6CC2}.Debug|x86.ActiveCfg = Debug|Win32
		{C008F3F5-C2A9-49C0-8798-30D3B83A6CC2}.Release|Mixed Platforms.ActiveCfg = Release|Win32
		{C008F3F5-C2A9-49C0-8798-30D3B83A6CC2}.Release|Mixed Platforms.Build.0 = Release|Win32
		{C008F3F5-C2A9-49C0-8798-30D3B83A6CC2}.Release|Win32.ActiveCfg = Release|Win32
		{C008F3F5-C2A9-49C0-8798-30D3B83A6CC2}.Release|Win32.Build.0 = Release|Win32
		{C008F3F5-C2A9-49C0-8798-30D3B83A6CC2}.Release|x86.ActiveCfg = Release|Win32
		{32EAB4B3-5B0D-4205-8DCE-99FF97B7EEA5}.Debug|Mixed Platforms.ActiveCfg = Debug|Win32
		{32EAB4B3-5B0D-4205-8DCE-99FF97B7EEA5}.Debug|Mixed Platforms.Build.0 = Debug|Win32
		{32EAB4B3-5B0D-4205-8DCE-99FF97B7EEA5}.Debug|Win32.ActiveCfg = Debug|Win32
		{32EAB4B3-5B0D-4205-8DCE-99FF97B7EEA5}.Debug|Win32.Build.0 = Debug|Win32
		{32EAB4B3-5B0D-4205-8DCE-99FF97B7EEA5}.Debug|x86.ActiveCfg = Debug|Win32
		{32EAB4B3-5B0D-4205-8DCE-99FF97B7EEA5}.Release|Mixed Platforms.ActiveCfg = Release|Win32
		{32EAB4B3-5B0D-4205-8DCE-99FF97B7EEA5}.Release|Mixed Platforms.Build.0 = Release|Win32
		{32EAB4B3-5B0D-4205-8DCE-99FF97B7EEA5}.Release|Win32.ActiveCfg = Release|Win32
		{32EAB4B3-5B0D-4205-8DCE-99FF97B7EEA5}.Release|Win32.Build.0 = Release|Win32
		{32EAB4B3-5B0D-4205-8DCE-99FF97B7EEA5}.Release|x86.ActiveCfg = Release|Win32
		{8ED5D803-EFF2-4B5B-86AF-831FF6A5A7F7}.Debug|Mixed Platforms.ActiveCfg = Debug|Win32
		{8ED5D803-EFF2-4B5B-86AF-831FF6A5A7F7}.Debug|Mixed Platforms.Build.0 = Debug|Win32
		{8ED5D803-EFF2-4B5B-86AF-831FF6A5A7F7}.Debug|Win32.ActiveCfg = Debug|Win32
		{8ED5D803-EFF2-4B5B-86AF-831FF6A5A7F7}.Debug|Win32.Build.0 = Debug|Win32
		{8ED5D803-EFF2-4B5B-86AF-831FF6A5A7F7}.Debug|x86.ActiveCfg = Debug|Win32
		{8ED5D803-EFF2-4B5B-86AF-831FF6A5A7F7}.Release|Mixed Platforms.ActiveCfg = Release|Win32
		{8ED5D803-EFF2-4B5B-86AF-831FF6A5A7F7}.Release|Mixed Platforms.Build.0 = Release|Win32
		{8ED5D803-EFF2-4B5B-86AF-831FF6A5A7F7}.Release|Win32.ActiveCfg = Release|Win32
		{8ED5D803-EFF2-4B5B-86AF-831FF6A5A7F7}.Release|Win32.Build.0 = Release|Win32
		{8ED5D803-EFF2-4B5B-86AF-831FF6A5A7F7}.Release|x86.ActiveCfg = Release|Win32
		{36A59546-6E25-4436-B4F5-C113DECCCF3C}.Debug|Mixed Platforms.ActiveCfg = Debug|Win32
		{36A59546-6E25-4436-B4F5-C113DECCCF3C}.Debug|Mixed Platforms.Build.0 = Debug|Win32
		{36A59546-6E25-4436-B4F5-C113DECCCF3C}.Debug|Win32.ActiveCfg = Debug|Win32
		{36A59546-6E25-4436-B4F5-C113DECCCF3C}.Debug|Win32.Build.0 = Debug|Win32
		{36A59546-6E25-4436-B4F5-C113DECCCF3C}.Debug|x86.ActiveCfg = Debug|Win32
		{36A59546-6E25-4436-B4F5-C113DECCCF3C}.Release|Mixed Platforms.ActiveCfg = Release|Win32
		{36A59546-6E25-4436-B4F5-C113DECCCF3C}.Release|Mixed Platforms.Build.0 = Release|Win32
		{36A59546-6E25-4436-B4F5-C113DECCCF3C}.Release|Win32.ActiveCfg = Release|Win32
		{36A59546-6E25-4436-B4F5-C113DECCCF3C}.Release|Win32.Build.0 = Release|Win32
		{36A59546-6E25-4436-B4F5-C113DECCCF3C}.Release|x86.ActiveCfg = Release|Win32
		{30F114E1-84F8-4C54-B897-97BAEE1CF481}.Debug|Mixed Platforms.ActiveCfg = Debug|Win32
		{30F114E1-84F8-4C54-B897-97BAEE1CF481}.Debug|Mixed Platforms.Build.0 = Debug|Win32
		{30F114E1-84F8-4C54-B897-97BAEE1CF481}.Debug|Win32.ActiveCfg = Debug|Win32
		{30F114E1-84F8-4C54-B897-97BAEE1CF481}.Debug|Win32.Build.0 = Debug|Win32
		{30F114E1-84F8-4C54-B897-97BAEE1CF481}.Debug|x86.ActiveCfg = Debug|Win32
		{30F114E1-84F8-4C54-B897-97BAEE1CF481}.Release|Mixed Platforms.ActiveCfg = Release|Win32
		{30F114E1-84F8-4C54-B897-97BAEE1CF481}.Release|Mixed Platforms.Build.0 = Release|Win32
		{30F114E1-84F8-4C54-B897-97BAEE1CF481}.Release|Win32.ActiveCfg = Release|Win32
		{30F114E1-84F8-4C54-B897-97BAEE1CF481}.Release|Win32.Build.0 = Release|Win32
		{30F114E1-84F8-4C54-B897-97BAEE1CF481}.Release|x86.ActiveCfg = Release|Win32
		{D8956702-2871-46F0-82D5-62034C5F7285}.Debug|Mixed Platforms.ActiveCfg = Debug|Win32
		{D8956702-2871-46F0-82D5-62034C5F7285}.Debug|Mixed Platforms.Build.0 = Debug|Win32
		{D8956702-2871-46F0-82D5-62034C5F7285}.Debug|Win32.ActiveCfg = Debug|Win32
		{D8956702-2871-46F0-82D5-62034C5F7285}.Debug|Win32.Build.0 = Debug|Win32
		{D8956702-2871-46F0-82D5-62034C5F7285}.Debug|x86.ActiveCfg = Debug|Win32
		{D8956702-2871-46F0-82D5-62034C5F7285}.Release|Mixed Platforms.ActiveCfg = Release|Win32
		{D8956702-2871-46F0-82D5-62034C5F7285}.Release|Mixed Platforms.Build.0 = Release|Win32
		{D8956702-2871-46F0-82D5-62034C5F7285}.Release|Win32.ActiveCfg = Release|Win32
		{D8956702-2871-46F0-82D5-62034C5F7285}.Release|Win32.Build.0 = Release|Win32
		{D8956702-2871-46F0-82D5-62034C5F7285}.Release|x86.ActiveCfg = Release|Win32
		{8F024CCA-883D-4A35-AAE1-99169C50B94E}.Debug|Mixed Platforms.ActiveCfg = Debug|Win32
		{8F024CCA-883D-4A35-AAE1-99169C50B94E}.Debug|Mixed Platforms.Build.0 = Debug|Win32
		{8F024CCA-883D-4A35-AAE1-99169C50B94E}.Debug|Win32.ActiveCfg = Debug|Win32
		{8F024CCA-883D-4A35-AAE1-99169C50B94E}.Debug|Win32.Build.0 = Debug|Win32
		{8F024CCA-883D-4A35-AAE1-99169C50B94E}.Debug|x86.ActiveCfg = Debug|Win32
		{8F024CCA-883D-4A35-AAE1-99169C50B94E}.Release|Mixed Platforms.ActiveCfg = Release|Win32
		{8F024CCA-883D-4A35-AAE1-99169C50B94E}.Release|Mixed Platforms.Build.0 = Release|Win32
		{8F024CCA-883D-4A35-AAE1-99169C50B94E}.Release|Win32.ActiveCfg = Release|Win32
		{8F024CCA-883D-4A35-AAE1-99169C50B94E}.Release|Win32.Build.0 = Release|Win32
		{8F024CCA-883D-4A35-AAE1-99169C50B94E}.Release|x86.ActiveCfg = Release|Win32
		{279B8DEB-3C4A-4B2C-9055-AA50F7405219}.Debug|Mixed Platforms.ActiveCfg = Debug|Win32
		{279B8DEB-3C4A-4B2C-9055-AA50F7405219}.Debug|Mixed Platforms.Build.0 = Debug|Win32
		{279B8DEB-3C4A-4B2C-9055-AA50F7405219}.Debug|Win32.ActiveCfg = Debug|Win32
		{279B8DEB-3C4A-4B2C-9055-AA50F7405219}.Debug|Win32.Build.0 = Debug|Win32
		{279B8DEB-3C4A-4B2C-9055-AA50F7405219}.Debug|x86.ActiveCfg = Debug|Win32
		{279B8DEB-3C4A-4B2C-9055-AA50F7405219}.Release|Mixed Platforms.ActiveCfg = Release|Win32
		{279B8DEB-3C4A-4B2C-9055-AA50F7405219}.Release|Mixed Platforms.Build.0 = Release|Win32
		{279B8DEB-3C4A-4B2C-9055-AA50F7405219}.Release|Win32.ActiveCfg = Release|Win32
		{279B8DEB-3C4A-4B2C-9055-AA50F7405219}.Release|Win32.Build.0 = Release|Win32
		{279B8DEB-3C4A-4B2C-9055-AA50F7405219}.Release|x86.ActiveCfg = Release|Win32
		{F08AB66A-0C6F-4382-97D7-C46C375D3C24}.Debug|Mixed Platforms.ActiveCfg = Debug|Win32
		{F08AB66A-0C6F-4382-97D7-C46C375D3C24}.Debug|Mixed Platforms.Build.0 = Debug|Win32
		{F08AB66A-0C6F-4382-97D7-C46C375D3C24}.Debug|Win32.ActiveCfg = Debug|Win32
		{F08AB66A-0C6F-4382-97D7-C46C375D3C24}.Debug|Win32.Build.0 = Debug|Win32
		{F08AB66A-0C6F-4382-97D7-C46C375D3C24}.Debug|x86.ActiveCfg = Debug|Win32
		{F08AB66A-0C6F-4382-97D7-C46C375D3C24}.Release|Mixed Platforms.ActiveCfg = Release|Win32
		{F08AB66A-0C6F-4382-97D7-C46C375D3C24}.Release|Mixed Platforms.Build.0 = Release|Win32
		{F08AB66A-0C6F-4382-97D7-C46C375D3C24}.Release|Win32.ActiveCfg = Release|Win32
		{F08AB66A-0C6F-4382-97D7-C46C375D3C24}.Release|Win32.Build.0 = Release|Win32
		{F08AB66A-0C6F-4382-97D7-C46C375D3C24}.Release|x86.ActiveCfg = Release|Win32
		{AB8D7652-9229-4626-9D63-87F8D546C79D}.Debug|Mixed Platforms.ActiveCfg = Debug|Win32
		{AB8D7652-9229-4626-9D63-87F8D546C79D}.Debug|Mixed Platforms.Build.0 = Debug|Win32
		{AB8D7652-9229-4626-9D63-87F8D546C79D}.Debug|Win32.ActiveCfg = Debug|Win32
		{AB8D7652-9229-4626-9D63-87F8D546C79D}.Debug|Win32.Build.0 = Debug|Win32
		{AB8D7652-9229-4626-9D63-87F8D546C79D}.Debug|x86.ActiveCfg = Debug|Win32
		{AB8D7652-9229-4626-9D63-87F8D546C79D}.Release|Mixed Platforms.ActiveCfg = Release|Win32
		{AB8D7652-9229-4626-9D63-87F8D546C79D}.Release|Mixed Platforms.Build.0 = Release|Win32
		{AB8D7652-9229-4626-9D63-87F8D546C79D}.Release|Win32.ActiveCfg = Release|Win32
		{AB8D7652-9229-4626-9D63-87F8D546C79D}.Release|Win32.Build.0 = Release|Win32
		{AB8D7652-9229-4626-9D63-87F8D546C79D}.Release|x86.ActiveCfg = Release|Win32
		{B1251ABE-8BBE-4D89-B9C4-F253C4760855}.Debug|Mixed Platforms.ActiveCfg = Debug|Win32
		{B1251ABE-8BBE-4D89-B9C4-F253C4760855}.Debug|Mixed Platforms.Build.0 = Debug|Win32
		{B1251ABE-8BBE-4D89-B9C4-F253C4760855}.Debug|Win32.ActiveCfg = Debug|Win32
		{B1251ABE-8BBE-4D89-B9C4-F253C4760855}.Debug|Win32.Build.0 = Debug|Win32
		{B1251ABE-8BBE-4D89-B9C4-F253C4760855}.Debug|x86.ActiveCfg = Debug|Win32
		{B1251ABE-8BBE-4D89-B9C4-F253C4760855}.Release|Mixed Platforms.ActiveCfg = Release|Win32
		{B1251ABE-8BBE-4D89-B9C4-F253C4760855}.Release|Mixed Platforms.Build.0 = Release|Win32
		{B1251ABE-8BBE-4D89-B9C4-F253C4760855}.Release|Win32.ActiveCfg = Release|Win32
		{B1251ABE-8BBE-4D89-B9C4-F253C4760855}.Release|Win32.Build.0 = Release|Win32
		{B1251ABE-8BBE-4D89-B9C4-F253C4760855}.Release|x86.ActiveCfg = Release|Win32
		{9AB683D2-C834-4543-BF4B-F4C50AD5D16E}.Debug|Mixed Platforms.ActiveCfg = Debug|Win32
		{9AB683D2-C834-4543-BF4B-F4C50AD5D16E}.Debug|Mixed Platforms.Build.0 = Debug|Win32
		{9AB683D2-C834-4543-BF4B-F4C50AD5D16E}.Debug|Win32.ActiveCfg = Debug|Win32
		{9AB683D2-C834-4543-BF4B-F4C50AD5D16E}.Debug|Win32.Build.0 = Debug|Win32
		{9AB683D2-C834-4543-BF4B-F4C50AD5D16E}.Debug|x86.ActiveCfg = Debug|Win32
		{9AB683D2-C834-4543-BF4B-F4C50AD5D16E}.Release|Mixed Platforms.ActiveCfg = Release|Win32
		{9AB683D2-C834-4543-BF4B-F4C50AD5D16E}.Release|Mixed Platforms.Build.0 = Release|Win32
		{9AB683D2-C834-4543-BF4B-F4C50AD5D16E}.Release|Win32.ActiveCfg = Release|Win32
		{9AB683D2-C834-4543-BF4B-F4C50AD5D16E}.Release|Win32.Build.0 = Release|Win32
		{9AB683D2-C834-4543-BF4B-F4C50AD5D16E}.Release|x86.ActiveCfg = Release|Win32
		{335948B2-69EB-4949-A264-A5A14ABE5BDA}.Debug|Mixed Platforms.ActiveCfg = Debug|Win32
		{335948B2-69EB-4949-A264-A5A14ABE5BDA}.Debug|Mixed Platforms.Build.0 = Debug|Win32
		{335948B2-69EB-4949-A264-A5A14ABE5BDA}.Debug|Win32.ActiveCfg = Debug|Win32
		{335948B2-69EB-4949-A264-A5A14ABE5BDA}.Debug|Win32.Build.0 = Debug|Win32
		{335948B2-69EB-4949-A264-A5A14ABE5BDA}.Debug|x86.ActiveCfg = Debug|Win32
		{335948B2-69EB-4949-A264-A5A14ABE5BDA}.Release|Mixed Platforms.ActiveCfg = Release|Win32
		{335948B2-69EB-4949-A264-A5A14ABE5BDA}.Release|Mixed Platforms.Build.0 = Release|Win32
		{335948B2-69EB-4949-A264-A5A14ABE5BDA}.Release|Win32.ActiveCfg = Release|Win32
		{335948B2-69EB-4949-A264-A5A14ABE5BDA}.Release|Win32.Build.0 = Release|Win32
		{335948B2-69EB-4949-A264-A5A14ABE5BDA}.Release|x86.ActiveCfg = Release|Win32
		{3C79FE0F-78F0-4451-99A9-E2EE9CEFE39A}.Debug|Mixed Platforms.ActiveCfg = Debug|Win32
		{3C79FE0F-78F0-4451-99A9-E2EE9CEFE39A}.Debug|Mixed Platforms.Build.0 = Debug|Win32
		{3C79FE0F-78F0-4451-99A9-E2EE9CEFE39A}.Debug|Win32.ActiveCfg = Debug|Win32
		{3C79FE0F-78F0-4451-99A9-E2EE9CEFE39A}.Debug|Win32.Build.0 = Debug|Win32
		{3C79FE0F-78F0-4451-99A9-E2EE9CEFE39A}.Debug|x86.ActiveCfg = Debug|Win32
		{3C79FE0F-78F0-4451-99A9-E2EE9CEFE39A}.Release|Mixed Platforms.ActiveCfg = Release|Win32
		{3C79FE0F-78F0-4451-99A9-E2EE9CEFE39A}.Release|Mixed Platforms.Build.0 = Release|Win32
		{3C79FE0F-78F0-4451-99A9-E2EE9CEFE39A}.Release|Win32.ActiveCfg = Release|Win32
		{3C79FE0F-78F0-4451-99A9-E2EE9CEFE39A}.Release|Win32.Build.0 = Release|Win32
		{3C79FE0F-78F0-4451-99A9-E2EE9CEFE39A}.Release|x86.ActiveCfg = Release|Win32
		{30BA2DFE-D99E-4576-986A-834B868BEFD9}.Debug|Mixed Platforms.ActiveCfg = Debug|Win32
		{30BA2DFE-D99E-4576-986A-834B868BEFD9}.Debug|Mixed Platforms.Build.0 = Debug|Win32
		{30BA2DFE-D99E-4576-986A-834B868BEFD9}.Debug|Win32.ActiveCfg = Debug|Win32
		{30BA2DFE-D99E-4576-986A-834B868BEFD9}.Debug|Win32.Build.0 = Debug|Win32
		{30BA2DFE-D99E-4576-986A-834B868BEFD9}.Debug|x86.ActiveCfg = Debug|Win32
		{30BA2DFE-D99E-4576-986A-834B868BEFD9}.Release|Mixed Platforms.ActiveCfg = Release|Win32
		{30BA2DFE-D99E-4576-986A-834B868BEFD9}.Release|Mixed Platforms.Build.0 = Release|Win32
		{30BA2DFE-D99E-4576-986A-834B868BEFD9}.Release|Win32.ActiveCfg = Release|Win32
		{30BA2DFE-D99E-4576-986A-834B868BEFD9}.Release|Win32.Build.0 = Release|Win32
		{30BA2DFE-D99E-4576-986A-834B868BEFD9}.Release|x86.ActiveCfg = Release|Win32
		{BA98EF88-F5FA-4BFD-A6C8-1EA4445026C9}.Debug|Mixed Platforms.ActiveCfg = Debug|Win32
		{BA98EF88-F5FA-4BFD-A6C8-1EA4445026C9}.Debug|Mixed Platforms.Build.0 = Debug|Win32
		{BA98EF88-F5FA-4BFD-A6C8-1EA4445026C9}.Debug|Win32.ActiveCfg = Debug|Win32
		{BA98EF88-F5FA-4BFD-A6C8-1EA4445026C9}.Debug|Win32.Build.0 = Debug|Win32
		{BA98EF88-F5FA-4BFD-A6C8-1EA4445026C9}.Debug|x86.ActiveCfg = Debug|Win32
		{BA98EF88-F5FA-4BFD-A6C8-1EA4445026C9}.Release|Mixed Platforms.ActiveCfg = Release|Win32
		{BA98EF88-F5FA-4BFD-A6C8-1EA4445026C9}.Release|Mixed Platforms.Build.0 = Release|Win32
		{BA98EF88-F5FA-4BFD-A6C8-1EA4445026C9}.Release|Win32.ActiveCfg = Release|Win32
		{BA98EF88-F5FA-4BFD-A6C8-1EA4445026C9}.Release|Win32.Build.0 = Release|Win32
		{BA98EF88-F5FA-4BFD-A6C8-1EA4445026C9}.Release|x86.ActiveCfg = Release|Win32
		{F0F3C561-1BEF-48C0-9708-9C588F326DB4}.Debug|Mixed Platforms.ActiveCfg = Debug|Win32
		{F0F3C561-1BEF-48C0-9708-9C588F326DB4}.Debug|Mixed Platforms.Build.0 = Debug|Win32
		{F0F3C561-1BEF-48C0-9708-9C588F326DB4}.Debug|Win32.ActiveCfg = Debug|Win32
		{F0F3C561-1BEF-48C0-9708-9C588F326DB4}.Debug|Win32.Build.0 = Debug|Win32
		{F0F3C561-1BEF-48C0-9708-9C588F326DB4}.Debug|x86.ActiveCfg = Debug|Win32
		{F0F3C561-1BEF-48C0-9708-9C588F326DB4}.Release|Mixed Platforms.ActiveCfg = Release|Win32
		{F0F3C561-1BEF-48C0-9708-9C588F326DB4}.Release|Mixed Platforms.Build.0 = Release|Win32
		{F0F3C561-1BEF-48C0-9708-9C588F326DB4}.Release|Win32.ActiveCfg = Release|Win32
		{F0F3C561-1BEF-48C0-9708-9C588F326DB4}.Release|Win32.Build.0 = Release|Win32
		{F0F3C561-1BEF-48C0-9708-9C588F326DB4}.Release|x86.ActiveCfg = Release|Win32
		{F02BF74B-FDB5-4E64-B232-554ADE43DF1A}.Debug|Mixed Platforms.ActiveCfg = Debug|Win32
		{F02BF74B-FDB5-4E64-B232-554ADE43DF1A}.Debug|Mixed Platforms.Build.0 = Debug|Win32
		{F02BF74B-FDB5-4E64-B232-554ADE43DF1A}.Debug|Win32.ActiveCfg = Debug|Win32
		{F02BF74B-FDB5-4E64-B232-554ADE43DF1A}.Debug|Win32.Build.0 = Debug|Win32
		{F02BF74B-FDB5-4E64-B232-554ADE43DF1A}.Debug|x86.ActiveCfg = Debug|Win32
		{F02BF74B-FDB5-4E64-B232-554ADE43DF1A}.Release|Mixed Platforms.ActiveCfg = Release|Win32
		{F02BF74B-FDB5-4E64-B232-554ADE43DF1A}.Release|Mixed Platforms.Build.0 = Release|Win32
		{F02BF74B-FDB5-4E64-B232-554ADE43DF1A}.Release|Win32.ActiveCfg = Release|Win32
		{F02BF74B-FDB5-4E64-B232-554ADE43DF1A}.Release|Win32.Build.0 = Release|Win32
		{F02BF74B-FDB5-4E64-B232-554ADE43DF1A}.Release|x86.ActiveCfg = Release|Win32
		{0052E7E5-99E4-45A5-AF65-89C997DA37A1}.Debug|Mixed Platforms.ActiveCfg = Debug|Win32
		{0052E7E5-99E4-45A5-AF65-89C997DA37A1}.Debug|Mixed Platforms.Build.0 = Debug|Win32
		{0052E7E5-99E4-45A5-AF65-89C997DA37A1}.Debug|Win32.ActiveCfg = Debug|Win32
		{0052E7E5-99E4-45A5-AF65-89C997DA37A1}.Debug|Win32.Build.0 = Debug|Win32
		{0052E7E5-99E4-45A5-AF65-89C997DA37A1}.Debug|x86.ActiveCfg = Debug|Win32
		{0052E7E5-99E4-45A5-AF65-89C997DA37A1}.Release|Mixed Platforms.ActiveCfg = Release|Win32
		{0052E7E5-99E4-45A5-AF65-89C997DA37A1}.Release|Mixed Platforms.Build.0 = Release|Win32
		{0052E7E5-99E4-45A5-AF65-89C997DA37A1}.Release|Win32.ActiveCfg = Release|Win32
		{0052E7E5-99E4-45A5-AF65-89C997DA37A1}.Release|Win32.Build.0 = Release|Win32
		{0052E7E5-99E4-45A5-AF65-89C997DA37A1}.Release|x86.ActiveCfg = Release|Win32
		{D3B8701D-46C8-425A-BF3E-2D856ED8F732}.Debug|Mixed Platforms.ActiveCfg = Debug|Win32
		{D3B8701D-46C8-425A-BF3E-2D856ED8F732}.Debug|Mixed Platforms.Build.0 = Debug|Win32
		{D3B8701D-46C8-425A-BF3E-2D856ED8F732}.Debug|Win32.ActiveCfg = Debug|Win32
		{D3B8701D-46C8-425A-BF3E-2D856ED8F732}.Debug|Win32.Build.0 = Debug|Win32
		{D3B8701D-46C8-425A-BF3E-2D856ED8F732}.Debug|x86.ActiveCfg = Debug|Win32
		{D3B8701D-46C8-425A-BF3E-2D856ED8F732}.Release|Mixed Platforms.ActiveCfg = Release|Win32
		{D3B8701D-46C8-425A-BF3E-2D856ED8F732}.Release|Mixed Platforms.Build.0 = Release|Win32
		{D3B8701D-46C8-425A-BF3E-2D856ED8F732}.Release|Win32.ActiveCfg = Release|Win32
		{D3B8701D-46C8-425A-BF3E-2D856ED8F732}.Release|Win32.Build.0 = Release|Win32
		{D3B8701D-46C8-425A-BF3E-2D856ED8F732}.Release|x86.ActiveCfg = Release|Win32
		{D2F5AB8E-A793-4817-A476-3FB9F9ACB384}.Debug|Mixed Platforms.ActiveCfg = Debug|Win32
		{D2F5AB8E-A793-4817-A476-3FB9F9ACB384}.Debug|Mixed Platforms.Build.0 = Debug|Win32
		{D2F5AB8E-A793-4817-A476-3FB9F9ACB384}.Debug|Win32.ActiveCfg = Debug|Win32
		{D2F5AB8E-A793-4817-A476-3FB9F9ACB384}.Debug|Win32.Build.0 = Debug|Win32
		{D2F5AB8E-A793-4817-A476-3FB9F9ACB384}.Debug|x86.ActiveCfg = Debug|Win32
		{D2F5AB8E-A793-4817-A476-3FB9F9ACB384}.Release|Mixed Platforms.ActiveCfg = Release|Win32
		{D2F5AB8E-A793-4817-A476-3FB9F9ACB384}.Release|Mixed Platforms.Build.0 = Release|Win32
		{D2F5AB8E-A793-4817-A476-3FB9F9ACB384}.Release|Win32.ActiveCfg = Release|Win32
		{D2F5AB8E-A793-4817-A476-3FB9F9ACB384}.Release|Win32.Build.0 = Release|Win32
		{D2F5AB8E-A793-4817-A476-3FB9F9ACB384}.Release|x86.ActiveCfg = Release|Win32
		{25056C8F-66B0-4E5F-9F93-2E0BA7A22C4C}.Debug|Mixed Platforms.ActiveCfg = Debug|Win32
		{25056C8F-66B0-4E5F-9F93-2E0BA7A22C4C}.Debug|Mixed Platforms.Build.0 = Debug|Win32
		{25056C8F-66B0-4E5F-9F93-2E0BA7A22C4C}.Debug|Win32.ActiveCfg = Debug|Win32
		{25056C8F-66B0-4E5F-9F93-2E0BA7A22C4C}.Debug|Win32.Build.0 = Debug|Win32
		{25056C8F-66B0-4E5F-9F93-2E0BA7A22C4C}.Debug|x86.ActiveCfg = Debug|Win32
		{25056C8F-66B0-4E5F-9F93-2E0BA7A22C4C}.Release|Mixed Platforms.ActiveCfg = Release|Win32
		{25056C8F-66B0-4E5F-9F93-2E0BA7A22C4C}.Release|Mixed Platforms.Build.0 = Release|Win32
		{25056C8F-66B0-4E5F-9F93-2E0BA7A22C4C}.Release|Win32.ActiveCfg = Release|Win32
		{25056C8F-66B0-4E5F-9F93-2E0BA7A22C4C}.Release|Win32.Build.0 = Release|Win32
		{25056C8F-66B0-4E5F-9F93-2E0BA7A22C4C}.Release|x86.ActiveCfg = Release|Win32
		{501002DB-C2C6-4963-968F-991A56811A75}.Debug|Mixed Platforms.ActiveCfg = Debug|Win32
		{501002DB-C2C6-4963-968F-991A56811A75}.Debug|Mixed Platforms.Build.0 = Debug|Win32
		{501002DB-C2C6-4963-968F-991A56811A75}.Debug|Win32.ActiveCfg = Debug|Win32
		{501002DB-C2C6-4963-968F-991A56811A75}.Debug|Win32.Build.0 = Debug|Win32
		{501002DB-C2C6-4963-968F-991A56811A75}.Debug|x86.ActiveCfg = Debug|Win32
		{501002DB-C2C6-4963-968F-991A56811A75}.Release|Mixed Platforms.ActiveCfg = Release|Win32
		{501002DB-C2C6-4963-968F-991A56811A75}.Release|Mixed Platforms.Build.0 = Release|Win32
		{501002DB-C2C6-4963-968F-991A56811A75}.Release|Win32.ActiveCfg = Release|Win32
		{501002DB-C2C6-4963-968F-991A56811A75}.Release|Win32.Build.0 = Release|Win32
		{501002DB-C2C6-4963-968F-991A56811A75}.Release|x86.ActiveCfg = Release|Win32
		{4A1ABFED-DEB8-4E1F-9B8B-7DD0EC45F433}.Debug|Mixed Platforms.ActiveCfg = Debug|Win32
		{4A1ABFED-DEB8-4E1F-9B8B-7DD0EC45F433}.Debug|Mixed Platforms.Build.0 = Debug|Win32
		{4A1ABFED-DEB8-4E1F-9B8B-7DD0EC45F433}.Debug|Win32.ActiveCfg = Debug|Win32
		{4A1ABFED-DEB8-4E1F-9B8B-7DD0EC45F433}.Debug|Win32.Build.0 = Debug|Win32
		{4A1ABFED-DEB8-4E1F-9B8B-7DD0EC45F433}.Debug|x86.ActiveCfg = Debug|Win32
		{4A1ABFED-DEB8-4E1F-9B8B-7DD0EC45F433}.Release|Mixed Platforms.ActiveCfg = Release|Win32
		{4A1ABFED-DEB8-4E1F-9B8B-7DD0EC45F433}.Release|Mixed Platforms.Build.0 = Release|Win32
		{4A1ABFED-DEB8-4E1F-9B8B-7DD0EC45F433}.Release|Win32.ActiveCfg = Release|Win32
		{4A1ABFED-DEB8-4E1F-9B8B-7DD0EC45F433}.Release|Win32.Build.0 = Release|Win32
		{4A1ABFED-DEB8-4E1F-9B8B-7DD0EC45F433}.Release|x86.ActiveCfg = Release|Win32
		{0A406638-92B3-4109-97A4-8CE1391550E0}.Debug|Mixed Platforms.ActiveCfg = Debug|Win32
		{0A406638-92B3-4109-97A4-8CE1391550E0}.Debug|Mixed Platforms.Build.0 = Debug|Win32
		{0A406638-92B3-4109-97A4-8CE1391550E0}.Debug|Win32.ActiveCfg = Debug|Win32
		{0A406638-92B3-4109-97A4-8CE1391550E0}.Debug|Win32.Build.0 = Debug|Win32
		{0A406638-92B3-4109-97A4-8CE1391550E0}.Debug|x86.ActiveCfg = Debug|Win32
		{0A406638-92B3-4109-97A4-8CE1391550E0}.Release|Mixed Platforms.ActiveCfg = Release|Win32
		{0A406638-92B3-4109-97A4-8CE1391550E0}.Release|Mixed Platforms.Build.0 = Release|Win32
		{0A406638-92B3-4109-97A4-8CE1391550E0}.Release|Win32.ActiveCfg = Release|Win32
		{0A406638-92B3-4109-97A4-8CE1391550E0}.Release|Win32.Build.0 = Release|Win32
		{0A406638-92B3-4109-97A4-8CE1391550E0}.Release|x86.ActiveCfg = Release|Win32
		{6275F50C-0337-4201-9CDB-F58FD5A66D65}.Debug|Mixed Platforms.ActiveCfg = Debug|Win32
		{6275F50C-0337-4201-9CDB-F58FD5A66D65}.Debug|Mixed Platforms.Build.0 = Debug|Win32
		{6275F50C-0337-4201-9CDB-F58FD5A66D65}.Debug|Win32.ActiveCfg = Debug|Win32
		{6275F50C-0337-4201-9CDB-F58FD5A66D65}.Debug|Win32.Build.0 = Debug|Win32
		{6275F50C-0337-4201-9CDB-F58FD5A66D65}.Debug|x86.ActiveCfg = Debug|Win32
		{6275F50C-0337-4201-9CDB-F58FD5A66D65}.Release|Mixed Platforms.ActiveCfg = Release|Win32
		{6275F50C-0337-4201-9CDB-F58FD5A66D65}.Release|Mixed Platforms.Build.0 = Release|Win32
		{6275F50C-0337-4201-9CDB-F58FD5A66D65}.Release|Win32.ActiveCfg = Release|Win32
		{6275F50C-0337-4201-9CDB-F58FD5A66D65}.Release|Win32.Build.0 = Release|Win32
		{6275F50C-0337-4201-9CDB-F58FD5A66D65}.Release|x86.ActiveCfg = Release|Win32
		{637040B7-E832-4567-AB76-56A0521AFA9E}.Debug|Mixed Platforms.ActiveCfg = Debug|Win32
		{637040B7-E832-4567-AB76-56A0521AFA9E}.Debug|Mixed Platforms.Build.0 = Debug|Win32
		{637040B7-E832-4567-AB76-56A0521AFA9E}.Debug|Win32.ActiveCfg = Debug|Win32
		{637040B7-E832-4567-AB76-56A0521AFA9E}.Debug|Win32.Build.0 = Debug|Win32
		{637040B7-E832-4567-AB76-56A0521AFA9E}.Debug|x86.ActiveCfg = Debug|Win32
		{637040B7-E832-4567-AB76-56A0521AFA9E}.Release|Mixed Platforms.ActiveCfg = Release|Win32
		{637040B7-E832-4567-AB76-56A0521AFA9E}.Release|Mixed Platforms.Build.0 = Release|Win32
		{637040B7-E832-4567-AB76-56A0521AFA9E}.Release|Win32.ActiveCfg = Release|Win32
		{637040B7-E832-4567-AB76-56A0521AFA9E}.Release|Win32.Build.0 = Release|Win32
		{637040B7-E832-4567-AB76-56A0521AFA9E}.Release|x86.ActiveCfg = Release|Win32
		{5AFB5B41-122D-4929-9EC6-279F88934DD9}.Debug|Mixed Platforms.ActiveCfg = Debug|Win32
		{5AFB5B41-122D-4929-9EC6-279F88934DD9}.Debug|Mixed Platforms.Build.0 = Debug|Win32
		{5AFB5B41-122D-4929-9EC6-279F88934DD9}.Debug|Win32.ActiveCfg = Debug|Win32
		{5AFB5B41-122D-4929-9EC6-279F88934DD9}.Debug|Win32.Build.0 = Debug|Win32
		{5AFB5B41-122D-4929-9EC6-279F88934DD9}.Debug|x86.ActiveCfg = Debug|Win32
		{5AFB5B41-122D-4929-9EC6-279F88934DD9}.Release|Mixed Platforms.ActiveCfg = Release|Win32
		{5AFB5B41-122D-4929-9EC6-279F88934DD9}.Release|Mixed Platforms.Build.0 = Release|Win32
		{5AFB5B41-122D-4929-9EC6-279F88934DD9}.Release|Win32.ActiveCfg = Release|Win32
		{5AFB5B41-122D-4929-9EC6-279F88934DD9}.Release|Win32.Build.0 = Release|Win32
		{5AFB5B41-122D-4929-9EC6-279F88934DD9}.Release|x86.ActiveCfg = Release|Win32
		{D180A90E-67BF-46E5-939E-744FD76B5BD1}.Debug|Mixed Platforms.ActiveCfg = Debug|Win32
		{D180A90E-67BF-46E5-939E-744FD76B5BD1}.Debug|Mixed Platforms.Build.0 = Debug|Win32
		{D180A90E-67BF-46E5-939E-744FD76B5BD1}.Debug|Win32.ActiveCfg = Debug|Win32
		{D180A90E-67BF-46E5-939E-744FD76B5BD1}.Debug|Win32.Build.0 = Debug|Win32
		{D180A90E-67BF-46E5-939E-744FD76B5BD1}.Debug|x86.ActiveCfg = Debug|Win32
		{D180A90E-67BF-46E5-939E-744FD76B5BD1}.Release|Mixed Platforms.ActiveCfg = Release|Win32
		{D180A90E-67BF-46E5-939E-744FD76B5BD1}.Release|Mixed Platforms.Build.0 = Release|Win32
		{D180A90E-67BF-46E5-939E-744FD76B5BD1}.Release|Win32.ActiveCfg = Release|Win32
		{D180A90E-67BF-46E5-939E-744FD76B5BD1}.Release|Win32.Build.0 = Release|Win32
		{D180A90E-67BF-46E5-939E-744FD76B5BD1}.Release|x86.ActiveCfg = Release|Win32
		{1D825AA7-EAB1-47D0-AC9A-C44DB4F0DDFC}.Debug|Mixed Platforms.ActiveCfg = Debug|Win32
		{1D825AA7-EAB1-47D0-AC9A-C44DB4F0DDFC}.Debug|Mixed Platforms.Build.0 = Debug|Win32
		{1D825AA7-EAB1-47D0-AC9A-C44DB4F0DDFC}.Debug|Win32.ActiveCfg = Debug|Win32
		{1D825AA7-EAB1-47D0-AC9A-C44DB4F0DDFC}.Debug|Win32.Build.0 = Debug|Win32
		{1D825AA7-EAB1-47D0-AC9A-C44DB4F0DDFC}.Debug|x86.ActiveCfg = Debug|Win32
		{1D825AA7-EAB1-47D0-AC9A-C44DB4F0DDFC}.Release|Mixed Platforms.ActiveCfg = Release|Win32
		{1D825AA7-EAB1-47D0-AC9A-C44DB4F0DDFC}.Release|Mixed Platforms.Build.0 = Release|Win32
		{1D825AA7-EAB1-47D0-AC9A-C44DB4F0DDFC}.Release|Win32.ActiveCfg = Release|Win32
		{1D825AA7-EAB1-47D0-AC9A-C44DB4F0DDFC}.Release|Win32.Build.0 = Release|Win32
		{1D825AA7-EAB1-47D0-AC9A-C44DB4F0DDFC}.Release|x86.ActiveCfg = Release|Win32
		{19AC892E-EB8C-46BE-A73D-D69AD23C41F3}.Debug|Mixed Platforms.ActiveCfg = Debug|Win32
		{19AC892E-EB8C-46BE-A73D-D69AD23C41F3}.Debug|Mixed Platforms.Build.0 = Debug|Win32
		{19AC892E-EB8C-46BE-A73D-D69AD23C41F3}.Debug|Win32.ActiveCfg = Debug|Win32
		{19AC892E-EB8C-46BE-A73D-D69AD23C41F3}.Debug|Win32.Build.0 = Debug|Win32
		{19AC892E-EB8C-46BE-A73D-D69AD23C41F3}.Debug|x86.ActiveCfg = Debug|Win32
		{19AC892E-EB8C-46BE-A73D-D69AD23C41F3}.Release|Mixed Platforms.ActiveCfg = Release|Win32
		{19AC892E-EB8C-46BE-A73D-D69AD23C41F3}.Release|Mixed Platforms.Build.0 = Release|Win32
		{19AC892E-EB8C-46BE-A73D-D69AD23C41F3}.Release|Win32.ActiveCfg = Release|Win32
		{19AC892E-EB8C-46BE-A73D-D69AD23C41F3}.Release|Win32.Build.0 = Release|Win32
		{19AC892E-EB8C-46BE-A73D-D69AD23C41F3}.Release|x86.ActiveCfg = Release|Win32
		{5D9EEB30-2BC8-42CD-B76F-06FB46492B08}.Debug|Mixed Platforms.ActiveCfg = Debug|Win32
		{5D9EEB30-2BC8-42CD-B76F-06FB46492B08}.Debug|Mixed Platforms.Build.0 = Debug|Win32
		{5D9EEB30-2BC8-42CD-B76F-06FB46492B08}.Debug|Win32.ActiveCfg = Debug|Win32
		{5D9EEB30-2BC8-42CD-B76F-06FB46492B08}.Debug|Win32.Build.0 = Debug|Win32
		{5D9EEB30-2BC8-42CD-B76F-06FB46492B08}.Debug|x86.ActiveCfg = Debug|Win32
		{5D9EEB30-2BC8-42CD-B76F-06FB46492B08}.Release|Mixed Platforms.ActiveCfg = Release|Win32
		{5D9EEB30-2BC8-42CD-B76F-06FB46492B08}.Release|Mixed Platforms.Build.0 = Release|Win32
		{5D9EEB30-2BC8-42CD-B76F-06FB46492B08}.Release|Win32.ActiveCfg = Release|Win32
		{5D9EEB30-2BC8-42CD-B76F-06FB46492B08}.Release|Win32.Build.0 = Release|Win32
		{5D9EEB30-2BC8-42CD-B76F-06FB46492B08}.Release|x86.ActiveCfg = Release|Win32
		{FCEA447D-B717-4C0E-ABDB-25355EFFD63B}.Debug|Mixed Platforms.ActiveCfg = Debug|Win32
		{FCEA447D-B717-4C0E-ABDB-25355EFFD63B}.Debug|Mixed Platforms.Build.0 = Debug|Win32
		{FCEA447D-B717-4C0E-ABDB-25355EFFD63B}.Debug|Win32.ActiveCfg = Debug|Win32
		{FCEA447D-B717-4C0E-ABDB-25355EFFD63B}.Debug|Win32.Build.0 = Debug|Win32
		{FCEA447D-B717-4C0E-ABDB-25355EFFD63B}.Debug|x86.ActiveCfg = Debug|Win32
		{FCEA447D-B717-4C0E-ABDB-25355EFFD63B}.Release|Mixed Platforms.ActiveCfg = Release|Win32
		{FCEA447D-B717-4C0E-ABDB-25355EFFD63B}.Release|Mixed Platforms.Build.0 = Release|Win32
		{FCEA447D-B717-4C0E-ABDB-25355EFFD63B}.Release|Win32.ActiveCfg = Release|Win32
		{FCEA447D-B717-4C0E-ABDB-25355EFFD63B}.Release|Win32.Build.0 = Release|Win32
		{FCEA447D-B717-4C0E-ABDB-25355EFFD63B}.Release|x86.ActiveCfg = Release|Win32
		{8A0E07A2-5623-4742-AD92-ADC5310C425A}.Debug|Mixed Platforms.ActiveCfg = Debug|Win32
		{8A0E07A2-5623-4742-AD92-ADC5310C425A}.Debug|Mixed Platforms.Build.0 = Debug|Win32
		{8A0E07A2-5623-4742-AD92-ADC5310C425A}.Debug|Win32.ActiveCfg = Debug|Win32
		{8A0E07A2-5623-4742-AD92-ADC5310C425A}.Debug|Win32.Build.0 = Debug|Win32
		{8A0E07A2-5623-4742-AD92-ADC5310C425A}.Debug|x86.ActiveCfg = Debug|Win32
		{8A0E07A2-5623-4742-AD92-ADC5310C425A}.Release|Mixed Platforms.ActiveCfg = Release|Win32
		{8A0E07A2-5623-4742-AD92-ADC5310C425A}.Release|Mixed Platforms.Build.0 = Release|Win32
		{8A0E07A2-5623-4742-AD92-ADC5310C425A}.Release|Win32.ActiveCfg = Release|Win32
		{8A0E07A2-5623-4742-AD92-ADC5310C425A}.Release|Win32.Build.0 = Release|Win32
		{8A0E07A2-5623-4742-AD92-ADC5310C425A}.Release|x86.ActiveCfg = Release|Win32
		{DB08A361-37B1-4D37-AE4C-52C3F654DAB4}.Debug|Mixed Platforms.ActiveCfg = Debug|Win32
		{DB08A361-37B1-4D37-AE4C-52C3F654DAB4}.Debug|Mixed Platforms.Build.0 = Debug|Win32
		{DB08A361-37B1-4D37-AE4C-52C3F654DAB4}.Debug|Win32.ActiveCfg = Debug|Win32
		{DB08A361-37B1-4D37-AE4C-52C3F654DAB4}.Debug|Win32.Build.0 = Debug|Win32
		{DB08A361-37B1-4D37-AE4C-52C3F654DAB4}.Debug|x86.ActiveCfg = Debug|Win32
		{DB08A361-37B1-4D37-AE4C-52C3F654DAB4}.Release|Mixed Platforms.ActiveCfg = Release|Win32
		{DB08A361-37B1-4D37-AE4C-52C3F654DAB4}.Release|Mixed Platforms.Build.0 = Release|Win32
		{DB08A361-37B1-4D37-AE4C-52C3F654DAB4}.Release|Win32.ActiveCfg = Release|Win32
		{DB08A361-37B1-4D37-AE4C-52C3F654DAB4}.Release|Win32.Build.0 = Release|Win32
		{DB08A361-37B1-4D37-AE4C-52C3F654DAB4}.Release|x86.ActiveCfg = Release|Win32
		{EC52C00E-CD89-44E8-B356-F8A173F8ED40}.Debug|Mixed Platforms.ActiveCfg = Debug|Win32
		{EC52C00E-CD89-44E8-B356-F8A173F8ED40}.Debug|Mixed Platforms.Build.0 = Debug|Win32
		{EC52C00E-CD89-44E8-B356-F8A173F8ED40}.Debug|Win32.ActiveCfg = Debug|Win32
		{EC52C00E-CD89-44E8-B356-F8A173F8ED40}.Debug|Win32.Build.0 = Debug|Win32
		{EC52C00E-CD89-44E8-B356-F8A173F8ED40}.Debug|x86.ActiveCfg = Debug|Win32
		{EC52C00E-CD89-44E8-B356-F8A173F8ED40}.Release|Mixed Platforms.ActiveCfg = Release|Win32
		{EC52C00E-CD89-44E8-B356-F8A173F8ED40}.Release|Mixed Platforms.Build.0 = Release|Win32
		{EC52C00E-CD89-44E8-B356-F8A173F8ED40}.Release|Win32.ActiveCfg = Release|Win32
		{EC52C00E-CD89-44E8-B356-F8A173F8ED40}.Release|Win32.Build.0 = Release|Win32
		{EC52C00E-CD89-44E8-B356-F8A173F8ED40}.Release|x86.ActiveCfg = Release|Win32
		{264AB5CD-FB0C-497A-A30F-3EAC9624DC7B}.Debug|Mixed Platforms.ActiveCfg = Debug|Win32
		{264AB5CD-FB0C-497A-A30F-3EAC9624DC7B}.Debug|Mixed Platforms.Build.0 = Debug|Win32
		{264AB5CD-FB0C-497A-A30F-3EAC9624DC7B}.Debug|Win32.ActiveCfg = Debug|Win32
		{264AB5CD-FB0C-497A-A30F-3EAC9624DC7B}.Debug|Win32.Build.0 = Debug|Win32
		{264AB5CD-FB0C-497A-A30F-3EAC9624DC7B}.Debug|x86.ActiveCfg = Debug|Win32
		{264AB5CD-FB0C-497A-A30F-3EAC9624DC7B}.Release|Mixed Platforms.ActiveCfg = Release|Win32
		{264AB5CD-FB0C-497A-A30F-3EAC9624DC7B}.Release|Mixed Platforms.Build.0 = Release|Win32
		{264AB5CD-FB0C-497A-A30F-3EAC9624DC7B}.Release|Win32.ActiveCfg = Release|Win32
		{264AB5CD-FB0C-497A-A30F-3EAC9624DC7B}.Release|Win32.Build.0 = Release|Win32
		{264AB5CD-FB0C-497A-A30F-3EAC9624DC7B}.Release|x86.ActiveCfg = Release|Win32
		{3052A8D3-71F3-4502-BD4D-37C0CC1B1176}.Debug|Mixed Platforms.ActiveCfg = Debug|Win32
		{3052A8D3-71F3-4502-BD4D-37C0CC1B1176}.Debug|Mixed Platforms.Build.0 = Debug|Win32
		{3052A8D3-71F3-4502-BD4D-37C0CC1B1176}.Debug|Win32.ActiveCfg = Debug|Win32
		{3052A8D3-71F3-4502-BD4D-37C0CC1B1176}.Debug|Win32.Build.0 = Debug|Win32
		{3052A8D3-71F3-4502-BD4D-37C0CC1B1176}.Debug|x86.ActiveCfg = Debug|Win32
		{3052A8D3-71F3-4502-BD4D-37C0CC1B1176}.Release|Mixed Platforms.ActiveCfg = Release|Win32
		{3052A8D3-71F3-4502-BD4D-37C0CC1B1176}.Release|Mixed Platforms.Build.0 = Release|Win32
		{3052A8D3-71F3-4502-BD4D-37C0CC1B1176}.Release|Win32.ActiveCfg = Release|Win32
		{3052A8D3-71F3-4502-BD4D-37C0CC1B1176}.Release|Win32.Build.0 = Release|Win32
		{3052A8D3-71F3-4502-BD4D-37C0CC1B1176}.Release|x86.ActiveCfg = Release|Win32
		{5050729B-EFD8-4ED4-800D-41575F41B225}.Debug|Mixed Platforms.ActiveCfg = Debug|Win32
		{5050729B-EFD8-4ED4-800D-41575F41B225}.Debug|Mixed Platforms.Build.0 = Debug|Win32
		{5050729B-EFD8-4ED4-800D-41575F41B225}.Debug|Win32.ActiveCfg = Debug|Win32
		{5050729B-EFD8-4ED4-800D-41575F41B225}.Debug|Win32.Build.0 = Debug|Win32
		{5050729B-EFD8-4ED4-800D-41575F41B225}.Debug|x86.ActiveCfg = Debug|Win32
		{5050729B-EFD8-4ED4-800D-41575F41B225}.Release|Mixed Platforms.ActiveCfg = Release|Win32
		{5050729B-EFD8-4ED4-800D-41575F41B225}.Release|Mixed Platforms.Build.0 = Release|Win32
		{5050729B-EFD8-4ED4-800D-41575F41B225}.Release|Win32.ActiveCfg = Release|Win32
		{5050729B-EFD8-4ED4-800D-41575F41B225}.Release|Win32.Build.0 = Release|Win32
		{5050729B-EFD8-4ED4-800D-41575F41B225}.Release|x86.ActiveCfg = Release|Win32
		{BA2CB060-F7CC-4258-B356-C743BE43937E}.Debug|Mixed Platforms.ActiveCfg = Debug|Win32
		{BA2CB060-F7CC-4258-B356-C743BE43937E}.Debug|Mixed Platforms.Build.0 = Debug|Win32
		{BA2CB060-F7CC-4258-B356-C743BE43937E}.Debug|Win32.ActiveCfg = Debug|Win32
		{BA2CB060-F7CC-4258-B356-C743BE43937E}.Debug|Win32.Build.0 = Debug|Win32
		{BA2CB060-F7CC-4258-B356-C743BE43937E}.Debug|x86.ActiveCfg = Debug|Win32
		{BA2CB060-F7CC-4258-B356-C743BE43937E}.Release|Mixed Platforms.ActiveCfg = Release|Win32
		{BA2CB060-F7CC-4258-B356-C743BE43937E}.Release|Mixed Platforms.Build.0 = Release|Win32
		{BA2CB060-F7CC-4258-B356-C743BE43937E}.Release|Win32.ActiveCfg = Release|Win32
		{BA2CB060-F7CC-4258-B356-C743BE43937E}.Release|Win32.Build.0 = Release|Win32
		{BA2CB060-F7CC-4258-B356-C743BE43937E}.Release|x86.ActiveCfg = Release|Win32
		{C89E7CFD-2B9C-4AEA-8F9E-B29747933F9B}.Debug|Mixed Platforms.ActiveCfg = Debug|Win32
		{C89E7CFD-2B9C-4AEA-8F9E-B29747933F9B}.Debug|Mixed Platforms.Build.0 = Debug|Win32
		{C89E7CFD-2B9C-4AEA-8F9E-B29747933F9B}.Debug|Win32.ActiveCfg = Debug|Win32
		{C89E7CFD-2B9C-4AEA-8F9E-B29747933F9B}.Debug|Win32.Build.0 = Debug|Win32
		{C89E7CFD-2B9C-4AEA-8F9E-B29747933F9B}.Debug|x86.ActiveCfg = Debug|Win32
		{C89E7CFD-2B9C-4AEA-8F9E-B29747933F9B}.Release|Mixed Platforms.ActiveCfg = Release|Win32
		{C89E7CFD-2B9C-4AEA-8F9E-B29747933F9B}.Release|Mixed Platforms.Build.0 = Release|Win32
		{C89E7CFD-2B9C-4AEA-8F9E-B29747933F9B}.Release|Win32.ActiveCfg = Release|Win32
		{C89E7CFD-2B9C-4AEA-8F9E-B29747933F9B}.Release|Win32.Build.0 = Release|Win32
		{C89E7CFD-2B9C-4AEA-8F9E-B29747933F9B}.Release|x86.ActiveCfg = Release|Win32
		{30816680-DB76-4485-AA3D-3FC966390C0E}.Debug|Mixed Platforms.ActiveCfg = Debug|Win32
		{30816680-DB76-4485-AA3D-3FC966390C0E}.Debug|Mixed Platforms.Build.0 = Debug|Win32
		{30816680-DB76-4485-AA3D-3FC966390C0E}.Debug|Win32.ActiveCfg = Debug|Win32
		{30816680-DB76-4485-AA3D-3FC966390C0E}.Debug|Win32.Build.0 = Debug|Win32
		{30816680-DB76-4485-AA3D-3FC966390C0E}.Debug|x86.ActiveCfg = Debug|Win32
		{30816680-DB76-4485-AA3D-3FC966390C0E}.Release|Mixed Platforms.ActiveCfg = Release|Win32
		{30816680-DB76-4485-AA3D-3FC966390C0E}.Release|Mixed Platforms.Build.0 = Release|Win32
		{30816680-DB76-4485-AA3D-3FC966390C0E}.Release|Win32.ActiveCfg = Release|Win32
		{30816680-DB76-4485-AA3D-3FC966390C0E}.Release|Win32.Build.0 = Release|Win32
		{30816680-DB76-4485-AA3D-3FC966390C0E}.Release|x86.ActiveCfg = Release|Win32
		{A66FFC82-B2F9-48FF-B169-EC911B9E7512}.Debug|Mixed Platforms.ActiveCfg = Debug|Win32
		{A66FFC82-B2F9-48FF-B169-EC911B9E7512}.Debug|Mixed Platforms.Build.0 = Debug|Win32
		{A66FFC82-B2F9-48FF-B169-EC911B9E7512}.Debug|Win32.ActiveCfg = Debug|Win32
		{A66FFC82-B2F9-48FF-B169-EC911B9E7512}.Debug|Win32.Build.0 = Debug|Win32
		{A66FFC82-B2F9-48FF-B169-EC911B9E7512}.Debug|x86.ActiveCfg = Debug|Win32
		{A66FFC82-B2F9-48FF-B169-EC911B9E7512}.Release|Mixed Platforms.ActiveCfg = Release|Win32
		{A66FFC82-B2F9-48FF-B169-EC911B9E7512}.Release|Mixed Platforms.Build.0 = Release|Win32
		{A66FFC82-B2F9-48FF-B169-EC911B9E7512}.Release|Win32.ActiveCfg = Release|Win32
		{A66FFC82-B2F9-48FF-B169-EC911B9E7512}.Release|Win32.Build.0 = Release|Win32
		{A66FFC82-B2F9-48FF-B169-EC911B9E7512}.Release|x86.ActiveCfg = Release|Win32
		{DE5206A9-EF00-4233-A3E1-08DF65E1AB65}.Debug|Mixed Platforms.ActiveCfg = Debug|Win32
		{DE5206A9-EF00-4233-A3E1-08DF65E1AB65}.Debug|Mixed Platforms.Build.0 = Debug|Win32
		{DE5206A9-EF00-4233-A3E1-08DF65E1AB65}.Debug|Win32.ActiveCfg = Debug|Win32
		{DE5206A9-EF00-4233-A3E1-08DF65E1AB65}.Debug|Win32.Build.0 = Debug|Win32
		{DE5206A9-EF00-4233-A3E1-08DF65E1AB65}.Debug|x86.ActiveCfg = Debug|Win32
		{DE5206A9-EF00-4233-A3E1-08DF65E1AB65}.Release|Mixed Platforms.ActiveCfg = Release|Win32
		{DE5206A9-EF00-4233-A3E1-08DF65E1AB65}.Release|Mixed Platforms.Build.0 = Release|Win32
		{DE5206A9-EF00-4233-A3E1-08DF65E1AB65}.Release|Win32.ActiveCfg = Release|Win32
		{DE5206A9-EF00-4233-A3E1-08DF65E1AB65}.Release|Win32.Build.0 = Release|Win32
		{DE5206A9-EF00-4233-A3E1-08DF65E1AB65}.Release|x86.ActiveCfg = Release|Win32
		{12A1697C-7EB4-4BA0-9764-7386B91C4FEB}.Debug|Mixed Platforms.ActiveCfg = Debug|Win32
		{12A1697C-7EB4-4BA0-9764-7386B91C4FEB}.Debug|Mixed Platforms.Build.0 = Debug|Win32
		{12A1697C-7EB4-4BA0-9764-7386B91C4FEB}.Debug|Win32.ActiveCfg = Debug|Win32
		{12A1697C-7EB4-4BA0-9764-7386B91C4FEB}.Debug|Win32.Build.0 = Debug|Win32
		{12A1697C-7EB4-4BA0-9764-7386B91C4FEB}.Debug|x86.ActiveCfg = Debug|Win32
		{12A1697C-7EB4-4BA0-9764-7386B91C4FEB}.Release|Mixed Platforms.ActiveCfg = Release|Win32
		{12A1697C-7EB4-4BA0-9764-7386B91C4FEB}.Release|Mixed Platforms.Build.0 = Release|Win32
		{12A1697C-7EB4-4BA0-9764-7386B91C4FEB}.Release|Win32.ActiveCfg = Release|Win32
		{12A1697C-7EB4-4BA0-9764-7386B91C4FEB}.Release|Win32.Build.0 = Release|Win32
		{12A1697C-7EB4-4BA0-9764-7386B91C4FEB}.Release|x86.ActiveCfg = Release|Win32
		{08082B97-E1DA-491A-ACDA-E555342C9F82}.Debug|Mixed Platforms.ActiveCfg = Debug|Win32
		{08082B97-E1DA-491A-ACDA-E555342C9F82}.Debug|Mixed Platforms.Build.0 = Debug|Win32
		{08082B97-E1DA-491A-ACDA-E555342C9F82}.Debug|Win32.ActiveCfg = Debug|Win32
		{08082B97-E1DA-491A-ACDA-E555342C9F82}.Debug|Win32.Build.0 = Debug|Win32
		{08082B97-E1DA-491A-ACDA-E555342C9F82}.Debug|x86.ActiveCfg = Debug|Win32
		{08082B97-E1DA-491A-ACDA-E555342C9F82}.Release|Mixed Platforms.ActiveCfg = Release|Win32
		{08082B97-E1DA-491A-ACDA-E555342C9F82}.Release|Mixed Platforms.Build.0 = Release|Win32
		{08082B97-E1DA-491A-ACDA-E555342C9F82}.Release|Win32.ActiveCfg = Release|Win32
		{08082B97-E1DA-491A-ACDA-E555342C9F82}.Release|Win32.Build.0 = Release|Win32
		{08082B97-E1DA-491A-ACDA-E555342C9F82}.Release|x86.ActiveCfg = Release|Win32
		{A0377AAE-3C21-4841-BA46-333B7835490C}.Debug|Mixed Platforms.ActiveCfg = Debug|Win32
		{A0377AAE-3C21-4841-BA46-333B7835490C}.Debug|Mixed Platforms.Build.0 = Debug|Win32
		{A0377AAE-3C21-4841-BA46-333B7835490C}.Debug|Win32.ActiveCfg = Debug|Win32
		{A0377AAE-3C21-4841-BA46-333B7835490C}.Debug|Win32.Build.0 = Debug|Win32
		{A0377AAE-3C21-4841-BA46-333B7835490C}.Debug|x86.ActiveCfg = Debug|Win32
		{A0377AAE-3C21-4841-BA46-333B7835490C}.Release|Mixed Platforms.ActiveCfg = Release|Win32
		{A0377AAE-3C21-4841-BA46-333B7835490C}.Release|Mixed Platforms.Build.0 = Release|Win32
		{A0377AAE-3C21-4841-BA46-333B7835490C}.Release|Win32.ActiveCfg = Release|Win32
		{A0377AAE-3C21-4841-BA46-333B7835490C}.Release|Win32.Build.0 = Release|Win32
		{A0377AAE-3C21-4841-BA46-333B7835490C}.Release|x86.ActiveCfg = Release|Win32
		{608E8FEB-FB0D-43E1-8615-91FAFA182B89}.Debug|Mixed Platforms.ActiveCfg = Debug|Win32
		{608E8FEB-FB0D-43E1-8615-91FAFA182B89}.Debug|Mixed Platforms.Build.0 = Debug|Win32
		{608E8FEB-FB0D-43E1-8615-91FAFA182B89}.Debug|Win32.ActiveCfg = Debug|Win32
		{608E8FEB-FB0D-43E1-8615-91FAFA182B89}.Debug|Win32.Build.0 = Debug|Win32
		{608E8FEB-FB0D-43E1-8615-91FAFA182B89}.Debug|x86.ActiveCfg = Debug|Win32
		{608E8FEB-FB0D-43E1-8615-91FAFA182B89}.Release|Mixed Platforms.ActiveCfg = Release|Win32
		{608E8FEB-FB0D-43E1-8615-91FAFA182B89}.Release|Mixed Platforms.Build.0 = Release|Win32
		{608E8FEB-FB0D-43E1-8615-91FAFA182B89}.Release|Win32.ActiveCfg = Release|Win32
		{608E8FEB-FB0D-43E1-8615-91FAFA182B89}.Release|Win32.Build.0 = Release|Win32
		{608E8FEB-FB0D-43E1-8615-91FAFA182B89}.Release|x86.ActiveCfg = Release|Win32
		{24640B5C-06A2-46FC-8B9F-49779489AE6D}.Debug|Mixed Platforms.ActiveCfg = Debug|Win32
		{24640B5C-06A2-46FC-8B9F-49779489AE6D}.Debug|Mixed Platforms.Build.0 = Debug|Win32
		{24640B5C-06A2-46FC-8B9F-49779489AE6D}.Debug|Win32.ActiveCfg = Debug|Win32
		{24640B5C-06A2-46FC-8B9F-49779489AE6D}.Debug|Win32.Build.0 = Debug|Win32
		{24640B5C-06A2-46FC-8B9F-49779489AE6D}.Debug|x86.ActiveCfg = Debug|Win32
		{24640B5C-06A2-46FC-8B9F-49779489AE6D}.Release|Mixed Platforms.ActiveCfg = Release|Win32
		{24640B5C-06A2-46FC-8B9F-49779489AE6D}.Release|Mixed Platforms.Build.0 = Release|Win32
		{24640B5C-06A2-46FC-8B9F-49779489AE6D}.Release|Win32.ActiveCfg = Release|Win32
		{24640B5C-06A2-46FC-8B9F-49779489AE6D}.Release|Win32.Build.0 = Release|Win32
		{24640B5C-06A2-46FC-8B9F-49779489AE6D}.Release|x86.ActiveCfg = Release|Win32
		{CD82E73C-C4C2-49E7-865B-DA2A463E181F}.Debug|Mixed Platforms.ActiveCfg = Debug|Win32
		{CD82E73C-C4C2-49E7-865B-DA2A463E181F}.Debug|Mixed Platforms.Build.0 = Debug|Win32
		{CD82E73C-C4C2-49E7-865B-DA2A463E181F}.Debug|Win32.ActiveCfg = Debug|Win32
		{CD82E73C-C4C2-49E7-865B-DA2A463E181F}.Debug|Win32.Build.0 = Debug|Win32
		{CD82E73C-C4C2-49E7-865B-DA2A463E181F}.Debug|x86.ActiveCfg = Debug|Win32
		{CD82E73C-C4C2-49E7-865B-DA2A463E181F}.Release|Mixed Platforms.ActiveCfg = Release|Win32
		{CD82E73C-C4C2-49E7-865B-DA2A463E181F}.Release|Mixed Platforms.Build.0 = Release|Win32
		{CD82E73C-C4C2-49E7-865B-DA2A463E181F}.Release|Win32.ActiveCfg = Release|Win32
		{CD82E73C-C4C2-49E7-865B-DA2A463E181F}.Release|Win32.Build.0 = Release|Win32
		{CD82E73C-C4C2-49E7-865B-DA2A463E181F}.Release|x86.ActiveCfg = Release|Win32
		{06FEDAB4-0B59-4B15-8B9B-CC74F4D96C07}.Debug|Mixed Platforms.ActiveCfg = Debug|Win32
		{06FEDAB4-0B59-4B15-8B9B-CC74F4D96C07}.Debug|Mixed Platforms.Build.0 = Debug|Win32
		{06FEDAB4-0B59-4B15-8B9B-CC74F4D96C07}.Debug|Win32.ActiveCfg = Debug|Win32
		{06FEDAB4-0B59-4B15-8B9B-CC74F4D96C07}.Debug|Win32.Build.0 = Debug|Win32
		{06FEDAB4-0B59-4B15-8B9B-CC74F4D96C07}.Debug|x86.ActiveCfg = Debug|Win32
		{06FEDAB4-0B59-4B15-8B9B-CC74F4D96C07}.Release|Mixed Platforms.ActiveCfg = Release|Win32
		{06FEDAB4-0B59-4B15-8B9B-CC74F4D96C07}.Release|Mixed Platforms.Build.0 = Release|Win32
		{06FEDAB4-0B59-4B15-8B9B-CC74F4D96C07}.Release|Win32.ActiveCfg = Release|Win32
		{06FEDAB4-0B59-4B15-8B9B-CC74F4D96C07}.Release|Win32.Build.0 = Release|Win32
		{06FEDAB4-0B59-4B15-8B9B-CC74F4D96C07}.Release|x86.ActiveCfg = Release|Win32
		{3BE385A8-D11D-4E54-BCEE-443CE3C81DBC}.Debug|Mixed Platforms.ActiveCfg = Debug|Win32
		{3BE385A8-D11D-4E54-BCEE-443CE3C81DBC}.Debug|Mixed Platforms.Build.0 = Debug|Win32
		{3BE385A8-D11D-4E54-BCEE-443CE3C81DBC}.Debug|Win32.ActiveCfg = Debug|Win32
		{3BE385A8-D11D-4E54-BCEE-443CE3C81DBC}.Debug|Win32.Build.0 = Debug|Win32
		{3BE385A8-D11D-4E54-BCEE-443CE3C81DBC}.Debug|x86.ActiveCfg = Debug|Win32
		{3BE385A8-D11D-4E54-BCEE-443CE3C81DBC}.Release|Mixed Platforms.ActiveCfg = Release|Win32
		{3BE385A8-D11D-4E54-BCEE-443CE3C81DBC}.Release|Mixed Platforms.Build.0 = Release|Win32
		{3BE385A8-D11D-4E54-BCEE-443CE3C81DBC}.Release|Win32.ActiveCfg = Release|Win32
		{3BE385A8-D11D-4E54-BCEE-443CE3C81DBC}.Release|Win32.Build.0 = Release|Win32
		{3BE385A8-D11D-4E54-BCEE-443CE3C81DBC}.Release|x86.ActiveCfg = Release|Win32
		{5D2D31C8-287E-4970-9425-B45745B3874C}.Debug|Mixed Platforms.ActiveCfg = Debug|Win32
		{5D2D31C8-287E-4970-9425-B45745B3874C}.Debug|Mixed Platforms.Build.0 = Debug|Win32
		{5D2D31C8-287E-4970-9425-B45745B3874C}.Debug|Win32.ActiveCfg = Debug|Win32
		{5D2D31C8-287E-4970-9425-B45745B3874C}.Debug|Win32.Build.0 = Debug|Win32
		{5D2D31C8-287E-4970-9425-B45745B3874C}.Debug|x86.ActiveCfg = Debug|Win32
		{5D2D31C8-287E-4970-9425-B45745B3874C}.Release|Mixed Platforms.ActiveCfg = Release|Win32
		{5D2D31C8-287E-4970-9425-B45745B3874C}.Release|Mixed Platforms.Build.0 = Release|Win32
		{5D2D31C8-287E-4970-9425-B45745B3874C}.Release|Win32.ActiveCfg = Release|Win32
		{5D2D31C8-287E-4970-9425-B45745B3874C}.Release|Win32.Build.0 = Release|Win32
		{5D2D31C8-287E-4970-9425-B45745B3874C}.Release|x86.ActiveCfg = Release|Win32
		{D350E25E-8996-47C9-B3EF-D27986D93920}.Debug|Mixed Platforms.ActiveCfg = Debug|Win32
		{D350E25E-8996-47C9-B3EF-D27986D93920}.Debug|Mixed Platforms.Build.0 = Debug|Win32
		{D350E25E-8996-47C9-B3EF-D27986D93920}.Debug|Win32.ActiveCfg = Debug|Win32
		{D350E25E-8996-47C9-B3EF-D27986D93920}.Debug|Win32.Build.0 = Debug|Win32
		{D350E25E-8996-47C9-B3EF-D27986D93920}.Debug|x86.ActiveCfg = Debug|Win32
		{D350E25E-8996-47C9-B3EF-D27986D93920}.Release|Mixed Platforms.ActiveCfg = Release|Win32
		{D350E25E-8996-47C9-B3EF-D27986D93920}.Release|Mixed Platforms.Build.0 = Release|Win32
		{D350E25E-8996-47C9-B3EF-D27986D93920}.Release|Win32.ActiveCfg = Release|Win32
		{D350E25E-8996-47C9-B3EF-D27986D93920}.Release|Win32.Build.0 = Release|Win32
		{D350E25E-8996-47C9-B3EF-D27986D93920}.Release|x86.ActiveCfg = Release|Win32
		{13256DB2-A84D-4755-9EFC-BEECDA61713C}.Debug|Mixed Platforms.ActiveCfg = Debug|Win32
		{13256DB2-A84D-4755-9EFC-BEECDA61713C}.Debug|Mixed Platforms.Build.0 = Debug|Win32
		{13256DB2-A84D-4755-9EFC-BEECDA61713C}.Debug|Win32.ActiveCfg = Debug|Win32
		{13256DB2-A84D-4755-9EFC-BEECDA61713C}.Debug|Win32.Build.0 = Debug|Win32
		{13256DB2-A84D-4755-9EFC-BEECDA61713C}.Debug|x86.ActiveCfg = Debug|Win32
		{13256DB2-A84D-4755-9EFC-BEECDA61713C}.Release|Mixed Platforms.ActiveCfg = Release|Win32
		{13256DB2-A84D-4755-9EFC-BEECDA61713C}.Release|Mixed Platforms.Build.0 = Release|Win32
		{13256DB2-A84D-4755-9EFC-BEECDA61713C}.Release|Win32.ActiveCfg = Release|Win32
		{13256DB2-A84D-4755-9EFC-BEECDA61713C}.Release|Win32.Build.0 = Release|Win32
		{13256DB2-A84D-4755-9EFC-BEECDA61713C}.Release|x86.ActiveCfg = Release|Win32
		{4B65F64A-C572-44DA-834F-47CDDE6381FE}.Debug|Mixed Platforms.ActiveCfg = Debug|Win32
		{4B65F64A-C572-44DA-834F-47CDDE6381FE}.Debug|Mixed Platforms.Build.0 = Debug|Win32
		{4B65F64A-C572-44DA-834F-47CDDE6381FE}.Debug|Win32.ActiveCfg = Debug|Win32
		{4B65F64A-C572-44DA-834F-47CDDE6381FE}.Debug|Win32.Build.0 = Debug|Win32
		{4B65F64A-C572-44DA-834F-47CDDE6381FE}.Debug|x86.ActiveCfg = Debug|Win32
		{4B65F64A-C572-44DA-834F-47CDDE6381FE}.Release|Mixed Platforms.ActiveCfg = Release|Win32
		{4B65F64A-C572-44DA-834F-47CDDE6381FE}.Release|Mixed Platforms.Build.0 = Release|Win32
		{4B65F64A-C572-44DA-834F-47CDDE6381FE}.Release|Win32.ActiveCfg = Release|Win32
		{4B65F64A-C572-44DA-834F-47CDDE6381FE}.Release|Win32.Build.0 = Release|Win32
		{4B65F64A-C572-44DA-834F-47CDDE6381FE}.Release|x86.ActiveCfg = Release|Win32
		{7937590F-BA3E-4537-87E3-98863770AC81}.Debug|Mixed Platforms.ActiveCfg = Debug|Win32
		{7937590F-BA3E-4537-87E3-98863770AC81}.Debug|Mixed Platforms.Build.0 = Debug|Win32
		{7937590F-BA3E-4537-87E3-98863770AC81}.Debug|Win32.ActiveCfg = Debug|Win32
		{7937590F-BA3E-4537-87E3-98863770AC81}.Debug|Win32.Build.0 = Debug|Win32
		{7937590F-BA3E-4537-87E3-98863770AC81}.Debug|x86.ActiveCfg = Debug|Win32
		{7937590F-BA3E-4537-87E3-98863770AC81}.Release|Mixed Platforms.ActiveCfg = Release|Win32
		{7937590F-BA3E-4537-87E3-98863770AC81}.Release|Mixed Platforms.Build.0 = Release|Win32
		{7937590F-BA3E-4537-87E3-98863770AC81}.Release|Win32.ActiveCfg = Release|Win32
		{7937590F-BA3E-4537-87E3-98863770AC81}.Release|Win32.Build.0 = Release|Win32
		{7937590F-BA3E-4537-87E3-98863770AC81}.Release|x86.ActiveCfg = Release|Win32
		{3042720A-4B53-4B35-A354-031A0D79C226}.Debug|Mixed Platforms.ActiveCfg = Debug|Win32
		{3042720A-4B53-4B35-A354-031A0D79C226}.Debug|Mixed Platforms.Build.0 = Debug|Win32
		{3042720A-4B53-4B35-A354-031A0D79C226}.Debug|Win32.ActiveCfg = Debug|Win32
		{3042720A-4B53-4B35-A354-031A0D79C226}.Debug|Win32.Build.0 = Debug|Win32
		{3042720A-4B53-4B35-A354-031A0D79C226}.Debug|x86.ActiveCfg = Debug|Win32
		{3042720A-4B53-4B35-A354-031A0D79C226}.Release|Mixed Platforms.ActiveCfg = Release|Win32
		{3042720A-4B53-4B35-A354-031A0D79C226}.Release|Mixed Platforms.Build.0 = Release|Win32
		{3042720A-4B53-4B35-A354-031A0D79C226}.Release|Win32.ActiveCfg = Release|Win32
		{3042720A-4B53-4B35-A354-031A0D79C226}.Release|Win32.Build.0 = Release|Win32
		{3042720A-4B53-4B35-A354-031A0D79C226}.Release|x86.ActiveCfg = Release|Win32
		{59BECA8E-1370-4D6E-BCA7-C6948601471A}.Debug|Mixed Platforms.ActiveCfg = Debug|Win32
		{59BECA8E-1370-4D6E-BCA7-C6948601471A}.Debug|Mixed Platforms.Build.0 = Debug|Win32
		{59BECA8E-1370-4D6E-BCA7-C6948601471A}.Debug|Win32.ActiveCfg = Debug|Win32
		{59BECA8E-1370-4D6E-BCA7-C6948601471A}.Debug|Win32.Build.0 = Debug|Win32
		{59BECA8E-1370-4D6E-BCA7-C6948601471A}.Debug|x86.ActiveCfg = Debug|Win32
		{59BECA8E-1370-4D6E-BCA7-C6948601471A}.Release|Mixed Platforms.ActiveCfg = Release|Win32
		{59BECA8E-1370-4D6E-BCA7-C6948601471A}.Release|Mixed Platforms.Build.0 = Release|Win32
		{59BECA8E-1370-4D6E-BCA7-C6948601471A}.Release|Win32.ActiveCfg = Release|Win32
		{59BECA8E-1370-4D6E-BCA7-C6948601471A}.Release|Win32.Build.0 = Release|Win32
		{59BECA8E-1370-4D6E-BCA7-C6948601471A}.Release|x86.ActiveCfg = Release|Win32
		{89B4A6BA-5E99-48A8-8D73-7FF1669834A9}.Debug|Mixed Platforms.ActiveCfg = Debug|x86
		{89B4A6BA-5E99-48A8-8D73-7FF1669834A9}.Debug|Mixed Platforms.Build.0 = Debug|x86
		{89B4A6BA-5E99-48A8-8D73-7FF1669834A9}.Debug|Win32.ActiveCfg = Debug|x86
		{89B4A6BA-5E99-48A8-8D73-7FF1669834A9}.Debug|x86.ActiveCfg = Debug|x86
		{89B4A6BA-5E99-48A8-8D73-7FF1669834A9}.Debug|x86.Build.0 = Debug|x86
		{89B4A6BA-5E99-48A8-8D73-7FF1669834A9}.Release|Mixed Platforms.ActiveCfg = Release|x86
		{89B4A6BA-5E99-48A8-8D73-7FF1669834A9}.Release|Mixed Platforms.Build.0 = Release|x86
		{89B4A6BA-5E99-48A8-8D73-7FF1669834A9}.Release|Win32.ActiveCfg = Release|x86
		{89B4A6BA-5E99-48A8-8D73-7FF1669834A9}.Release|x86.ActiveCfg = Release|x86
		{89B4A6BA-5E99-48A8-8D73-7FF1669834A9}.Release|x86.Build.0 = Release|x86
	EndGlobalSection
	GlobalSection(SolutionProperties) = preSolution
		HideSolutionNode = FALSE
	EndGlobalSection
	GlobalSection(DPCodeReviewSolutionGUID) = preSolution
		DPCodeReviewSolutionGUID = {00000000-0000-0000-0000-000000000000}
	EndGlobalSection
EndGlobal
