<?xml version="1.0" encoding="utf-8"?>
<Project ToolsVersion="4.0" xmlns="http://schemas.microsoft.com/developer/msbuild/2003">
  <ItemGroup>
    <Filter Include="Source Files">
      <UniqueIdentifier>{a91031de-395e-4ff3-8014-b534bfe04c52}</UniqueIdentifier>
      <Extensions>cpp;c;cxx;rc;def;r;odl;idl;hpj;bat</Extensions>
    </Filter>
    <Filter Include="Header Files">
      <UniqueIdentifier>{f08ec3bd-5550-4f22-916b-5d00d4c2fc54}</UniqueIdentifier>
      <Extensions>h;hpp;hxx;hm;inl</Extensions>
    </Filter>
  </ItemGroup>
  <ItemGroup>
    <ClCompile Include="src\vu.cpp">
      <Filter>Source Files</Filter>
    </ClCompile>
    <ClCompile Include="src\vu_association_filter.cpp">
      <Filter>Source Files</Filter>
    </ClCompile>
    <ClCompile Include="src\vu_bi_key_filter.cpp">
      <Filter>Source Files</Filter>
    </ClCompile>
    <ClCompile Include="src\vu_collection_manager.cpp">
      <Filter>Source Files</Filter>
    </ClCompile>
    <ClCompile Include="src\vu_database.cpp">
      <Filter>Source Files</Filter>
    </ClCompile>
    <ClCompile Include="src\vu_database_iterator.cpp">
      <Filter>Source Files</Filter>
    </ClCompile>
    <ClCompile Include="src\vu_fifo_queue.cpp">
      <Filter>Source Files</Filter>
    </ClCompile>
    <ClCompile Include="src\vu_filter.cpp">
      <Filter>Source Files</Filter>
    </ClCompile>
    <ClCompile Include="Src\vu_filtered_hash_table.cpp">
      <Filter>Source Files</Filter>
    </ClCompile>
    <ClCompile Include="src\vu_filtered_list.cpp">
      <Filter>Source Files</Filter>
    </ClCompile>
    <ClCompile Include="src\vu_full_grid_iterator.cpp">
      <Filter>Source Files</Filter>
    </ClCompile>
    <ClCompile Include="src\vu_grid_iterator.cpp">
      <Filter>Source Files</Filter>
    </ClCompile>
    <ClCompile Include="src\vu_grid_tree.cpp">
      <Filter>Source Files</Filter>
    </ClCompile>
    <ClCompile Include="src\vu_hash_iterator.cpp">
      <Filter>Source Files</Filter>
    </ClCompile>
    <ClCompile Include="src\vu_hash_table.cpp">
      <Filter>Source Files</Filter>
    </ClCompile>
    <ClCompile Include="src\vu_iterator.cpp">
      <Filter>Source Files</Filter>
    </ClCompile>
    <ClCompile Include="src\vu_key_filter.cpp">
      <Filter>Source Files</Filter>
    </ClCompile>
    <ClCompile Include="src\vu_lifo_queue.cpp">
      <Filter>Source Files</Filter>
    </ClCompile>
    <ClCompile Include="src\vu_line_iterator.cpp">
      <Filter>Source Files</Filter>
    </ClCompile>
    <ClCompile Include="src\vu_linked_list.cpp">
      <Filter>Source Files</Filter>
    </ClCompile>
    <ClCompile Include="src\vu_list_iterator.cpp">
      <Filter>Source Files</Filter>
    </ClCompile>
    <ClCompile Include="Src\vu_mf.cpp">
      <Filter>Source Files</Filter>
    </ClCompile>
    <ClCompile Include="Src\vu_mq.cpp">
      <Filter>Source Files</Filter>
    </ClCompile>
    <ClCompile Include="Src\vu_nat.cpp">
      <Filter>Source Files</Filter>
    </ClCompile>
    <ClCompile Include="src\vu_opaque_filter.cpp">
      <Filter>Source Files</Filter>
    </ClCompile>
    <ClCompile Include="src\vu_ordered_list.cpp">
      <Filter>Source Files</Filter>
    </ClCompile>
    <ClCompile Include="src\vu_rb_iterator.cpp">
      <Filter>Source Files</Filter>
    </ClCompile>
    <ClCompile Include="src\vu_rb_tree.cpp">
      <Filter>Source Files</Filter>
    </ClCompile>
    <ClCompile Include="src\vu_standard_filter.cpp">
      <Filter>Source Files</Filter>
    </ClCompile>
    <ClCompile Include="Src\vu_thread.cpp">
      <Filter>Source Files</Filter>
    </ClCompile>
    <ClCompile Include="Src\vu_transmission_filter.cpp">
      <Filter>Source Files</Filter>
    </ClCompile>
    <ClCompile Include="src\vu_type_filter.cpp">
      <Filter>Source Files</Filter>
    </ClCompile>
    <ClCompile Include="src\vucoll.cpp">
      <Filter>Source Files</Filter>
    </ClCompile>
    <ClCompile Include="src\vudriver.cpp">
      <Filter>Source Files</Filter>
    </ClCompile>
    <ClCompile Include="src\vuentity.cpp">
      <Filter>Source Files</Filter>
    </ClCompile>
    <ClCompile Include="src\vuevent.cpp">
      <Filter>Source Files</Filter>
    </ClCompile>
    <ClCompile Include="src\vusessn.cpp">
      <Filter>Source Files</Filter>
    </ClCompile>
  </ItemGroup>
  <ItemGroup>
    <ClInclude Include="include\vu.h">
      <Filter>Header Files</Filter>
    </ClInclude>
    <ClInclude Include="include\vu2.h">
      <Filter>Header Files</Filter>
    </ClInclude>
    <ClInclude Include="include\vu_filter.h">
      <Filter>Header Files</Filter>
    </ClInclude>
    <ClInclude Include="include\vu_fwd.h">
      <Filter>Header Files</Filter>
    </ClInclude>
    <ClInclude Include="include\vu_iterator.h">
      <Filter>Header Files</Filter>
    </ClInclude>
    <ClInclude Include="include\vu_mf.h">
      <Filter>Header Files</Filter>
    </ClInclude>
    <ClInclude Include="include\vu_mq.h">
      <Filter>Header Files</Filter>
    </ClInclude>
    <ClInclude Include="include\vu_nat.h">
      <Filter>Header Files</Filter>
    </ClInclude>
    <ClInclude Include="src\vu_priv.h">
      <Filter>Header Files</Filter>
    </ClInclude>
    <ClInclude Include="include\vu_templates.h">
      <Filter>Header Files</Filter>
    </ClInclude>
    <ClInclude Include="include\vu_thread.h">
      <Filter>Header Files</Filter>
    </ClInclude>
    <ClInclude Include="include\vucoll.h">
      <Filter>Header Files</Filter>
    </ClInclude>
    <ClInclude Include="include\vudriver.h">
      <Filter>Header Files</Filter>
    </ClInclude>
    <ClInclude Include="include\vuentity.h">
      <Filter>Header Files</Filter>
    </ClInclude>
    <ClInclude Include="include\vuevent.h">
      <Filter>Header Files</Filter>
    </ClInclude>
    <ClInclude Include="include\vumath.h">
      <Filter>Header Files</Filter>
    </ClInclude>
    <ClInclude Include="include\vusessn.h">
      <Filter>Header Files</Filter>
    </ClInclude>
  </ItemGroup>
</Project>
