<?xml version="1.0" encoding="utf-8"?>
<Project ToolsVersion="4.0" xmlns="http://schemas.microsoft.com/developer/msbuild/2003">
  <ItemGroup>
    <Filter Include="Source Files">
      <UniqueIdentifier>{3e44ffd0-b0cb-452e-a2b9-94fb9585c4d7}</UniqueIdentifier>
      <Extensions>cpp;c;cxx;rc;def;r;odl;idl;hpj;bat</Extensions>
    </Filter>
    <Filter Include="Header Files">
      <UniqueIdentifier>{4301d13b-562e-483d-93e0-6af782d43b92}</UniqueIdentifier>
      <Extensions>h;hpp;hxx;hm;inl</Extensions>
    </Filter>
  </ItemGroup>
  <ItemGroup>
    <ClCompile Include="ACSelect.cpp">
      <Filter>Source Files</Filter>
    </ClCompile>
    <ClCompile Include="Brief.cpp">
      <Filter>Source Files</Filter>
    </ClCompile>
    <ClCompile Include="CampJoin.cpp">
      <Filter>Source Files</Filter>
    </ClCompile>
    <ClCompile Include="CampMap.cpp">
      <Filter>Source Files</Filter>
    </ClCompile>
    <ClCompile Include="CampStr.cpp">
      <Filter>Source Files</Filter>
    </ClCompile>
    <ClCompile Include="CUIEvent.cpp">
      <Filter>Source Files</Filter>
    </ClCompile>
    <ClCompile Include="EvtParse.cpp">
      <Filter>Source Files</Filter>
    </ClCompile>
    <ClCompile Include="MissEval.cpp">
      <Filter>Source Files</Filter>
    </ClCompile>
    <ClCompile Include="Options.cpp">
      <Filter>Source Files</Filter>
    </ClCompile>
    <ClCompile Include="Pilot.cpp">
      <Filter>Source Files</Filter>
    </ClCompile>
    <ClCompile Include="SquadUI.cpp">
      <Filter>Source Files</Filter>
    </ClCompile>
  </ItemGroup>
  <ItemGroup>
    <ClInclude Include="..\Include\ACSelect.h">
      <Filter>Header Files</Filter>
    </ClInclude>
    <ClInclude Include="..\Include\Brief.h">
      <Filter>Header Files</Filter>
    </ClInclude>
    <ClInclude Include="..\Include\CampJoin.h">
      <Filter>Header Files</Filter>
    </ClInclude>
    <ClInclude Include="..\include\campmap.h">
      <Filter>Header Files</Filter>
    </ClInclude>
    <ClInclude Include="..\Include\CampStr.h">
      <Filter>Header Files</Filter>
    </ClInclude>
    <ClInclude Include="..\include\cuievent.h">
      <Filter>Header Files</Filter>
    </ClInclude>
    <ClInclude Include="..\Include\EvtParse.h">
      <Filter>Header Files</Filter>
    </ClInclude>
    <ClInclude Include="..\Include\MissEval.h">
      <Filter>Header Files</Filter>
    </ClInclude>
    <ClInclude Include="..\Include\Options.h">
      <Filter>Header Files</Filter>
    </ClInclude>
    <ClInclude Include="..\include\pilot.h">
      <Filter>Header Files</Filter>
    </ClInclude>
    <ClInclude Include="..\include\squadui.h">
      <Filter>Header Files</Filter>
    </ClInclude>
  </ItemGroup>
</Project>
